
Microsoft Visual Studio Solution File, Format Version 12.00
# Visual Studio 15
VisualStudioVersion = 15.0.26730.10
MinimumVisualStudioVersion = 10.0.40219.1

Project("{6EC3EE1D-3C4E-46DD-8F32-0CC8E7565705}") = "aoc2019_4.xamarin", "aoc2019_4.xamarin\aoc2019_4.xamarin.fsproj", "{1007405F-5231-4C6F-9A0B-3DDC578E5175}"
EndProject

Project("{F2A71F9B-5D33-465A-A702-920D77279786}") = "aoc2019_4.xamarin.Android", "aoc2019_4.xamarin.Android\aoc2019_4.xamarin.Android.fsproj", "{F2E50325-990C-4722-9F97-54E5E5835455}"
EndProject




Project("{F2A71F9B-5D33-465A-A702-920D77279786}") = "aoc2019_4.xamarin.WPF", "aoc2019_4.xamarin.WPF\aoc2019_4.xamarin.WPF.fsproj", "{C204B1A4-1BF7-48CE-9784-0D2B83E5319C}"
EndProject

Project("{FAE04EC0-301F-11D3-BF4B-00C04F79EFBC}") = "aoc2019_4.xamarin.UWP", "aoc2019_4.xamarin.UWP\aoc2019_4.xamarin.UWP.csproj", "{C7F10D2D-3A38-4B2A-B287-3BDC061093A1}"
EndProject

Global
	GlobalSection(SolutionConfigurationPlatforms) = preSolution
		Ad-Hoc|Any CPU = Ad-Hoc|Any CPU
		Ad-Hoc|ARM = Ad-Hoc|ARM
		Ad-Hoc|iPhone = Ad-Hoc|iPhone
		Ad-Hoc|iPhoneSimulator = Ad-Hoc|iPhoneSimulator
		Ad-Hoc|x64 = Ad-Hoc|x64
		Ad-Hoc|x86 = Ad-Hoc|x86
		AppStore|Any CPU = AppStore|Any CPU
		AppStore|ARM = AppStore|ARM
		AppStore|iPhone = AppStore|iPhone
		AppStore|iPhoneSimulator = AppStore|iPhoneSimulator
		AppStore|x64 = AppStore|x64
		AppStore|x86 = AppStore|x86
		Debug|Any CPU = Debug|Any CPU
		Debug|ARM = Debug|ARM
		Debug|iPhone = Debug|iPhone
		Debug|iPhoneSimulator = Debug|iPhoneSimulator
		Debug|x64 = Debug|x64
		Debug|x86 = Debug|x86
		Release|Any CPU = Release|Any CPU
		Release|ARM = Release|ARM
		Release|iPhone = Release|iPhone
		Release|iPhoneSimulator = Release|iPhoneSimulator
		Release|x64 = Release|x64
		Release|x86 = Release|x86
	EndGlobalSection
	GlobalSection(ProjectConfigurationPlatforms) = postSolution
		{1007405F-5231-4C6F-9A0B-3DDC578E5175}.Ad-Hoc|Any CPU.ActiveCfg = Debug|Any CPU
		{1007405F-5231-4C6F-9A0B-3DDC578E5175}.Ad-Hoc|Any CPU.Build.0 = Debug|Any CPU
		{1007405F-5231-4C6F-9A0B-3DDC578E5175}.Ad-Hoc|ARM.ActiveCfg = Debug|Any CPU
		{1007405F-5231-4C6F-9A0B-3DDC578E5175}.Ad-Hoc|ARM.Build.0 = Debug|Any CPU
		{1007405F-5231-4C6F-9A0B-3DDC578E5175}.Ad-Hoc|iPhone.ActiveCfg = Debug|Any CPU
		{1007405F-5231-4C6F-9A0B-3DDC578E5175}.Ad-Hoc|iPhone.Build.0 = Debug|Any CPU
		{1007405F-5231-4C6F-9A0B-3DDC578E5175}.Ad-Hoc|iPhoneSimulator.ActiveCfg = Debug|Any CPU
		{1007405F-5231-4C6F-9A0B-3DDC578E5175}.Ad-Hoc|iPhoneSimulator.Build.0 = Debug|Any CPU
		{1007405F-5231-4C6F-9A0B-3DDC578E5175}.Ad-Hoc|x64.ActiveCfg = Debug|Any CPU
		{1007405F-5231-4C6F-9A0B-3DDC578E5175}.Ad-Hoc|x64.Build.0 = Debug|Any CPU
		{1007405F-5231-4C6F-9A0B-3DDC578E5175}.Ad-Hoc|x86.ActiveCfg = Debug|Any CPU
		{1007405F-5231-4C6F-9A0B-3DDC578E5175}.Ad-Hoc|x86.Build.0 = Debug|Any CPU
		{1007405F-5231-4C6F-9A0B-3DDC578E5175}.AppStore|Any CPU.ActiveCfg = Debug|Any CPU
		{1007405F-5231-4C6F-9A0B-3DDC578E5175}.AppStore|Any CPU.Build.0 = Debug|Any CPU
		{1007405F-5231-4C6F-9A0B-3DDC578E5175}.AppStore|ARM.ActiveCfg = Debug|Any CPU
		{1007405F-5231-4C6F-9A0B-3DDC578E5175}.AppStore|ARM.Build.0 = Debug|Any CPU
		{1007405F-5231-4C6F-9A0B-3DDC578E5175}.AppStore|iPhone.ActiveCfg = Debug|Any CPU
		{1007405F-5231-4C6F-9A0B-3DDC578E5175}.AppStore|iPhone.Build.0 = Debug|Any CPU
		{1007405F-5231-4C6F-9A0B-3DDC578E5175}.AppStore|iPhoneSimulator.ActiveCfg = Debug|Any CPU
		{1007405F-5231-4C6F-9A0B-3DDC578E5175}.AppStore|iPhoneSimulator.Build.0 = Debug|Any CPU
		{1007405F-5231-4C6F-9A0B-3DDC578E5175}.AppStore|x64.ActiveCfg = Debug|Any CPU
		{1007405F-5231-4C6F-9A0B-3DDC578E5175}.AppStore|x64.Build.0 = Debug|Any CPU
		{1007405F-5231-4C6F-9A0B-3DDC578E5175}.AppStore|x86.ActiveCfg = Debug|Any CPU
		{1007405F-5231-4C6F-9A0B-3DDC578E5175}.AppStore|x86.Build.0 = Debug|Any CPU
		{1007405F-5231-4C6F-9A0B-3DDC578E5175}.Debug|Any CPU.ActiveCfg = Debug|Any CPU
		{1007405F-5231-4C6F-9A0B-3DDC578E5175}.Debug|Any CPU.Build.0 = Debug|Any CPU
		{1007405F-5231-4C6F-9A0B-3DDC578E5175}.Debug|ARM.ActiveCfg = Debug|Any CPU
		{1007405F-5231-4C6F-9A0B-3DDC578E5175}.Debug|ARM.Build.0 = Debug|Any CPU
		{1007405F-5231-4C6F-9A0B-3DDC578E5175}.Debug|iPhone.ActiveCfg = Debug|Any CPU
		{1007405F-5231-4C6F-9A0B-3DDC578E5175}.Debug|iPhone.Build.0 = Debug|Any CPU
		{1007405F-5231-4C6F-9A0B-3DDC578E5175}.Debug|iPhoneSimulator.ActiveCfg = Debug|Any CPU
		{1007405F-5231-4C6F-9A0B-3DDC578E5175}.Debug|iPhoneSimulator.Build.0 = Debug|Any CPU
		{1007405F-5231-4C6F-9A0B-3DDC578E5175}.Debug|x64.ActiveCfg = Debug|Any CPU
		{1007405F-5231-4C6F-9A0B-3DDC578E5175}.Debug|x64.Build.0 = Debug|Any CPU
		{1007405F-5231-4C6F-9A0B-3DDC578E5175}.Debug|x86.ActiveCfg = Debug|Any CPU
		{1007405F-5231-4C6F-9A0B-3DDC578E5175}.Debug|x86.Build.0 = Debug|Any CPU
		{1007405F-5231-4C6F-9A0B-3DDC578E5175}.Release|Any CPU.ActiveCfg = Release|Any CPU
		{1007405F-5231-4C6F-9A0B-3DDC578E5175}.Release|Any CPU.Build.0 = Release|Any CPU
		{1007405F-5231-4C6F-9A0B-3DDC578E5175}.Release|ARM.ActiveCfg = Release|Any CPU
		{1007405F-5231-4C6F-9A0B-3DDC578E5175}.Release|ARM.Build.0 = Release|Any CPU
		{1007405F-5231-4C6F-9A0B-3DDC578E5175}.Release|iPhone.ActiveCfg = Release|Any CPU
		{1007405F-5231-4C6F-9A0B-3DDC578E5175}.Release|iPhone.Build.0 = Release|Any CPU
		{1007405F-5231-4C6F-9A0B-3DDC578E5175}.Release|iPhoneSimulator.ActiveCfg = Release|Any CPU
		{1007405F-5231-4C6F-9A0B-3DDC578E5175}.Release|iPhoneSimulator.Build.0 = Release|Any CPU
		{1007405F-5231-4C6F-9A0B-3DDC578E5175}.Release|x64.ActiveCfg = Release|Any CPU
		{1007405F-5231-4C6F-9A0B-3DDC578E5175}.Release|x64.Build.0 = Release|Any CPU
		{1007405F-5231-4C6F-9A0B-3DDC578E5175}.Release|x86.ActiveCfg = Release|Any CPU
		{1007405F-5231-4C6F-9A0B-3DDC578E5175}.Release|x86.Build.0 = Release|Any CPU
		{24191B9A-94CD-496F-AC06-BA95723DEAB4}.Ad-Hoc|Any CPU.ActiveCfg = Ad-Hoc|iPhone
		{24191B9A-94CD-496F-AC06-BA95723DEAB4}.Ad-Hoc|ARM.ActiveCfg = Ad-Hoc|iPhone
		{24191B9A-94CD-496F-AC06-BA95723DEAB4}.Ad-Hoc|iPhone.ActiveCfg = Ad-Hoc|iPhone
		{24191B9A-94CD-496F-AC06-BA95723DEAB4}.Ad-Hoc|iPhone.Build.0 = Ad-Hoc|iPhone
		{24191B9A-94CD-496F-AC06-BA95723DEAB4}.Ad-Hoc|iPhoneSimulator.ActiveCfg = Ad-Hoc|iPhoneSimulator
		{24191B9A-94CD-496F-AC06-BA95723DEAB4}.Ad-Hoc|iPhoneSimulator.Build.0 = Ad-Hoc|iPhoneSimulator
		{24191B9A-94CD-496F-AC06-BA95723DEAB4}.Ad-Hoc|x64.ActiveCfg = Ad-Hoc|iPhone
		{24191B9A-94CD-496F-AC06-BA95723DEAB4}.Ad-Hoc|x86.ActiveCfg = Ad-Hoc|iPhone
		{24191B9A-94CD-496F-AC06-BA95723DEAB4}.AppStore|Any CPU.ActiveCfg = AppStore|iPhone
		{24191B9A-94CD-496F-AC06-BA95723DEAB4}.AppStore|ARM.ActiveCfg = AppStore|iPhone
		{24191B9A-94CD-496F-AC06-BA95723DEAB4}.AppStore|iPhone.ActiveCfg = AppStore|iPhone
		{24191B9A-94CD-496F-AC06-BA95723DEAB4}.AppStore|iPhone.Build.0 = AppStore|iPhone
		{24191B9A-94CD-496F-AC06-BA95723DEAB4}.AppStore|iPhoneSimulator.ActiveCfg = AppStore|iPhoneSimulator
		{24191B9A-94CD-496F-AC06-BA95723DEAB4}.AppStore|iPhoneSimulator.Build.0 = AppStore|iPhoneSimulator
		{24191B9A-94CD-496F-AC06-BA95723DEAB4}.AppStore|x64.ActiveCfg = AppStore|iPhone
		{24191B9A-94CD-496F-AC06-BA95723DEAB4}.AppStore|x86.ActiveCfg = AppStore|iPhone
		{24191B9A-94CD-496F-AC06-BA95723DEAB4}.Debug|Any CPU.ActiveCfg = Debug|iPhone
		{24191B9A-94CD-496F-AC06-BA95723DEAB4}.Debug|ARM.ActiveCfg = Debug|iPhone
		{24191B9A-94CD-496F-AC06-BA95723DEAB4}.Debug|iPhone.ActiveCfg = Debug|iPhone
		{24191B9A-94CD-496F-AC06-BA95723DEAB4}.Debug|iPhone.Build.0 = Debug|iPhone
		{24191B9A-94CD-496F-AC06-BA95723DEAB4}.Debug|iPhoneSimulator.ActiveCfg = Debug|iPhoneSimulator
		{24191B9A-94CD-496F-AC06-BA95723DEAB4}.Debug|iPhoneSimulator.Build.0 = Debug|iPhoneSimulator
		{24191B9A-94CD-496F-AC06-BA95723DEAB4}.Debug|x64.ActiveCfg = Debug|iPhone
		{24191B9A-94CD-496F-AC06-BA95723DEAB4}.Debug|x86.ActiveCfg = Debug|iPhone
		{24191B9A-94CD-496F-AC06-BA95723DEAB4}.Release|Any CPU.ActiveCfg = Release|iPhone
		{24191B9A-94CD-496F-AC06-BA95723DEAB4}.Release|ARM.ActiveCfg = Release|iPhone
		{24191B9A-94CD-496F-AC06-BA95723DEAB4}.Release|iPhone.ActiveCfg = Release|iPhone
		{24191B9A-94CD-496F-AC06-BA95723DEAB4}.Release|iPhone.Build.0 = Release|iPhone
		{24191B9A-94CD-496F-AC06-BA95723DEAB4}.Release|iPhoneSimulator.ActiveCfg = Release|iPhoneSimulator
		{24191B9A-94CD-496F-AC06-BA95723DEAB4}.Release|iPhoneSimulator.Build.0 = Release|iPhoneSimulator
		{24191B9A-94CD-496F-AC06-BA95723DEAB4}.Release|x64.ActiveCfg = Release|iPhone
		{24191B9A-94CD-496F-AC06-BA95723DEAB4}.Release|x86.ActiveCfg = Release|iPhone
		{F2B4C5E9-C708-4F66-B7EF-65E836304091}.Ad-Hoc|Any CPU.ActiveCfg = Release|x86
		{F2B4C5E9-C708-4F66-B7EF-65E836304091}.Ad-Hoc|Any CPU.Build.0 = Release|x86
		{F2B4C5E9-C708-4F66-B7EF-65E836304091}.Ad-Hoc|Any CPU.Deploy.0 = Release|x86
		{F2B4C5E9-C708-4F66-B7EF-65E836304091}.Ad-Hoc|ARM.ActiveCfg = Release|ARM
		{F2B4C5E9-C708-4F66-B7EF-65E836304091}.Ad-Hoc|ARM.Build.0 = Release|ARM
		{F2B4C5E9-C708-4F66-B7EF-65E836304091}.Ad-Hoc|ARM.Deploy.0 = Release|ARM
		{F2B4C5E9-C708-4F66-B7EF-65E836304091}.Ad-Hoc|iPhone.ActiveCfg = Release|x86
		{F2B4C5E9-C708-4F66-B7EF-65E836304091}.Ad-Hoc|iPhone.Build.0 = Release|x86
		{F2B4C5E9-C708-4F66-B7EF-65E836304091}.Ad-Hoc|iPhone.Deploy.0 = Release|x86
		{F2B4C5E9-C708-4F66-B7EF-65E836304091}.Ad-Hoc|iPhoneSimulator.ActiveCfg = Release|x86
		{F2B4C5E9-C708-4F66-B7EF-65E836304091}.Ad-Hoc|iPhoneSimulator.Build.0 = Release|x86
		{F2B4C5E9-C708-4F66-B7EF-65E836304091}.Ad-Hoc|iPhoneSimulator.Deploy.0 = Release|x86
		{F2B4C5E9-C708-4F66-B7EF-65E836304091}.Ad-Hoc|x64.ActiveCfg = Release|x64
		{F2B4C5E9-C708-4F66-B7EF-65E836304091}.Ad-Hoc|x64.Build.0 = Release|x64
		{F2B4C5E9-C708-4F66-B7EF-65E836304091}.Ad-Hoc|x64.Deploy.0 = Release|x64
		{F2B4C5E9-C708-4F66-B7EF-65E836304091}.Ad-Hoc|x86.ActiveCfg = Release|x86
		{F2B4C5E9-C708-4F66-B7EF-65E836304091}.Ad-Hoc|x86.Build.0 = Release|x86
		{F2B4C5E9-C708-4F66-B7EF-65E836304091}.Ad-Hoc|x86.Deploy.0 = Release|x86
		{F2B4C5E9-C708-4F66-B7EF-65E836304091}.AppStore|Any CPU.ActiveCfg = Release|x86
		{F2B4C5E9-C708-4F66-B7EF-65E836304091}.AppStore|Any CPU.Build.0 = Release|x86
		{F2B4C5E9-C708-4F66-B7EF-65E836304091}.AppStore|Any CPU.Deploy.0 = Release|x86
		{F2B4C5E9-C708-4F66-B7EF-65E836304091}.AppStore|ARM.ActiveCfg = Release|ARM
		{F2B4C5E9-C708-4F66-B7EF-65E836304091}.AppStore|ARM.Build.0 = Release|ARM
		{F2B4C5E9-C708-4F66-B7EF-65E836304091}.AppStore|ARM.Deploy.0 = Release|ARM
		{F2B4C5E9-C708-4F66-B7EF-65E836304091}.AppStore|iPhone.ActiveCfg = Release|x86
		{F2B4C5E9-C708-4F66-B7EF-65E836304091}.AppStore|iPhone.Build.0 = Release|x86
		{F2B4C5E9-C708-4F66-B7EF-65E836304091}.AppStore|iPhone.Deploy.0 = Release|x86
		{F2B4C5E9-C708-4F66-B7EF-65E836304091}.AppStore|iPhoneSimulator.ActiveCfg = Release|x86
		{F2B4C5E9-C708-4F66-B7EF-65E836304091}.AppStore|iPhoneSimulator.Build.0 = Release|x86
		{F2B4C5E9-C708-4F66-B7EF-65E836304091}.AppStore|iPhoneSimulator.Deploy.0 = Release|x86
		{F2B4C5E9-C708-4F66-B7EF-65E836304091}.AppStore|x64.ActiveCfg = Release|x64
		{F2B4C5E9-C708-4F66-B7EF-65E836304091}.AppStore|x64.Build.0 = Release|x64
		{F2B4C5E9-C708-4F66-B7EF-65E836304091}.AppStore|x64.Deploy.0 = Release|x64
		{F2B4C5E9-C708-4F66-B7EF-65E836304091}.AppStore|x86.ActiveCfg = Release|x86
		{F2B4C5E9-C708-4F66-B7EF-65E836304091}.AppStore|x86.Build.0 = Release|x86
		{F2B4C5E9-C708-4F66-B7EF-65E836304091}.AppStore|x86.Deploy.0 = Release|x86
		{F2B4C5E9-C708-4F66-B7EF-65E836304091}.Debug|Any CPU.ActiveCfg = Debug|x86
		{F2B4C5E9-C708-4F66-B7EF-65E836304091}.Debug|ARM.ActiveCfg = Debug|ARM
		{F2B4C5E9-C708-4F66-B7EF-65E836304091}.Debug|ARM.Build.0 = Debug|ARM
		{F2B4C5E9-C708-4F66-B7EF-65E836304091}.Debug|ARM.Deploy.0 = Debug|ARM
		{F2B4C5E9-C708-4F66-B7EF-65E836304091}.Debug|iPhone.ActiveCfg = Debug|x86
		{F2B4C5E9-C708-4F66-B7EF-65E836304091}.Debug|iPhoneSimulator.ActiveCfg = Debug|x86
		{F2B4C5E9-C708-4F66-B7EF-65E836304091}.Debug|x64.ActiveCfg = Debug|x64
		{F2B4C5E9-C708-4F66-B7EF-65E836304091}.Debug|x64.Build.0 = Debug|x64
		{F2B4C5E9-C708-4F66-B7EF-65E836304091}.Debug|x64.Deploy.0 = Debug|x64
		{F2B4C5E9-C708-4F66-B7EF-65E836304091}.Debug|x86.ActiveCfg = Debug|x86
		{F2B4C5E9-C708-4F66-B7EF-65E836304091}.Debug|x86.Build.0 = Debug|x86
		{F2B4C5E9-C708-4F66-B7EF-65E836304091}.Debug|x86.Deploy.0 = Debug|x86
		{F2B4C5E9-C708-4F66-B7EF-65E836304091}.Release|Any CPU.ActiveCfg = Release|x86
		{F2B4C5E9-C708-4F66-B7EF-65E836304091}.Release|ARM.ActiveCfg = Release|ARM
		{F2B4C5E9-C708-4F66-B7EF-65E836304091}.Release|ARM.Build.0 = Release|ARM
		{F2B4C5E9-C708-4F66-B7EF-65E836304091}.Release|ARM.Deploy.0 = Release|ARM
		{F2B4C5E9-C708-4F66-B7EF-65E836304091}.Release|iPhone.ActiveCfg = Release|x86
		{F2B4C5E9-C708-4F66-B7EF-65E836304091}.Release|iPhoneSimulator.ActiveCfg = Release|x86
		{F2B4C5E9-C708-4F66-B7EF-65E836304091}.Release|x64.ActiveCfg = Release|x64
		{F2B4C5E9-C708-4F66-B7EF-65E836304091}.Release|x64.Build.0 = Release|x64
		{F2B4C5E9-C708-4F66-B7EF-65E836304091}.Release|x64.Deploy.0 = Release|x64
		{F2B4C5E9-C708-4F66-B7EF-65E836304091}.Release|x86.ActiveCfg = Release|x86
		{F2B4C5E9-C708-4F66-B7EF-65E836304091}.Release|x86.Build.0 = Release|x86
		{F2B4C5E9-C708-4F66-B7EF-65E836304091}.Release|x86.Deploy.0 = Release|x86
		{BDDEE473-4781-4ACF-A961-5FE0AFE86DCF}.Ad-Hoc|Any CPU.ActiveCfg = Release|Any CPU
		{BDDEE473-4781-4ACF-A961-5FE0AFE86DCF}.Ad-Hoc|Any CPU.Build.0 = Release|Any CPU
		{BDDEE473-4781-4ACF-A961-5FE0AFE86DCF}.Ad-Hoc|ARM.ActiveCfg = Release|Any CPU
		{BDDEE473-4781-4ACF-A961-5FE0AFE86DCF}.Ad-Hoc|ARM.Build.0 = Release|Any CPU
		{BDDEE473-4781-4ACF-A961-5FE0AFE86DCF}.Ad-Hoc|iPhone.ActiveCfg = Release|Any CPU
		{BDDEE473-4781-4ACF-A961-5FE0AFE86DCF}.Ad-Hoc|iPhone.Build.0 = Release|Any CPU
		{BDDEE473-4781-4ACF-A961-5FE0AFE86DCF}.Ad-Hoc|iPhoneSimulator.ActiveCfg = Release|Any CPU
		{BDDEE473-4781-4ACF-A961-5FE0AFE86DCF}.Ad-Hoc|iPhoneSimulator.Build.0 = Release|Any CPU
		{BDDEE473-4781-4ACF-A961-5FE0AFE86DCF}.Ad-Hoc|x64.ActiveCfg = Release|Any CPU
		{BDDEE473-4781-4ACF-A961-5FE0AFE86DCF}.Ad-Hoc|x64.Build.0 = Release|Any CPU
		{BDDEE473-4781-4ACF-A961-5FE0AFE86DCF}.Ad-Hoc|x86.ActiveCfg = Release|Any CPU
		{BDDEE473-4781-4ACF-A961-5FE0AFE86DCF}.Ad-Hoc|x86.Build.0 = Release|Any CPU
		{BDDEE473-4781-4ACF-A961-5FE0AFE86DCF}.AppStore|Any CPU.ActiveCfg = Release|Any CPU
		{BDDEE473-4781-4ACF-A961-5FE0AFE86DCF}.AppStore|Any CPU.Build.0 = Release|Any CPU
		{BDDEE473-4781-4ACF-A961-5FE0AFE86DCF}.AppStore|ARM.ActiveCfg = Release|Any CPU
		{BDDEE473-4781-4ACF-A961-5FE0AFE86DCF}.AppStore|ARM.Build.0 = Release|Any CPU
		{BDDEE473-4781-4ACF-A961-5FE0AFE86DCF}.AppStore|iPhone.ActiveCfg = Release|Any CPU
		{BDDEE473-4781-4ACF-A961-5FE0AFE86DCF}.AppStore|iPhone.Build.0 = Release|Any CPU
		{BDDEE473-4781-4ACF-A961-5FE0AFE86DCF}.AppStore|iPhoneSimulator.ActiveCfg = Release|Any CPU
		{BDDEE473-4781-4ACF-A961-5FE0AFE86DCF}.AppStore|iPhoneSimulator.Build.0 = Release|Any CPU
		{BDDEE473-4781-4ACF-A961-5FE0AFE86DCF}.AppStore|x64.ActiveCfg = Release|Any CPU
		{BDDEE473-4781-4ACF-A961-5FE0AFE86DCF}.AppStore|x64.Build.0 = Release|Any CPU
		{BDDEE473-4781-4ACF-A961-5FE0AFE86DCF}.AppStore|x86.ActiveCfg = Release|Any CPU
		{BDDEE473-4781-4ACF-A961-5FE0AFE86DCF}.AppStore|x86.Build.0 = Release|Any CPU
		{BDDEE473-4781-4ACF-A961-5FE0AFE86DCF}.Debug|Any CPU.ActiveCfg = Debug|Any CPU
		{BDDEE473-4781-4ACF-A961-5FE0AFE86DCF}.Debug|Any CPU.Build.0 = Debug|Any CPU
		{BDDEE473-4781-4ACF-A961-5FE0AFE86DCF}.Debug|ARM.ActiveCfg = Debug|Any CPU
		{BDDEE473-4781-4ACF-A961-5FE0AFE86DCF}.Debug|ARM.Build.0 = Debug|Any CPU
		{BDDEE473-4781-4ACF-A961-5FE0AFE86DCF}.Debug|iPhone.ActiveCfg = Debug|Any CPU
		{BDDEE473-4781-4ACF-A961-5FE0AFE86DCF}.Debug|iPhone.Build.0 = Debug|Any CPU
		{BDDEE473-4781-4ACF-A961-5FE0AFE86DCF}.Debug|iPhoneSimulator.ActiveCfg = Debug|Any CPU
		{BDDEE473-4781-4ACF-A961-5FE0AFE86DCF}.Debug|iPhoneSimulator.Build.0 = Debug|Any CPU
		{BDDEE473-4781-4ACF-A961-5FE0AFE86DCF}.Debug|x64.ActiveCfg = Debug|Any CPU
		{BDDEE473-4781-4ACF-A961-5FE0AFE86DCF}.Debug|x64.Build.0 = Debug|Any CPU
		{BDDEE473-4781-4ACF-A961-5FE0AFE86DCF}.Debug|x86.ActiveCfg = Debug|Any CPU
		{BDDEE473-4781-4ACF-A961-5FE0AFE86DCF}.Debug|x86.Build.0 = Debug|Any CPU
		{BDDEE473-4781-4ACF-A961-5FE0AFE86DCF}.Release|Any CPU.ActiveCfg = Release|Any CPU
		{BDDEE473-4781-4ACF-A961-5FE0AFE86DCF}.Release|Any CPU.Build.0 = Release|Any CPU
		{BDDEE473-4781-4ACF-A961-5FE0AFE86DCF}.Release|ARM.ActiveCfg = Release|Any CPU
		{BDDEE473-4781-4ACF-A961-5FE0AFE86DCF}.Release|ARM.Build.0 = Release|Any CPU
		{BDDEE473-4781-4ACF-A961-5FE0AFE86DCF}.Release|iPhone.ActiveCfg = Release|Any CPU
		{BDDEE473-4781-4ACF-A961-5FE0AFE86DCF}.Release|iPhone.Build.0 = Release|Any CPU
		{BDDEE473-4781-4ACF-A961-5FE0AFE86DCF}.Release|iPhoneSimulator.ActiveCfg = Release|Any CPU
		{BDDEE473-4781-4ACF-A961-5FE0AFE86DCF}.Release|iPhoneSimulator.Build.0 = Release|Any CPU
		{BDDEE473-4781-4ACF-A961-5FE0AFE86DCF}.Release|x64.ActiveCfg = Release|Any CPU
		{BDDEE473-4781-4ACF-A961-5FE0AFE86DCF}.Release|x64.Build.0 = Release|Any CPU
		{BDDEE473-4781-4ACF-A961-5FE0AFE86DCF}.Release|x86.ActiveCfg = Release|Any CPU
		{BDDEE473-4781-4ACF-A961-5FE0AFE86DCF}.Release|x86.Build.0 = Release|Any CPU
		{C204B1A4-1BF7-48CE-9784-0D2B83E5319C}.Ad-Hoc|Any CPU.ActiveCfg = Release|Any CPU
		{C204B1A4-1BF7-48CE-9784-0D2B83E5319C}.Ad-Hoc|Any CPU.Build.0 = Release|Any CPU
		{C204B1A4-1BF7-48CE-9784-0D2B83E5319C}.Ad-Hoc|ARM.ActiveCfg = Release|Any CPU
		{C204B1A4-1BF7-48CE-9784-0D2B83E5319C}.Ad-Hoc|ARM.Build.0 = Release|Any CPU
		{C204B1A4-1BF7-48CE-9784-0D2B83E5319C}.Ad-Hoc|iPhone.ActiveCfg = Release|Any CPU
		{C204B1A4-1BF7-48CE-9784-0D2B83E5319C}.Ad-Hoc|iPhone.Build.0 = Release|Any CPU
		{C204B1A4-1BF7-48CE-9784-0D2B83E5319C}.Ad-Hoc|iPhoneSimulator.ActiveCfg = Release|Any CPU
		{C204B1A4-1BF7-48CE-9784-0D2B83E5319C}.Ad-Hoc|iPhoneSimulator.Build.0 = Release|Any CPU
		{C204B1A4-1BF7-48CE-9784-0D2B83E5319C}.Ad-Hoc|x64.ActiveCfg = Release|Any CPU
		{C204B1A4-1BF7-48CE-9784-0D2B83E5319C}.Ad-Hoc|x64.Build.0 = Release|Any CPU
		{C204B1A4-1BF7-48CE-9784-0D2B83E5319C}.Ad-Hoc|x86.ActiveCfg = Release|Any CPU
		{C204B1A4-1BF7-48CE-9784-0D2B83E5319C}.Ad-Hoc|x86.Build.0 = Release|Any CPU
		{C204B1A4-1BF7-48CE-9784-0D2B83E5319C}.AppStore|Any CPU.ActiveCfg = Release|Any CPU
		{C204B1A4-1BF7-48CE-9784-0D2B83E5319C}.AppStore|Any CPU.Build.0 = Release|Any CPU
		{C204B1A4-1BF7-48CE-9784-0D2B83E5319C}.AppStore|ARM.ActiveCfg = Release|Any CPU
		{C204B1A4-1BF7-48CE-9784-0D2B83E5319C}.AppStore|ARM.Build.0 = Release|Any CPU
		{C204B1A4-1BF7-48CE-9784-0D2B83E5319C}.AppStore|iPhone.ActiveCfg = Release|Any CPU
		{C204B1A4-1BF7-48CE-9784-0D2B83E5319C}.AppStore|iPhone.Build.0 = Release|Any CPU
		{C204B1A4-1BF7-48CE-9784-0D2B83E5319C}.AppStore|iPhoneSimulator.ActiveCfg = Release|Any CPU
		{C204B1A4-1BF7-48CE-9784-0D2B83E5319C}.AppStore|iPhoneSimulator.Build.0 = Release|Any CPU
		{C204B1A4-1BF7-48CE-9784-0D2B83E5319C}.AppStore|x64.ActiveCfg = Release|Any CPU
		{C204B1A4-1BF7-48CE-9784-0D2B83E5319C}.AppStore|x64.Build.0 = Release|Any CPU
		{C204B1A4-1BF7-48CE-9784-0D2B83E5319C}.AppStore|x86.ActiveCfg = Release|Any CPU
		{C204B1A4-1BF7-48CE-9784-0D2B83E5319C}.AppStore|x86.Build.0 = Release|Any CPU
		{C204B1A4-1BF7-48CE-9784-0D2B83E5319C}.Debug|Any CPU.ActiveCfg = Debug|Any CPU
		{C204B1A4-1BF7-48CE-9784-0D2B83E5319C}.Debug|Any CPU.Build.0 = Debug|Any CPU
		{C204B1A4-1BF7-48CE-9784-0D2B83E5319C}.Debug|ARM.ActiveCfg = Debug|Any CPU
		{C204B1A4-1BF7-48CE-9784-0D2B83E5319C}.Debug|ARM.Build.0 = Debug|Any CPU
		{C204B1A4-1BF7-48CE-9784-0D2B83E5319C}.Debug|iPhone.ActiveCfg = Debug|Any CPU
		{C204B1A4-1BF7-48CE-9784-0D2B83E5319C}.Debug|iPhone.Build.0 = Debug|Any CPU
		{C204B1A4-1BF7-48CE-9784-0D2B83E5319C}.Debug|iPhoneSimulator.ActiveCfg = Debug|Any CPU
		{C204B1A4-1BF7-48CE-9784-0D2B83E5319C}.Debug|iPhoneSimulator.Build.0 = Debug|Any CPU
		{C204B1A4-1BF7-48CE-9784-0D2B83E5319C}.Debug|x64.ActiveCfg = Debug|Any CPU
		{C204B1A4-1BF7-48CE-9784-0D2B83E5319C}.Debug|x64.Build.0 = Debug|Any CPU
		{C204B1A4-1BF7-48CE-9784-0D2B83E5319C}.Debug|x86.ActiveCfg = Debug|Any CPU
		{C204B1A4-1BF7-48CE-9784-0D2B83E5319C}.Debug|x86.Build.0 = Debug|Any CPU
		{C204B1A4-1BF7-48CE-9784-0D2B83E5319C}.Release|Any CPU.ActiveCfg = Release|Any CPU
		{C204B1A4-1BF7-48CE-9784-0D2B83E5319C}.Release|Any CPU.Build.0 = Release|Any CPU
		{C204B1A4-1BF7-48CE-9784-0D2B83E5319C}.Release|ARM.ActiveCfg = Release|Any CPU
		{C204B1A4-1BF7-48CE-9784-0D2B83E5319C}.Release|ARM.Build.0 = Release|Any CPU
		{C204B1A4-1BF7-48CE-9784-0D2B83E5319C}.Release|iPhone.ActiveCfg = Release|Any CPU
		{C204B1A4-1BF7-48CE-9784-0D2B83E5319C}.Release|iPhone.Build.0 = Release|Any CPU
		{C204B1A4-1BF7-48CE-9784-0D2B83E5319C}.Release|iPhoneSimulator.ActiveCfg = Release|Any CPU
		{C204B1A4-1BF7-48CE-9784-0D2B83E5319C}.Release|iPhoneSimulator.Build.0 = Release|Any CPU
		{C204B1A4-1BF7-48CE-9784-0D2B83E5319C}.Release|x64.ActiveCfg = Release|Any CPU
		{C204B1A4-1BF7-48CE-9784-0D2B83E5319C}.Release|x64.Build.0 = Release|Any CPU
		{C204B1A4-1BF7-48CE-9784-0D2B83E5319C}.Release|x86.ActiveCfg = Release|Any CPU
		{C204B1A4-1BF7-48CE-9784-0D2B83E5319C}.Release|x86.Build.0 = Release|Any CPU
		{F2E50325-990C-4722-9F97-54E5E5835455}.Ad-Hoc|Any CPU.ActiveCfg = Release|Any CPU
		{F2E50325-990C-4722-9F97-54E5E5835455}.Ad-Hoc|Any CPU.Build.0 = Release|Any CPU
		{F2E50325-990C-4722-9F97-54E5E5835455}.Ad-Hoc|ARM.ActiveCfg = Release|Any CPU
		{F2E50325-990C-4722-9F97-54E5E5835455}.Ad-Hoc|ARM.Build.0 = Release|Any CPU
		{F2E50325-990C-4722-9F97-54E5E5835455}.Ad-Hoc|iPhone.ActiveCfg = Release|Any CPU
		{F2E50325-990C-4722-9F97-54E5E5835455}.Ad-Hoc|iPhone.Build.0 = Release|Any CPU
		{F2E50325-990C-4722-9F97-54E5E5835455}.Ad-Hoc|iPhoneSimulator.ActiveCfg = Release|Any CPU
		{F2E50325-990C-4722-9F97-54E5E5835455}.Ad-Hoc|iPhoneSimulator.Build.0 = Release|Any CPU
		{F2E50325-990C-4722-9F97-54E5E5835455}.Ad-Hoc|x64.ActiveCfg = Release|Any CPU
		{F2E50325-990C-4722-9F97-54E5E5835455}.Ad-Hoc|x64.Build.0 = Release|Any CPU
		{F2E50325-990C-4722-9F97-54E5E5835455}.Ad-Hoc|x86.ActiveCfg = Release|Any CPU
		{F2E50325-990C-4722-9F97-54E5E5835455}.Ad-Hoc|x86.Build.0 = Release|Any CPU
		{F2E50325-990C-4722-9F97-54E5E5835455}.AppStore|Any CPU.ActiveCfg = Release|Any CPU
		{F2E50325-990C-4722-9F97-54E5E5835455}.AppStore|Any CPU.Build.0 = Release|Any CPU
		{F2E50325-990C-4722-9F97-54E5E5835455}.AppStore|ARM.ActiveCfg = Release|Any CPU
		{F2E50325-990C-4722-9F97-54E5E5835455}.AppStore|ARM.Build.0 = Release|Any CPU
		{F2E50325-990C-4722-9F97-54E5E5835455}.AppStore|iPhone.ActiveCfg = Release|Any CPU
		{F2E50325-990C-4722-9F97-54E5E5835455}.AppStore|iPhone.Build.0 = Release|Any CPU
		{F2E50325-990C-4722-9F97-54E5E5835455}.AppStore|iPhoneSimulator.ActiveCfg = Release|Any CPU
		{F2E50325-990C-4722-9F97-54E5E5835455}.AppStore|iPhoneSimulator.Build.0 = Release|Any CPU
		{F2E50325-990C-4722-9F97-54E5E5835455}.AppStore|x64.ActiveCfg = Release|Any CPU
		{F2E50325-990C-4722-9F97-54E5E5835455}.AppStore|x64.Build.0 = Release|Any CPU
		{F2E50325-990C-4722-9F97-54E5E5835455}.AppStore|x86.ActiveCfg = Release|Any CPU
		{F2E50325-990C-4722-9F97-54E5E5835455}.AppStore|x86.Build.0 = Release|Any CPU
		{F2E50325-990C-4722-9F97-54E5E5835455}.Debug|Any CPU.ActiveCfg = Debug|Any CPU
		{F2E50325-990C-4722-9F97-54E5E5835455}.Debug|Any CPU.Build.0 = Debug|Any CPU
		{F2E50325-990C-4722-9F97-54E5E5835455}.Debug|Any CPU.Deploy.0 = Debug|Any CPU
		{F2E50325-990C-4722-9F97-54E5E5835455}.Debug|ARM.ActiveCfg = Debug|Any CPU
		{F2E50325-990C-4722-9F97-54E5E5835455}.Debug|ARM.Build.0 = Debug|Any CPU
		{F2E50325-990C-4722-9F97-54E5E5835455}.Debug|iPhone.ActiveCfg = Debug|Any CPU
		{F2E50325-990C-4722-9F97-54E5E5835455}.Debug|iPhone.Build.0 = Debug|Any CPU
		{F2E50325-990C-4722-9F97-54E5E5835455}.Debug|iPhoneSimulator.ActiveCfg = Debug|Any CPU
		{F2E50325-990C-4722-9F97-54E5E5835455}.Debug|iPhoneSimulator.Build.0 = Debug|Any CPU
		{F2E50325-990C-4722-9F97-54E5E5835455}.Debug|x64.ActiveCfg = Debug|Any CPU
		{F2E50325-990C-4722-9F97-54E5E5835455}.Debug|x64.Build.0 = Debug|Any CPU
		{F2E50325-990C-4722-9F97-54E5E5835455}.Debug|x86.ActiveCfg = Debug|Any CPU
		{F2E50325-990C-4722-9F97-54E5E5835455}.Debug|x86.Build.0 = Debug|Any CPU
		{F2E50325-990C-4722-9F97-54E5E5835455}.Release|Any CPU.ActiveCfg = Release|Any CPU
		{F2E50325-990C-4722-9F97-54E5E5835455}.Release|Any CPU.Build.0 = Release|Any CPU
		{F2E50325-990C-4722-9F97-54E5E5835455}.Release|Any CPU.Deploy.0 = Release|Any CPU
		{F2E50325-990C-4722-9F97-54E5E5835455}.Release|ARM.ActiveCfg = Release|Any CPU
		{F2E50325-990C-4722-9F97-54E5E5835455}.Release|ARM.Build.0 = Release|Any CPU
		{F2E50325-990C-4722-9F97-54E5E5835455}.Release|iPhone.ActiveCfg = Release|Any CPU
		{F2E50325-990C-4722-9F97-54E5E5835455}.Release|iPhone.Build.0 = Release|Any CPU
		{F2E50325-990C-4722-9F97-54E5E5835455}.Release|iPhoneSimulator.ActiveCfg = Release|Any CPU
		{F2E50325-990C-4722-9F97-54E5E5835455}.Release|iPhoneSimulator.Build.0 = Release|Any CPU
		{F2E50325-990C-4722-9F97-54E5E5835455}.Release|x64.ActiveCfg = Release|Any CPU
		{F2E50325-990C-4722-9F97-54E5E5835455}.Release|x64.Build.0 = Release|Any CPU
		{F2E50325-990C-4722-9F97-54E5E5835455}.Release|x86.ActiveCfg = Release|Any CPU
		{F2E50325-990C-4722-9F97-54E5E5835455}.Release|x86.Build.0 = Release|Any CPU
		{16D6A3E5-E8C3-47DA-8F8F-D365CEBE2804}.Ad-Hoc|Any CPU.ActiveCfg = Release|Any CPU
		{16D6A3E5-E8C3-47DA-8F8F-D365CEBE2804}.Ad-Hoc|Any CPU.Build.0 = Release|Any CPU
		{16D6A3E5-E8C3-47DA-8F8F-D365CEBE2804}.Ad-Hoc|ARM.ActiveCfg = Release|Any CPU
		{16D6A3E5-E8C3-47DA-8F8F-D365CEBE2804}.Ad-Hoc|ARM.Build.0 = Release|Any CPU
		{16D6A3E5-E8C3-47DA-8F8F-D365CEBE2804}.Ad-Hoc|iPhone.ActiveCfg = Release|Any CPU
		{16D6A3E5-E8C3-47DA-8F8F-D365CEBE2804}.Ad-Hoc|iPhone.Build.0 = Release|Any CPU
		{16D6A3E5-E8C3-47DA-8F8F-D365CEBE2804}.Ad-Hoc|iPhoneSimulator.ActiveCfg = Release|Any CPU
		{16D6A3E5-E8C3-47DA-8F8F-D365CEBE2804}.Ad-Hoc|iPhoneSimulator.Build.0 = Release|Any CPU
		{16D6A3E5-E8C3-47DA-8F8F-D365CEBE2804}.Ad-Hoc|x64.ActiveCfg = Release|Any CPU
		{16D6A3E5-E8C3-47DA-8F8F-D365CEBE2804}.Ad-Hoc|x64.Build.0 = Release|Any CPU
		{16D6A3E5-E8C3-47DA-8F8F-D365CEBE2804}.Ad-Hoc|x86.ActiveCfg = Release|Any CPU
		{16D6A3E5-E8C3-47DA-8F8F-D365CEBE2804}.Ad-Hoc|x86.Build.0 = Release|Any CPU
		{16D6A3E5-E8C3-47DA-8F8F-D365CEBE2804}.AppStore|Any CPU.ActiveCfg = Release|Any CPU
		{16D6A3E5-E8C3-47DA-8F8F-D365CEBE2804}.AppStore|Any CPU.Build.0 = Release|Any CPU
		{16D6A3E5-E8C3-47DA-8F8F-D365CEBE2804}.AppStore|ARM.ActiveCfg = Release|Any CPU
		{16D6A3E5-E8C3-47DA-8F8F-D365CEBE2804}.AppStore|ARM.Build.0 = Release|Any CPU
		{16D6A3E5-E8C3-47DA-8F8F-D365CEBE2804}.AppStore|iPhone.ActiveCfg = Release|Any CPU
		{16D6A3E5-E8C3-47DA-8F8F-D365CEBE2804}.AppStore|iPhone.Build.0 = Release|Any CPU
		{16D6A3E5-E8C3-47DA-8F8F-D365CEBE2804}.AppStore|iPhoneSimulator.ActiveCfg = Release|Any CPU
		{16D6A3E5-E8C3-47DA-8F8F-D365CEBE2804}.AppStore|iPhoneSimulator.Build.0 = Release|Any CPU
		{16D6A3E5-E8C3-47DA-8F8F-D365CEBE2804}.AppStore|x64.ActiveCfg = Release|Any CPU
		{16D6A3E5-E8C3-47DA-8F8F-D365CEBE2804}.AppStore|x64.Build.0 = Release|Any CPU
		{16D6A3E5-E8C3-47DA-8F8F-D365CEBE2804}.AppStore|x86.ActiveCfg = Release|Any CPU
		{16D6A3E5-E8C3-47DA-8F8F-D365CEBE2804}.AppStore|x86.Build.0 = Release|Any CPU
		{16D6A3E5-E8C3-47DA-8F8F-D365CEBE2804}.Debug|Any CPU.ActiveCfg = Debug|Any CPU
		{16D6A3E5-E8C3-47DA-8F8F-D365CEBE2804}.Debug|Any CPU.Build.0 = Debug|Any CPU
		{16D6A3E5-E8C3-47DA-8F8F-D365CEBE2804}.Debug|ARM.ActiveCfg = Debug|Any CPU
		{16D6A3E5-E8C3-47DA-8F8F-D365CEBE2804}.Debug|ARM.Build.0 = Debug|Any CPU
		{16D6A3E5-E8C3-47DA-8F8F-D365CEBE2804}.Debug|iPhone.ActiveCfg = Debug|Any CPU
		{16D6A3E5-E8C3-47DA-8F8F-D365CEBE2804}.Debug|iPhone.Build.0 = Debug|Any CPU
		{16D6A3E5-E8C3-47DA-8F8F-D365CEBE2804}.Debug|iPhoneSimulator.ActiveCfg = Debug|Any CPU
		{16D6A3E5-E8C3-47DA-8F8F-D365CEBE2804}.Debug|iPhoneSimulator.Build.0 = Debug|Any CPU
		{16D6A3E5-E8C3-47DA-8F8F-D365CEBE2804}.Debug|x64.ActiveCfg = Debug|Any CPU
		{16D6A3E5-E8C3-47DA-8F8F-D365CEBE2804}.Debug|x64.Build.0 = Debug|Any CPU
		{16D6A3E5-E8C3-47DA-8F8F-D365CEBE2804}.Debug|x86.ActiveCfg = Debug|Any CPU
		{16D6A3E5-E8C3-47DA-8F8F-D365CEBE2804}.Debug|x86.Build.0 = Debug|Any CPU
		{16D6A3E5-E8C3-47DA-8F8F-D365CEBE2804}.Release|Any CPU.ActiveCfg = Release|Any CPU
		{16D6A3E5-E8C3-47DA-8F8F-D365CEBE2804}.Release|Any CPU.Build.0 = Release|Any CPU
		{16D6A3E5-E8C3-47DA-8F8F-D365CEBE2804}.Release|ARM.ActiveCfg = Release|Any CPU
		{16D6A3E5-E8C3-47DA-8F8F-D365CEBE2804}.Release|ARM.Build.0 = Release|Any CPU
		{16D6A3E5-E8C3-47DA-8F8F-D365CEBE2804}.Release|iPhone.ActiveCfg = Release|Any CPU
		{16D6A3E5-E8C3-47DA-8F8F-D365CEBE2804}.Release|iPhone.Build.0 = Release|Any CPU
		{16D6A3E5-E8C3-47DA-8F8F-D365CEBE2804}.Release|iPhoneSimulator.ActiveCfg = Release|Any CPU
		{16D6A3E5-E8C3-47DA-8F8F-D365CEBE2804}.Release|iPhoneSimulator.Build.0 = Release|Any CPU
		{16D6A3E5-E8C3-47DA-8F8F-D365CEBE2804}.Release|x64.ActiveCfg = Release|Any CPU
		{16D6A3E5-E8C3-47DA-8F8F-D365CEBE2804}.Release|x64.Build.0 = Release|Any CPU
		{16D6A3E5-E8C3-47DA-8F8F-D365CEBE2804}.Release|x86.ActiveCfg = Release|Any CPU
		{16D6A3E5-E8C3-47DA-8F8F-D365CEBE2804}.Release|x86.Build.0 = Release|Any CPU
		{C7F10D2D-3A38-4B2A-B287-3BDC061093A1}.Ad-Hoc|Any CPU.ActiveCfg = Release|x64
		{C7F10D2D-3A38-4B2A-B287-3BDC061093A1}.Ad-Hoc|Any CPU.Build.0 = Release|x64
		{C7F10D2D-3A38-4B2A-B287-3BDC061093A1}.Ad-Hoc|Any CPU.Deploy.0 = Release|x64
		{C7F10D2D-3A38-4B2A-B287-3BDC061093A1}.Ad-Hoc|ARM.ActiveCfg = Release|ARM
		{C7F10D2D-3A38-4B2A-B287-3BDC061093A1}.Ad-Hoc|ARM.Build.0 = Release|ARM
		{C7F10D2D-3A38-4B2A-B287-3BDC061093A1}.Ad-Hoc|ARM.Deploy.0 = Release|ARM
		{C7F10D2D-3A38-4B2A-B287-3BDC061093A1}.Ad-Hoc|ARM64.ActiveCfg = Release|ARM64
		{C7F10D2D-3A38-4B2A-B287-3BDC061093A1}.Ad-Hoc|ARM64.Build.0 = Release|ARM64
		{C7F10D2D-3A38-4B2A-B287-3BDC061093A1}.Ad-Hoc|ARM64.Deploy.0 = Release|ARM64
		{C7F10D2D-3A38-4B2A-B287-3BDC061093A1}.Ad-Hoc|iPhone.ActiveCfg = Release|x64
		{C7F10D2D-3A38-4B2A-B287-3BDC061093A1}.Ad-Hoc|iPhone.Build.0 = Release|x64
		{C7F10D2D-3A38-4B2A-B287-3BDC061093A1}.Ad-Hoc|iPhone.Deploy.0 = Release|x64
		{C7F10D2D-3A38-4B2A-B287-3BDC061093A1}.Ad-Hoc|iPhoneSimulator.ActiveCfg = Release|x64
		{C7F10D2D-3A38-4B2A-B287-3BDC061093A1}.Ad-Hoc|iPhoneSimulator.Build.0 = Release|x64
		{C7F10D2D-3A38-4B2A-B287-3BDC061093A1}.Ad-Hoc|iPhoneSimulator.Deploy.0 = Release|x64
		{C7F10D2D-3A38-4B2A-B287-3BDC061093A1}.Ad-Hoc|x64.ActiveCfg = Release|x64
		{C7F10D2D-3A38-4B2A-B287-3BDC061093A1}.Ad-Hoc|x64.Build.0 = Release|x64
		{C7F10D2D-3A38-4B2A-B287-3BDC061093A1}.Ad-Hoc|x64.Deploy.0 = Release|x64
		{C7F10D2D-3A38-4B2A-B287-3BDC061093A1}.Ad-Hoc|x86.ActiveCfg = Release|x86
		{C7F10D2D-3A38-4B2A-B287-3BDC061093A1}.Ad-Hoc|x86.Build.0 = Release|x86
		{C7F10D2D-3A38-4B2A-B287-3BDC061093A1}.Ad-Hoc|x86.Deploy.0 = Release|x86
		{C7F10D2D-3A38-4B2A-B287-3BDC061093A1}.AppStore|Any CPU.ActiveCfg = Release|x64
		{C7F10D2D-3A38-4B2A-B287-3BDC061093A1}.AppStore|Any CPU.Build.0 = Release|x64
		{C7F10D2D-3A38-4B2A-B287-3BDC061093A1}.AppStore|Any CPU.Deploy.0 = Release|x64
		{C7F10D2D-3A38-4B2A-B287-3BDC061093A1}.AppStore|ARM.ActiveCfg = Release|ARM
		{C7F10D2D-3A38-4B2A-B287-3BDC061093A1}.AppStore|ARM.Build.0 = Release|ARM
		{C7F10D2D-3A38-4B2A-B287-3BDC061093A1}.AppStore|ARM.Deploy.0 = Release|ARM
		{C7F10D2D-3A38-4B2A-B287-3BDC061093A1}.AppStore|ARM64.ActiveCfg = Release|ARM64
		{C7F10D2D-3A38-4B2A-B287-3BDC061093A1}.AppStore|ARM64.Build.0 = Release|ARM64
		{C7F10D2D-3A38-4B2A-B287-3BDC061093A1}.AppStore|ARM64.Deploy.0 = Release|ARM64
		{C7F10D2D-3A38-4B2A-B287-3BDC061093A1}.AppStore|iPhone.ActiveCfg = Release|x64
		{C7F10D2D-3A38-4B2A-B287-3BDC061093A1}.AppStore|iPhone.Build.0 = Release|x64
		{C7F10D2D-3A38-4B2A-B287-3BDC061093A1}.AppStore|iPhone.Deploy.0 = Release|x64
		{C7F10D2D-3A38-4B2A-B287-3BDC061093A1}.AppStore|iPhoneSimulator.ActiveCfg = Release|x64
		{C7F10D2D-3A38-4B2A-B287-3BDC061093A1}.AppStore|iPhoneSimulator.Build.0 = Release|x64
		{C7F10D2D-3A38-4B2A-B287-3BDC061093A1}.AppStore|iPhoneSimulator.Deploy.0 = Release|x64
		{C7F10D2D-3A38-4B2A-B287-3BDC061093A1}.AppStore|x64.ActiveCfg = Release|x64
		{C7F10D2D-3A38-4B2A-B287-3BDC061093A1}.AppStore|x64.Build.0 = Release|x64
		{C7F10D2D-3A38-4B2A-B287-3BDC061093A1}.AppStore|x64.Deploy.0 = Release|x64
		{C7F10D2D-3A38-4B2A-B287-3BDC061093A1}.AppStore|x86.ActiveCfg = Release|x86
		{C7F10D2D-3A38-4B2A-B287-3BDC061093A1}.AppStore|x86.Build.0 = Release|x86
		{C7F10D2D-3A38-4B2A-B287-3BDC061093A1}.AppStore|x86.Deploy.0 = Release|x86
		{C7F10D2D-3A38-4B2A-B287-3BDC061093A1}.Debug|Any CPU.ActiveCfg = Debug|x86
		{C7F10D2D-3A38-4B2A-B287-3BDC061093A1}.Debug|ARM.ActiveCfg = Debug|ARM
		{C7F10D2D-3A38-4B2A-B287-3BDC061093A1}.Debug|ARM.Build.0 = Debug|ARM
		{C7F10D2D-3A38-4B2A-B287-3BDC061093A1}.Debug|ARM.Deploy.0 = Debug|ARM
		{C7F10D2D-3A38-4B2A-B287-3BDC061093A1}.Debug|ARM64.ActiveCfg = Debug|ARM64
		{C7F10D2D-3A38-4B2A-B287-3BDC061093A1}.Debug|ARM64.Build.0 = Debug|ARM64
		{C7F10D2D-3A38-4B2A-B287-3BDC061093A1}.Debug|ARM64.Deploy.0 = Debug|ARM64
		{C7F10D2D-3A38-4B2A-B287-3BDC061093A1}.Debug|iPhone.ActiveCfg = Debug|x86
		{C7F10D2D-3A38-4B2A-B287-3BDC061093A1}.Debug|iPhoneSimulator.ActiveCfg = Debug|x86
		{C7F10D2D-3A38-4B2A-B287-3BDC061093A1}.Debug|x64.ActiveCfg = Debug|x64
		{C7F10D2D-3A38-4B2A-B287-3BDC061093A1}.Debug|x64.Build.0 = Debug|x64
		{C7F10D2D-3A38-4B2A-B287-3BDC061093A1}.Debug|x64.Deploy.0 = Debug|x64
		{C7F10D2D-3A38-4B2A-B287-3BDC061093A1}.Debug|x86.ActiveCfg = Debug|x86
		{C7F10D2D-3A38-4B2A-B287-3BDC061093A1}.Debug|x86.Build.0 = Debug|x86
		{C7F10D2D-3A38-4B2A-B287-3BDC061093A1}.Debug|x86.Deploy.0 = Debug|x86
		{C7F10D2D-3A38-4B2A-B287-3BDC061093A1}.Release|Any CPU.ActiveCfg = Release|x86
		{C7F10D2D-3A38-4B2A-B287-3BDC061093A1}.Release|ARM.ActiveCfg = Release|ARM
		{C7F10D2D-3A38-4B2A-B287-3BDC061093A1}.Release|ARM.Build.0 = Release|ARM
		{C7F10D2D-3A38-4B2A-B287-3BDC061093A1}.Release|ARM.Deploy.0 = Release|ARM
		{C7F10D2D-3A38-4B2A-B287-3BDC061093A1}.Release|ARM64.ActiveCfg = Release|ARM64
		{C7F10D2D-3A38-4B2A-B287-3BDC061093A1}.Release|ARM64.Build.0 = Release|ARM64
		{C7F10D2D-3A38-4B2A-B287-3BDC061093A1}.Release|ARM64.Deploy.0 = Release|ARM64
		{C7F10D2D-3A38-4B2A-B287-3BDC061093A1}.Release|iPhone.ActiveCfg = Release|x86
		{C7F10D2D-3A38-4B2A-B287-3BDC061093A1}.Release|iPhoneSimulator.ActiveCfg = Release|x86
		{C7F10D2D-3A38-4B2A-B287-3BDC061093A1}.Release|x64.ActiveCfg = Release|x64
		{C7F10D2D-3A38-4B2A-B287-3BDC061093A1}.Release|x64.Build.0 = Release|x64
		{C7F10D2D-3A38-4B2A-B287-3BDC061093A1}.Release|x64.Deploy.0 = Release|x64
		{C7F10D2D-3A38-4B2A-B287-3BDC061093A1}.Release|x86.ActiveCfg = Release|x86
		{C7F10D2D-3A38-4B2A-B287-3BDC061093A1}.Release|x86.Build.0 = Release|x86
		{C7F10D2D-3A38-4B2A-B287-3BDC061093A1}.Release|x86.Deploy.0 = Release|x86
	EndGlobalSection
	GlobalSection(SolutionProperties) = preSolution
		HideSolutionNode = FALSE
	EndGlobalSection
	GlobalSection(ExtensibilityGlobals) = postSolution
		SolutionGuid = {F6D05029-56B8-4E45-AF2D-0E76295DDBA2}
	EndGlobalSection
EndGlobal
