
Microsoft Visual Studio Solution File, Format Version 12.00
# Visual Studio 15
VisualStudioVersion = 15.0.26730.10
MinimumVisualStudioVersion = 10.0.40219.1

Project("{6EC3EE1D-3C4E-46DD-8F32-0CC8E7565705}") = "aoc2019_4.xf", "aoc2019_4.xf\aoc2019_4.xf.fsproj", "{C8DDD23F-CD6A-4F51-A9B8-AEE801C18224}"
EndProject

Project("{F2A71F9B-5D33-465A-A702-920D77279786}") = "aoc2019_4.xf.Android", "aoc2019_4.xf.Android\aoc2019_4.xf.Android.fsproj", "{DA174E92-54B5-4387-B957-986EC687413A}"
EndProject


Project("{F2A71F9B-5D33-465A-A702-920D77279786}") = "aoc2019_4.xf.iOS", "aoc2019_4.xf.iOS\aoc2019_4.xf.iOS.fsproj", "{79074222-B966-4DB9-A54B-1E4075AF5059}"
EndProject




Global
	GlobalSection(SolutionConfigurationPlatforms) = preSolution
		Ad-Hoc|Any CPU = Ad-Hoc|Any CPU
		Ad-Hoc|ARM = Ad-Hoc|ARM
		Ad-Hoc|iPhone = Ad-Hoc|iPhone
		Ad-Hoc|iPhoneSimulator = Ad-Hoc|iPhoneSimulator
		Ad-Hoc|x64 = Ad-Hoc|x64
		Ad-Hoc|x86 = Ad-Hoc|x86
		AppStore|Any CPU = AppStore|Any CPU
		AppStore|ARM = AppStore|ARM
		AppStore|iPhone = AppStore|iPhone
		AppStore|iPhoneSimulator = AppStore|iPhoneSimulator
		AppStore|x64 = AppStore|x64
		AppStore|x86 = AppStore|x86
		Debug|Any CPU = Debug|Any CPU
		Debug|ARM = Debug|ARM
		Debug|iPhone = Debug|iPhone
		Debug|iPhoneSimulator = Debug|iPhoneSimulator
		Debug|x64 = Debug|x64
		Debug|x86 = Debug|x86
		Release|Any CPU = Release|Any CPU
		Release|ARM = Release|ARM
		Release|iPhone = Release|iPhone
		Release|iPhoneSimulator = Release|iPhoneSimulator
		Release|x64 = Release|x64
		Release|x86 = Release|x86
	EndGlobalSection
	GlobalSection(ProjectConfigurationPlatforms) = postSolution
		{C8DDD23F-CD6A-4F51-A9B8-AEE801C18224}.Ad-Hoc|Any CPU.ActiveCfg = Debug|Any CPU
		{C8DDD23F-CD6A-4F51-A9B8-AEE801C18224}.Ad-Hoc|Any CPU.Build.0 = Debug|Any CPU
		{C8DDD23F-CD6A-4F51-A9B8-AEE801C18224}.Ad-Hoc|ARM.ActiveCfg = Debug|Any CPU
		{C8DDD23F-CD6A-4F51-A9B8-AEE801C18224}.Ad-Hoc|ARM.Build.0 = Debug|Any CPU
		{C8DDD23F-CD6A-4F51-A9B8-AEE801C18224}.Ad-Hoc|iPhone.ActiveCfg = Debug|Any CPU
		{C8DDD23F-CD6A-4F51-A9B8-AEE801C18224}.Ad-Hoc|iPhone.Build.0 = Debug|Any CPU
		{C8DDD23F-CD6A-4F51-A9B8-AEE801C18224}.Ad-Hoc|iPhoneSimulator.ActiveCfg = Debug|Any CPU
		{C8DDD23F-CD6A-4F51-A9B8-AEE801C18224}.Ad-Hoc|iPhoneSimulator.Build.0 = Debug|Any CPU
		{C8DDD23F-CD6A-4F51-A9B8-AEE801C18224}.Ad-Hoc|x64.ActiveCfg = Debug|Any CPU
		{C8DDD23F-CD6A-4F51-A9B8-AEE801C18224}.Ad-Hoc|x64.Build.0 = Debug|Any CPU
		{C8DDD23F-CD6A-4F51-A9B8-AEE801C18224}.Ad-Hoc|x86.ActiveCfg = Debug|Any CPU
		{C8DDD23F-CD6A-4F51-A9B8-AEE801C18224}.Ad-Hoc|x86.Build.0 = Debug|Any CPU
		{C8DDD23F-CD6A-4F51-A9B8-AEE801C18224}.AppStore|Any CPU.ActiveCfg = Debug|Any CPU
		{C8DDD23F-CD6A-4F51-A9B8-AEE801C18224}.AppStore|Any CPU.Build.0 = Debug|Any CPU
		{C8DDD23F-CD6A-4F51-A9B8-AEE801C18224}.AppStore|ARM.ActiveCfg = Debug|Any CPU
		{C8DDD23F-CD6A-4F51-A9B8-AEE801C18224}.AppStore|ARM.Build.0 = Debug|Any CPU
		{C8DDD23F-CD6A-4F51-A9B8-AEE801C18224}.AppStore|iPhone.ActiveCfg = Debug|Any CPU
		{C8DDD23F-CD6A-4F51-A9B8-AEE801C18224}.AppStore|iPhone.Build.0 = Debug|Any CPU
		{C8DDD23F-CD6A-4F51-A9B8-AEE801C18224}.AppStore|iPhoneSimulator.ActiveCfg = Debug|Any CPU
		{C8DDD23F-CD6A-4F51-A9B8-AEE801C18224}.AppStore|iPhoneSimulator.Build.0 = Debug|Any CPU
		{C8DDD23F-CD6A-4F51-A9B8-AEE801C18224}.AppStore|x64.ActiveCfg = Debug|Any CPU
		{C8DDD23F-CD6A-4F51-A9B8-AEE801C18224}.AppStore|x64.Build.0 = Debug|Any CPU
		{C8DDD23F-CD6A-4F51-A9B8-AEE801C18224}.AppStore|x86.ActiveCfg = Debug|Any CPU
		{C8DDD23F-CD6A-4F51-A9B8-AEE801C18224}.AppStore|x86.Build.0 = Debug|Any CPU
		{C8DDD23F-CD6A-4F51-A9B8-AEE801C18224}.Debug|Any CPU.ActiveCfg = Debug|Any CPU
		{C8DDD23F-CD6A-4F51-A9B8-AEE801C18224}.Debug|Any CPU.Build.0 = Debug|Any CPU
		{C8DDD23F-CD6A-4F51-A9B8-AEE801C18224}.Debug|ARM.ActiveCfg = Debug|Any CPU
		{C8DDD23F-CD6A-4F51-A9B8-AEE801C18224}.Debug|ARM.Build.0 = Debug|Any CPU
		{C8DDD23F-CD6A-4F51-A9B8-AEE801C18224}.Debug|iPhone.ActiveCfg = Debug|Any CPU
		{C8DDD23F-CD6A-4F51-A9B8-AEE801C18224}.Debug|iPhone.Build.0 = Debug|Any CPU
		{C8DDD23F-CD6A-4F51-A9B8-AEE801C18224}.Debug|iPhoneSimulator.ActiveCfg = Debug|Any CPU
		{C8DDD23F-CD6A-4F51-A9B8-AEE801C18224}.Debug|iPhoneSimulator.Build.0 = Debug|Any CPU
		{C8DDD23F-CD6A-4F51-A9B8-AEE801C18224}.Debug|x64.ActiveCfg = Debug|Any CPU
		{C8DDD23F-CD6A-4F51-A9B8-AEE801C18224}.Debug|x64.Build.0 = Debug|Any CPU
		{C8DDD23F-CD6A-4F51-A9B8-AEE801C18224}.Debug|x86.ActiveCfg = Debug|Any CPU
		{C8DDD23F-CD6A-4F51-A9B8-AEE801C18224}.Debug|x86.Build.0 = Debug|Any CPU
		{C8DDD23F-CD6A-4F51-A9B8-AEE801C18224}.Release|Any CPU.ActiveCfg = Release|Any CPU
		{C8DDD23F-CD6A-4F51-A9B8-AEE801C18224}.Release|Any CPU.Build.0 = Release|Any CPU
		{C8DDD23F-CD6A-4F51-A9B8-AEE801C18224}.Release|ARM.ActiveCfg = Release|Any CPU
		{C8DDD23F-CD6A-4F51-A9B8-AEE801C18224}.Release|ARM.Build.0 = Release|Any CPU
		{C8DDD23F-CD6A-4F51-A9B8-AEE801C18224}.Release|iPhone.ActiveCfg = Release|Any CPU
		{C8DDD23F-CD6A-4F51-A9B8-AEE801C18224}.Release|iPhone.Build.0 = Release|Any CPU
		{C8DDD23F-CD6A-4F51-A9B8-AEE801C18224}.Release|iPhoneSimulator.ActiveCfg = Release|Any CPU
		{C8DDD23F-CD6A-4F51-A9B8-AEE801C18224}.Release|iPhoneSimulator.Build.0 = Release|Any CPU
		{C8DDD23F-CD6A-4F51-A9B8-AEE801C18224}.Release|x64.ActiveCfg = Release|Any CPU
		{C8DDD23F-CD6A-4F51-A9B8-AEE801C18224}.Release|x64.Build.0 = Release|Any CPU
		{C8DDD23F-CD6A-4F51-A9B8-AEE801C18224}.Release|x86.ActiveCfg = Release|Any CPU
		{C8DDD23F-CD6A-4F51-A9B8-AEE801C18224}.Release|x86.Build.0 = Release|Any CPU
		{79074222-B966-4DB9-A54B-1E4075AF5059}.Ad-Hoc|Any CPU.ActiveCfg = Ad-Hoc|iPhone
		{79074222-B966-4DB9-A54B-1E4075AF5059}.Ad-Hoc|ARM.ActiveCfg = Ad-Hoc|iPhone
		{79074222-B966-4DB9-A54B-1E4075AF5059}.Ad-Hoc|iPhone.ActiveCfg = Ad-Hoc|iPhone
		{79074222-B966-4DB9-A54B-1E4075AF5059}.Ad-Hoc|iPhone.Build.0 = Ad-Hoc|iPhone
		{79074222-B966-4DB9-A54B-1E4075AF5059}.Ad-Hoc|iPhoneSimulator.ActiveCfg = Ad-Hoc|iPhoneSimulator
		{79074222-B966-4DB9-A54B-1E4075AF5059}.Ad-Hoc|iPhoneSimulator.Build.0 = Ad-Hoc|iPhoneSimulator
		{79074222-B966-4DB9-A54B-1E4075AF5059}.Ad-Hoc|x64.ActiveCfg = Ad-Hoc|iPhone
		{79074222-B966-4DB9-A54B-1E4075AF5059}.Ad-Hoc|x86.ActiveCfg = Ad-Hoc|iPhone
		{79074222-B966-4DB9-A54B-1E4075AF5059}.AppStore|Any CPU.ActiveCfg = AppStore|iPhone
		{79074222-B966-4DB9-A54B-1E4075AF5059}.AppStore|ARM.ActiveCfg = AppStore|iPhone
		{79074222-B966-4DB9-A54B-1E4075AF5059}.AppStore|iPhone.ActiveCfg = AppStore|iPhone
		{79074222-B966-4DB9-A54B-1E4075AF5059}.AppStore|iPhone.Build.0 = AppStore|iPhone
		{79074222-B966-4DB9-A54B-1E4075AF5059}.AppStore|iPhoneSimulator.ActiveCfg = AppStore|iPhoneSimulator
		{79074222-B966-4DB9-A54B-1E4075AF5059}.AppStore|iPhoneSimulator.Build.0 = AppStore|iPhoneSimulator
		{79074222-B966-4DB9-A54B-1E4075AF5059}.AppStore|x64.ActiveCfg = AppStore|iPhone
		{79074222-B966-4DB9-A54B-1E4075AF5059}.AppStore|x86.ActiveCfg = AppStore|iPhone
		{79074222-B966-4DB9-A54B-1E4075AF5059}.Debug|Any CPU.ActiveCfg = Debug|iPhone
		{79074222-B966-4DB9-A54B-1E4075AF5059}.Debug|ARM.ActiveCfg = Debug|iPhone
		{79074222-B966-4DB9-A54B-1E4075AF5059}.Debug|iPhone.ActiveCfg = Debug|iPhone
		{79074222-B966-4DB9-A54B-1E4075AF5059}.Debug|iPhone.Build.0 = Debug|iPhone
		{79074222-B966-4DB9-A54B-1E4075AF5059}.Debug|iPhoneSimulator.ActiveCfg = Debug|iPhoneSimulator
		{79074222-B966-4DB9-A54B-1E4075AF5059}.Debug|iPhoneSimulator.Build.0 = Debug|iPhoneSimulator
		{79074222-B966-4DB9-A54B-1E4075AF5059}.Debug|x64.ActiveCfg = Debug|iPhone
		{79074222-B966-4DB9-A54B-1E4075AF5059}.Debug|x86.ActiveCfg = Debug|iPhone
		{79074222-B966-4DB9-A54B-1E4075AF5059}.Release|Any CPU.ActiveCfg = Release|iPhone
		{79074222-B966-4DB9-A54B-1E4075AF5059}.Release|ARM.ActiveCfg = Release|iPhone
		{79074222-B966-4DB9-A54B-1E4075AF5059}.Release|iPhone.ActiveCfg = Release|iPhone
		{79074222-B966-4DB9-A54B-1E4075AF5059}.Release|iPhone.Build.0 = Release|iPhone
		{79074222-B966-4DB9-A54B-1E4075AF5059}.Release|iPhoneSimulator.ActiveCfg = Release|iPhoneSimulator
		{79074222-B966-4DB9-A54B-1E4075AF5059}.Release|iPhoneSimulator.Build.0 = Release|iPhoneSimulator
		{79074222-B966-4DB9-A54B-1E4075AF5059}.Release|x64.ActiveCfg = Release|iPhone
		{79074222-B966-4DB9-A54B-1E4075AF5059}.Release|x86.ActiveCfg = Release|iPhone
		{4BD0D60B-3044-4987-91A1-D65C0D21D812}.Ad-Hoc|Any CPU.ActiveCfg = Release|x86
		{4BD0D60B-3044-4987-91A1-D65C0D21D812}.Ad-Hoc|Any CPU.Build.0 = Release|x86
		{4BD0D60B-3044-4987-91A1-D65C0D21D812}.Ad-Hoc|Any CPU.Deploy.0 = Release|x86
		{4BD0D60B-3044-4987-91A1-D65C0D21D812}.Ad-Hoc|ARM.ActiveCfg = Release|ARM
		{4BD0D60B-3044-4987-91A1-D65C0D21D812}.Ad-Hoc|ARM.Build.0 = Release|ARM
		{4BD0D60B-3044-4987-91A1-D65C0D21D812}.Ad-Hoc|ARM.Deploy.0 = Release|ARM
		{4BD0D60B-3044-4987-91A1-D65C0D21D812}.Ad-Hoc|iPhone.ActiveCfg = Release|x86
		{4BD0D60B-3044-4987-91A1-D65C0D21D812}.Ad-Hoc|iPhone.Build.0 = Release|x86
		{4BD0D60B-3044-4987-91A1-D65C0D21D812}.Ad-Hoc|iPhone.Deploy.0 = Release|x86
		{4BD0D60B-3044-4987-91A1-D65C0D21D812}.Ad-Hoc|iPhoneSimulator.ActiveCfg = Release|x86
		{4BD0D60B-3044-4987-91A1-D65C0D21D812}.Ad-Hoc|iPhoneSimulator.Build.0 = Release|x86
		{4BD0D60B-3044-4987-91A1-D65C0D21D812}.Ad-Hoc|iPhoneSimulator.Deploy.0 = Release|x86
		{4BD0D60B-3044-4987-91A1-D65C0D21D812}.Ad-Hoc|x64.ActiveCfg = Release|x64
		{4BD0D60B-3044-4987-91A1-D65C0D21D812}.Ad-Hoc|x64.Build.0 = Release|x64
		{4BD0D60B-3044-4987-91A1-D65C0D21D812}.Ad-Hoc|x64.Deploy.0 = Release|x64
		{4BD0D60B-3044-4987-91A1-D65C0D21D812}.Ad-Hoc|x86.ActiveCfg = Release|x86
		{4BD0D60B-3044-4987-91A1-D65C0D21D812}.Ad-Hoc|x86.Build.0 = Release|x86
		{4BD0D60B-3044-4987-91A1-D65C0D21D812}.Ad-Hoc|x86.Deploy.0 = Release|x86
		{4BD0D60B-3044-4987-91A1-D65C0D21D812}.AppStore|Any CPU.ActiveCfg = Release|x86
		{4BD0D60B-3044-4987-91A1-D65C0D21D812}.AppStore|Any CPU.Build.0 = Release|x86
		{4BD0D60B-3044-4987-91A1-D65C0D21D812}.AppStore|Any CPU.Deploy.0 = Release|x86
		{4BD0D60B-3044-4987-91A1-D65C0D21D812}.AppStore|ARM.ActiveCfg = Release|ARM
		{4BD0D60B-3044-4987-91A1-D65C0D21D812}.AppStore|ARM.Build.0 = Release|ARM
		{4BD0D60B-3044-4987-91A1-D65C0D21D812}.AppStore|ARM.Deploy.0 = Release|ARM
		{4BD0D60B-3044-4987-91A1-D65C0D21D812}.AppStore|iPhone.ActiveCfg = Release|x86
		{4BD0D60B-3044-4987-91A1-D65C0D21D812}.AppStore|iPhone.Build.0 = Release|x86
		{4BD0D60B-3044-4987-91A1-D65C0D21D812}.AppStore|iPhone.Deploy.0 = Release|x86
		{4BD0D60B-3044-4987-91A1-D65C0D21D812}.AppStore|iPhoneSimulator.ActiveCfg = Release|x86
		{4BD0D60B-3044-4987-91A1-D65C0D21D812}.AppStore|iPhoneSimulator.Build.0 = Release|x86
		{4BD0D60B-3044-4987-91A1-D65C0D21D812}.AppStore|iPhoneSimulator.Deploy.0 = Release|x86
		{4BD0D60B-3044-4987-91A1-D65C0D21D812}.AppStore|x64.ActiveCfg = Release|x64
		{4BD0D60B-3044-4987-91A1-D65C0D21D812}.AppStore|x64.Build.0 = Release|x64
		{4BD0D60B-3044-4987-91A1-D65C0D21D812}.AppStore|x64.Deploy.0 = Release|x64
		{4BD0D60B-3044-4987-91A1-D65C0D21D812}.AppStore|x86.ActiveCfg = Release|x86
		{4BD0D60B-3044-4987-91A1-D65C0D21D812}.AppStore|x86.Build.0 = Release|x86
		{4BD0D60B-3044-4987-91A1-D65C0D21D812}.AppStore|x86.Deploy.0 = Release|x86
		{4BD0D60B-3044-4987-91A1-D65C0D21D812}.Debug|Any CPU.ActiveCfg = Debug|x86
		{4BD0D60B-3044-4987-91A1-D65C0D21D812}.Debug|ARM.ActiveCfg = Debug|ARM
		{4BD0D60B-3044-4987-91A1-D65C0D21D812}.Debug|ARM.Build.0 = Debug|ARM
		{4BD0D60B-3044-4987-91A1-D65C0D21D812}.Debug|ARM.Deploy.0 = Debug|ARM
		{4BD0D60B-3044-4987-91A1-D65C0D21D812}.Debug|iPhone.ActiveCfg = Debug|x86
		{4BD0D60B-3044-4987-91A1-D65C0D21D812}.Debug|iPhoneSimulator.ActiveCfg = Debug|x86
		{4BD0D60B-3044-4987-91A1-D65C0D21D812}.Debug|x64.ActiveCfg = Debug|x64
		{4BD0D60B-3044-4987-91A1-D65C0D21D812}.Debug|x64.Build.0 = Debug|x64
		{4BD0D60B-3044-4987-91A1-D65C0D21D812}.Debug|x64.Deploy.0 = Debug|x64
		{4BD0D60B-3044-4987-91A1-D65C0D21D812}.Debug|x86.ActiveCfg = Debug|x86
		{4BD0D60B-3044-4987-91A1-D65C0D21D812}.Debug|x86.Build.0 = Debug|x86
		{4BD0D60B-3044-4987-91A1-D65C0D21D812}.Debug|x86.Deploy.0 = Debug|x86
		{4BD0D60B-3044-4987-91A1-D65C0D21D812}.Release|Any CPU.ActiveCfg = Release|x86
		{4BD0D60B-3044-4987-91A1-D65C0D21D812}.Release|ARM.ActiveCfg = Release|ARM
		{4BD0D60B-3044-4987-91A1-D65C0D21D812}.Release|ARM.Build.0 = Release|ARM
		{4BD0D60B-3044-4987-91A1-D65C0D21D812}.Release|ARM.Deploy.0 = Release|ARM
		{4BD0D60B-3044-4987-91A1-D65C0D21D812}.Release|iPhone.ActiveCfg = Release|x86
		{4BD0D60B-3044-4987-91A1-D65C0D21D812}.Release|iPhoneSimulator.ActiveCfg = Release|x86
		{4BD0D60B-3044-4987-91A1-D65C0D21D812}.Release|x64.ActiveCfg = Release|x64
		{4BD0D60B-3044-4987-91A1-D65C0D21D812}.Release|x64.Build.0 = Release|x64
		{4BD0D60B-3044-4987-91A1-D65C0D21D812}.Release|x64.Deploy.0 = Release|x64
		{4BD0D60B-3044-4987-91A1-D65C0D21D812}.Release|x86.ActiveCfg = Release|x86
		{4BD0D60B-3044-4987-91A1-D65C0D21D812}.Release|x86.Build.0 = Release|x86
		{4BD0D60B-3044-4987-91A1-D65C0D21D812}.Release|x86.Deploy.0 = Release|x86
		{5C64D5C0-8275-4365-8939-BA769AE6CFDA}.Ad-Hoc|Any CPU.ActiveCfg = Release|Any CPU
		{5C64D5C0-8275-4365-8939-BA769AE6CFDA}.Ad-Hoc|Any CPU.Build.0 = Release|Any CPU
		{5C64D5C0-8275-4365-8939-BA769AE6CFDA}.Ad-Hoc|ARM.ActiveCfg = Release|Any CPU
		{5C64D5C0-8275-4365-8939-BA769AE6CFDA}.Ad-Hoc|ARM.Build.0 = Release|Any CPU
		{5C64D5C0-8275-4365-8939-BA769AE6CFDA}.Ad-Hoc|iPhone.ActiveCfg = Release|Any CPU
		{5C64D5C0-8275-4365-8939-BA769AE6CFDA}.Ad-Hoc|iPhone.Build.0 = Release|Any CPU
		{5C64D5C0-8275-4365-8939-BA769AE6CFDA}.Ad-Hoc|iPhoneSimulator.ActiveCfg = Release|Any CPU
		{5C64D5C0-8275-4365-8939-BA769AE6CFDA}.Ad-Hoc|iPhoneSimulator.Build.0 = Release|Any CPU
		{5C64D5C0-8275-4365-8939-BA769AE6CFDA}.Ad-Hoc|x64.ActiveCfg = Release|Any CPU
		{5C64D5C0-8275-4365-8939-BA769AE6CFDA}.Ad-Hoc|x64.Build.0 = Release|Any CPU
		{5C64D5C0-8275-4365-8939-BA769AE6CFDA}.Ad-Hoc|x86.ActiveCfg = Release|Any CPU
		{5C64D5C0-8275-4365-8939-BA769AE6CFDA}.Ad-Hoc|x86.Build.0 = Release|Any CPU
		{5C64D5C0-8275-4365-8939-BA769AE6CFDA}.AppStore|Any CPU.ActiveCfg = Release|Any CPU
		{5C64D5C0-8275-4365-8939-BA769AE6CFDA}.AppStore|Any CPU.Build.0 = Release|Any CPU
		{5C64D5C0-8275-4365-8939-BA769AE6CFDA}.AppStore|ARM.ActiveCfg = Release|Any CPU
		{5C64D5C0-8275-4365-8939-BA769AE6CFDA}.AppStore|ARM.Build.0 = Release|Any CPU
		{5C64D5C0-8275-4365-8939-BA769AE6CFDA}.AppStore|iPhone.ActiveCfg = Release|Any CPU
		{5C64D5C0-8275-4365-8939-BA769AE6CFDA}.AppStore|iPhone.Build.0 = Release|Any CPU
		{5C64D5C0-8275-4365-8939-BA769AE6CFDA}.AppStore|iPhoneSimulator.ActiveCfg = Release|Any CPU
		{5C64D5C0-8275-4365-8939-BA769AE6CFDA}.AppStore|iPhoneSimulator.Build.0 = Release|Any CPU
		{5C64D5C0-8275-4365-8939-BA769AE6CFDA}.AppStore|x64.ActiveCfg = Release|Any CPU
		{5C64D5C0-8275-4365-8939-BA769AE6CFDA}.AppStore|x64.Build.0 = Release|Any CPU
		{5C64D5C0-8275-4365-8939-BA769AE6CFDA}.AppStore|x86.ActiveCfg = Release|Any CPU
		{5C64D5C0-8275-4365-8939-BA769AE6CFDA}.AppStore|x86.Build.0 = Release|Any CPU
		{5C64D5C0-8275-4365-8939-BA769AE6CFDA}.Debug|Any CPU.ActiveCfg = Debug|Any CPU
		{5C64D5C0-8275-4365-8939-BA769AE6CFDA}.Debug|Any CPU.Build.0 = Debug|Any CPU
		{5C64D5C0-8275-4365-8939-BA769AE6CFDA}.Debug|ARM.ActiveCfg = Debug|Any CPU
		{5C64D5C0-8275-4365-8939-BA769AE6CFDA}.Debug|ARM.Build.0 = Debug|Any CPU
		{5C64D5C0-8275-4365-8939-BA769AE6CFDA}.Debug|iPhone.ActiveCfg = Debug|Any CPU
		{5C64D5C0-8275-4365-8939-BA769AE6CFDA}.Debug|iPhone.Build.0 = Debug|Any CPU
		{5C64D5C0-8275-4365-8939-BA769AE6CFDA}.Debug|iPhoneSimulator.ActiveCfg = Debug|Any CPU
		{5C64D5C0-8275-4365-8939-BA769AE6CFDA}.Debug|iPhoneSimulator.Build.0 = Debug|Any CPU
		{5C64D5C0-8275-4365-8939-BA769AE6CFDA}.Debug|x64.ActiveCfg = Debug|Any CPU
		{5C64D5C0-8275-4365-8939-BA769AE6CFDA}.Debug|x64.Build.0 = Debug|Any CPU
		{5C64D5C0-8275-4365-8939-BA769AE6CFDA}.Debug|x86.ActiveCfg = Debug|Any CPU
		{5C64D5C0-8275-4365-8939-BA769AE6CFDA}.Debug|x86.Build.0 = Debug|Any CPU
		{5C64D5C0-8275-4365-8939-BA769AE6CFDA}.Release|Any CPU.ActiveCfg = Release|Any CPU
		{5C64D5C0-8275-4365-8939-BA769AE6CFDA}.Release|Any CPU.Build.0 = Release|Any CPU
		{5C64D5C0-8275-4365-8939-BA769AE6CFDA}.Release|ARM.ActiveCfg = Release|Any CPU
		{5C64D5C0-8275-4365-8939-BA769AE6CFDA}.Release|ARM.Build.0 = Release|Any CPU
		{5C64D5C0-8275-4365-8939-BA769AE6CFDA}.Release|iPhone.ActiveCfg = Release|Any CPU
		{5C64D5C0-8275-4365-8939-BA769AE6CFDA}.Release|iPhone.Build.0 = Release|Any CPU
		{5C64D5C0-8275-4365-8939-BA769AE6CFDA}.Release|iPhoneSimulator.ActiveCfg = Release|Any CPU
		{5C64D5C0-8275-4365-8939-BA769AE6CFDA}.Release|iPhoneSimulator.Build.0 = Release|Any CPU
		{5C64D5C0-8275-4365-8939-BA769AE6CFDA}.Release|x64.ActiveCfg = Release|Any CPU
		{5C64D5C0-8275-4365-8939-BA769AE6CFDA}.Release|x64.Build.0 = Release|Any CPU
		{5C64D5C0-8275-4365-8939-BA769AE6CFDA}.Release|x86.ActiveCfg = Release|Any CPU
		{5C64D5C0-8275-4365-8939-BA769AE6CFDA}.Release|x86.Build.0 = Release|Any CPU
		{26BB6FAE-CD16-42BF-930F-D9DA05D5E77F}.Ad-Hoc|Any CPU.ActiveCfg = Release|Any CPU
		{26BB6FAE-CD16-42BF-930F-D9DA05D5E77F}.Ad-Hoc|Any CPU.Build.0 = Release|Any CPU
		{26BB6FAE-CD16-42BF-930F-D9DA05D5E77F}.Ad-Hoc|ARM.ActiveCfg = Release|Any CPU
		{26BB6FAE-CD16-42BF-930F-D9DA05D5E77F}.Ad-Hoc|ARM.Build.0 = Release|Any CPU
		{26BB6FAE-CD16-42BF-930F-D9DA05D5E77F}.Ad-Hoc|iPhone.ActiveCfg = Release|Any CPU
		{26BB6FAE-CD16-42BF-930F-D9DA05D5E77F}.Ad-Hoc|iPhone.Build.0 = Release|Any CPU
		{26BB6FAE-CD16-42BF-930F-D9DA05D5E77F}.Ad-Hoc|iPhoneSimulator.ActiveCfg = Release|Any CPU
		{26BB6FAE-CD16-42BF-930F-D9DA05D5E77F}.Ad-Hoc|iPhoneSimulator.Build.0 = Release|Any CPU
		{26BB6FAE-CD16-42BF-930F-D9DA05D5E77F}.Ad-Hoc|x64.ActiveCfg = Release|Any CPU
		{26BB6FAE-CD16-42BF-930F-D9DA05D5E77F}.Ad-Hoc|x64.Build.0 = Release|Any CPU
		{26BB6FAE-CD16-42BF-930F-D9DA05D5E77F}.Ad-Hoc|x86.ActiveCfg = Release|Any CPU
		{26BB6FAE-CD16-42BF-930F-D9DA05D5E77F}.Ad-Hoc|x86.Build.0 = Release|Any CPU
		{26BB6FAE-CD16-42BF-930F-D9DA05D5E77F}.AppStore|Any CPU.ActiveCfg = Release|Any CPU
		{26BB6FAE-CD16-42BF-930F-D9DA05D5E77F}.AppStore|Any CPU.Build.0 = Release|Any CPU
		{26BB6FAE-CD16-42BF-930F-D9DA05D5E77F}.AppStore|ARM.ActiveCfg = Release|Any CPU
		{26BB6FAE-CD16-42BF-930F-D9DA05D5E77F}.AppStore|ARM.Build.0 = Release|Any CPU
		{26BB6FAE-CD16-42BF-930F-D9DA05D5E77F}.AppStore|iPhone.ActiveCfg = Release|Any CPU
		{26BB6FAE-CD16-42BF-930F-D9DA05D5E77F}.AppStore|iPhone.Build.0 = Release|Any CPU
		{26BB6FAE-CD16-42BF-930F-D9DA05D5E77F}.AppStore|iPhoneSimulator.ActiveCfg = Release|Any CPU
		{26BB6FAE-CD16-42BF-930F-D9DA05D5E77F}.AppStore|iPhoneSimulator.Build.0 = Release|Any CPU
		{26BB6FAE-CD16-42BF-930F-D9DA05D5E77F}.AppStore|x64.ActiveCfg = Release|Any CPU
		{26BB6FAE-CD16-42BF-930F-D9DA05D5E77F}.AppStore|x64.Build.0 = Release|Any CPU
		{26BB6FAE-CD16-42BF-930F-D9DA05D5E77F}.AppStore|x86.ActiveCfg = Release|Any CPU
		{26BB6FAE-CD16-42BF-930F-D9DA05D5E77F}.AppStore|x86.Build.0 = Release|Any CPU
		{26BB6FAE-CD16-42BF-930F-D9DA05D5E77F}.Debug|Any CPU.ActiveCfg = Debug|Any CPU
		{26BB6FAE-CD16-42BF-930F-D9DA05D5E77F}.Debug|Any CPU.Build.0 = Debug|Any CPU
		{26BB6FAE-CD16-42BF-930F-D9DA05D5E77F}.Debug|ARM.ActiveCfg = Debug|Any CPU
		{26BB6FAE-CD16-42BF-930F-D9DA05D5E77F}.Debug|ARM.Build.0 = Debug|Any CPU
		{26BB6FAE-CD16-42BF-930F-D9DA05D5E77F}.Debug|iPhone.ActiveCfg = Debug|Any CPU
		{26BB6FAE-CD16-42BF-930F-D9DA05D5E77F}.Debug|iPhone.Build.0 = Debug|Any CPU
		{26BB6FAE-CD16-42BF-930F-D9DA05D5E77F}.Debug|iPhoneSimulator.ActiveCfg = Debug|Any CPU
		{26BB6FAE-CD16-42BF-930F-D9DA05D5E77F}.Debug|iPhoneSimulator.Build.0 = Debug|Any CPU
		{26BB6FAE-CD16-42BF-930F-D9DA05D5E77F}.Debug|x64.ActiveCfg = Debug|Any CPU
		{26BB6FAE-CD16-42BF-930F-D9DA05D5E77F}.Debug|x64.Build.0 = Debug|Any CPU
		{26BB6FAE-CD16-42BF-930F-D9DA05D5E77F}.Debug|x86.ActiveCfg = Debug|Any CPU
		{26BB6FAE-CD16-42BF-930F-D9DA05D5E77F}.Debug|x86.Build.0 = Debug|Any CPU
		{26BB6FAE-CD16-42BF-930F-D9DA05D5E77F}.Release|Any CPU.ActiveCfg = Release|Any CPU
		{26BB6FAE-CD16-42BF-930F-D9DA05D5E77F}.Release|Any CPU.Build.0 = Release|Any CPU
		{26BB6FAE-CD16-42BF-930F-D9DA05D5E77F}.Release|ARM.ActiveCfg = Release|Any CPU
		{26BB6FAE-CD16-42BF-930F-D9DA05D5E77F}.Release|ARM.Build.0 = Release|Any CPU
		{26BB6FAE-CD16-42BF-930F-D9DA05D5E77F}.Release|iPhone.ActiveCfg = Release|Any CPU
		{26BB6FAE-CD16-42BF-930F-D9DA05D5E77F}.Release|iPhone.Build.0 = Release|Any CPU
		{26BB6FAE-CD16-42BF-930F-D9DA05D5E77F}.Release|iPhoneSimulator.ActiveCfg = Release|Any CPU
		{26BB6FAE-CD16-42BF-930F-D9DA05D5E77F}.Release|iPhoneSimulator.Build.0 = Release|Any CPU
		{26BB6FAE-CD16-42BF-930F-D9DA05D5E77F}.Release|x64.ActiveCfg = Release|Any CPU
		{26BB6FAE-CD16-42BF-930F-D9DA05D5E77F}.Release|x64.Build.0 = Release|Any CPU
		{26BB6FAE-CD16-42BF-930F-D9DA05D5E77F}.Release|x86.ActiveCfg = Release|Any CPU
		{26BB6FAE-CD16-42BF-930F-D9DA05D5E77F}.Release|x86.Build.0 = Release|Any CPU
		{DA174E92-54B5-4387-B957-986EC687413A}.Ad-Hoc|Any CPU.ActiveCfg = Release|Any CPU
		{DA174E92-54B5-4387-B957-986EC687413A}.Ad-Hoc|Any CPU.Build.0 = Release|Any CPU
		{DA174E92-54B5-4387-B957-986EC687413A}.Ad-Hoc|ARM.ActiveCfg = Release|Any CPU
		{DA174E92-54B5-4387-B957-986EC687413A}.Ad-Hoc|ARM.Build.0 = Release|Any CPU
		{DA174E92-54B5-4387-B957-986EC687413A}.Ad-Hoc|iPhone.ActiveCfg = Release|Any CPU
		{DA174E92-54B5-4387-B957-986EC687413A}.Ad-Hoc|iPhone.Build.0 = Release|Any CPU
		{DA174E92-54B5-4387-B957-986EC687413A}.Ad-Hoc|iPhoneSimulator.ActiveCfg = Release|Any CPU
		{DA174E92-54B5-4387-B957-986EC687413A}.Ad-Hoc|iPhoneSimulator.Build.0 = Release|Any CPU
		{DA174E92-54B5-4387-B957-986EC687413A}.Ad-Hoc|x64.ActiveCfg = Release|Any CPU
		{DA174E92-54B5-4387-B957-986EC687413A}.Ad-Hoc|x64.Build.0 = Release|Any CPU
		{DA174E92-54B5-4387-B957-986EC687413A}.Ad-Hoc|x86.ActiveCfg = Release|Any CPU
		{DA174E92-54B5-4387-B957-986EC687413A}.Ad-Hoc|x86.Build.0 = Release|Any CPU
		{DA174E92-54B5-4387-B957-986EC687413A}.AppStore|Any CPU.ActiveCfg = Release|Any CPU
		{DA174E92-54B5-4387-B957-986EC687413A}.AppStore|Any CPU.Build.0 = Release|Any CPU
		{DA174E92-54B5-4387-B957-986EC687413A}.AppStore|ARM.ActiveCfg = Release|Any CPU
		{DA174E92-54B5-4387-B957-986EC687413A}.AppStore|ARM.Build.0 = Release|Any CPU
		{DA174E92-54B5-4387-B957-986EC687413A}.AppStore|iPhone.ActiveCfg = Release|Any CPU
		{DA174E92-54B5-4387-B957-986EC687413A}.AppStore|iPhone.Build.0 = Release|Any CPU
		{DA174E92-54B5-4387-B957-986EC687413A}.AppStore|iPhoneSimulator.ActiveCfg = Release|Any CPU
		{DA174E92-54B5-4387-B957-986EC687413A}.AppStore|iPhoneSimulator.Build.0 = Release|Any CPU
		{DA174E92-54B5-4387-B957-986EC687413A}.AppStore|x64.ActiveCfg = Release|Any CPU
		{DA174E92-54B5-4387-B957-986EC687413A}.AppStore|x64.Build.0 = Release|Any CPU
		{DA174E92-54B5-4387-B957-986EC687413A}.AppStore|x86.ActiveCfg = Release|Any CPU
		{DA174E92-54B5-4387-B957-986EC687413A}.AppStore|x86.Build.0 = Release|Any CPU
		{DA174E92-54B5-4387-B957-986EC687413A}.Debug|Any CPU.ActiveCfg = Debug|Any CPU
		{DA174E92-54B5-4387-B957-986EC687413A}.Debug|Any CPU.Build.0 = Debug|Any CPU
		{DA174E92-54B5-4387-B957-986EC687413A}.Debug|Any CPU.Deploy.0 = Debug|Any CPU
		{DA174E92-54B5-4387-B957-986EC687413A}.Debug|ARM.ActiveCfg = Debug|Any CPU
		{DA174E92-54B5-4387-B957-986EC687413A}.Debug|ARM.Build.0 = Debug|Any CPU
		{DA174E92-54B5-4387-B957-986EC687413A}.Debug|iPhone.ActiveCfg = Debug|Any CPU
		{DA174E92-54B5-4387-B957-986EC687413A}.Debug|iPhone.Build.0 = Debug|Any CPU
		{DA174E92-54B5-4387-B957-986EC687413A}.Debug|iPhoneSimulator.ActiveCfg = Debug|Any CPU
		{DA174E92-54B5-4387-B957-986EC687413A}.Debug|iPhoneSimulator.Build.0 = Debug|Any CPU
		{DA174E92-54B5-4387-B957-986EC687413A}.Debug|x64.ActiveCfg = Debug|Any CPU
		{DA174E92-54B5-4387-B957-986EC687413A}.Debug|x64.Build.0 = Debug|Any CPU
		{DA174E92-54B5-4387-B957-986EC687413A}.Debug|x86.ActiveCfg = Debug|Any CPU
		{DA174E92-54B5-4387-B957-986EC687413A}.Debug|x86.Build.0 = Debug|Any CPU
		{DA174E92-54B5-4387-B957-986EC687413A}.Release|Any CPU.ActiveCfg = Release|Any CPU
		{DA174E92-54B5-4387-B957-986EC687413A}.Release|Any CPU.Build.0 = Release|Any CPU
		{DA174E92-54B5-4387-B957-986EC687413A}.Release|Any CPU.Deploy.0 = Release|Any CPU
		{DA174E92-54B5-4387-B957-986EC687413A}.Release|ARM.ActiveCfg = Release|Any CPU
		{DA174E92-54B5-4387-B957-986EC687413A}.Release|ARM.Build.0 = Release|Any CPU
		{DA174E92-54B5-4387-B957-986EC687413A}.Release|iPhone.ActiveCfg = Release|Any CPU
		{DA174E92-54B5-4387-B957-986EC687413A}.Release|iPhone.Build.0 = Release|Any CPU
		{DA174E92-54B5-4387-B957-986EC687413A}.Release|iPhoneSimulator.ActiveCfg = Release|Any CPU
		{DA174E92-54B5-4387-B957-986EC687413A}.Release|iPhoneSimulator.Build.0 = Release|Any CPU
		{DA174E92-54B5-4387-B957-986EC687413A}.Release|x64.ActiveCfg = Release|Any CPU
		{DA174E92-54B5-4387-B957-986EC687413A}.Release|x64.Build.0 = Release|Any CPU
		{DA174E92-54B5-4387-B957-986EC687413A}.Release|x86.ActiveCfg = Release|Any CPU
		{DA174E92-54B5-4387-B957-986EC687413A}.Release|x86.Build.0 = Release|Any CPU
		{F31CC057-8CAE-4DF4-AEDB-2F8540153CBA}.Ad-Hoc|Any CPU.ActiveCfg = Release|Any CPU
		{F31CC057-8CAE-4DF4-AEDB-2F8540153CBA}.Ad-Hoc|Any CPU.Build.0 = Release|Any CPU
		{F31CC057-8CAE-4DF4-AEDB-2F8540153CBA}.Ad-Hoc|ARM.ActiveCfg = Release|Any CPU
		{F31CC057-8CAE-4DF4-AEDB-2F8540153CBA}.Ad-Hoc|ARM.Build.0 = Release|Any CPU
		{F31CC057-8CAE-4DF4-AEDB-2F8540153CBA}.Ad-Hoc|iPhone.ActiveCfg = Release|Any CPU
		{F31CC057-8CAE-4DF4-AEDB-2F8540153CBA}.Ad-Hoc|iPhone.Build.0 = Release|Any CPU
		{F31CC057-8CAE-4DF4-AEDB-2F8540153CBA}.Ad-Hoc|iPhoneSimulator.ActiveCfg = Release|Any CPU
		{F31CC057-8CAE-4DF4-AEDB-2F8540153CBA}.Ad-Hoc|iPhoneSimulator.Build.0 = Release|Any CPU
		{F31CC057-8CAE-4DF4-AEDB-2F8540153CBA}.Ad-Hoc|x64.ActiveCfg = Release|Any CPU
		{F31CC057-8CAE-4DF4-AEDB-2F8540153CBA}.Ad-Hoc|x64.Build.0 = Release|Any CPU
		{F31CC057-8CAE-4DF4-AEDB-2F8540153CBA}.Ad-Hoc|x86.ActiveCfg = Release|Any CPU
		{F31CC057-8CAE-4DF4-AEDB-2F8540153CBA}.Ad-Hoc|x86.Build.0 = Release|Any CPU
		{F31CC057-8CAE-4DF4-AEDB-2F8540153CBA}.AppStore|Any CPU.ActiveCfg = Release|Any CPU
		{F31CC057-8CAE-4DF4-AEDB-2F8540153CBA}.AppStore|Any CPU.Build.0 = Release|Any CPU
		{F31CC057-8CAE-4DF4-AEDB-2F8540153CBA}.AppStore|ARM.ActiveCfg = Release|Any CPU
		{F31CC057-8CAE-4DF4-AEDB-2F8540153CBA}.AppStore|ARM.Build.0 = Release|Any CPU
		{F31CC057-8CAE-4DF4-AEDB-2F8540153CBA}.AppStore|iPhone.ActiveCfg = Release|Any CPU
		{F31CC057-8CAE-4DF4-AEDB-2F8540153CBA}.AppStore|iPhone.Build.0 = Release|Any CPU
		{F31CC057-8CAE-4DF4-AEDB-2F8540153CBA}.AppStore|iPhoneSimulator.ActiveCfg = Release|Any CPU
		{F31CC057-8CAE-4DF4-AEDB-2F8540153CBA}.AppStore|iPhoneSimulator.Build.0 = Release|Any CPU
		{F31CC057-8CAE-4DF4-AEDB-2F8540153CBA}.AppStore|x64.ActiveCfg = Release|Any CPU
		{F31CC057-8CAE-4DF4-AEDB-2F8540153CBA}.AppStore|x64.Build.0 = Release|Any CPU
		{F31CC057-8CAE-4DF4-AEDB-2F8540153CBA}.AppStore|x86.ActiveCfg = Release|Any CPU
		{F31CC057-8CAE-4DF4-AEDB-2F8540153CBA}.AppStore|x86.Build.0 = Release|Any CPU
		{F31CC057-8CAE-4DF4-AEDB-2F8540153CBA}.Debug|Any CPU.ActiveCfg = Debug|Any CPU
		{F31CC057-8CAE-4DF4-AEDB-2F8540153CBA}.Debug|Any CPU.Build.0 = Debug|Any CPU
		{F31CC057-8CAE-4DF4-AEDB-2F8540153CBA}.Debug|ARM.ActiveCfg = Debug|Any CPU
		{F31CC057-8CAE-4DF4-AEDB-2F8540153CBA}.Debug|ARM.Build.0 = Debug|Any CPU
		{F31CC057-8CAE-4DF4-AEDB-2F8540153CBA}.Debug|iPhone.ActiveCfg = Debug|Any CPU
		{F31CC057-8CAE-4DF4-AEDB-2F8540153CBA}.Debug|iPhone.Build.0 = Debug|Any CPU
		{F31CC057-8CAE-4DF4-AEDB-2F8540153CBA}.Debug|iPhoneSimulator.ActiveCfg = Debug|Any CPU
		{F31CC057-8CAE-4DF4-AEDB-2F8540153CBA}.Debug|iPhoneSimulator.Build.0 = Debug|Any CPU
		{F31CC057-8CAE-4DF4-AEDB-2F8540153CBA}.Debug|x64.ActiveCfg = Debug|Any CPU
		{F31CC057-8CAE-4DF4-AEDB-2F8540153CBA}.Debug|x64.Build.0 = Debug|Any CPU
		{F31CC057-8CAE-4DF4-AEDB-2F8540153CBA}.Debug|x86.ActiveCfg = Debug|Any CPU
		{F31CC057-8CAE-4DF4-AEDB-2F8540153CBA}.Debug|x86.Build.0 = Debug|Any CPU
		{F31CC057-8CAE-4DF4-AEDB-2F8540153CBA}.Release|Any CPU.ActiveCfg = Release|Any CPU
		{F31CC057-8CAE-4DF4-AEDB-2F8540153CBA}.Release|Any CPU.Build.0 = Release|Any CPU
		{F31CC057-8CAE-4DF4-AEDB-2F8540153CBA}.Release|ARM.ActiveCfg = Release|Any CPU
		{F31CC057-8CAE-4DF4-AEDB-2F8540153CBA}.Release|ARM.Build.0 = Release|Any CPU
		{F31CC057-8CAE-4DF4-AEDB-2F8540153CBA}.Release|iPhone.ActiveCfg = Release|Any CPU
		{F31CC057-8CAE-4DF4-AEDB-2F8540153CBA}.Release|iPhone.Build.0 = Release|Any CPU
		{F31CC057-8CAE-4DF4-AEDB-2F8540153CBA}.Release|iPhoneSimulator.ActiveCfg = Release|Any CPU
		{F31CC057-8CAE-4DF4-AEDB-2F8540153CBA}.Release|iPhoneSimulator.Build.0 = Release|Any CPU
		{F31CC057-8CAE-4DF4-AEDB-2F8540153CBA}.Release|x64.ActiveCfg = Release|Any CPU
		{F31CC057-8CAE-4DF4-AEDB-2F8540153CBA}.Release|x64.Build.0 = Release|Any CPU
		{F31CC057-8CAE-4DF4-AEDB-2F8540153CBA}.Release|x86.ActiveCfg = Release|Any CPU
		{F31CC057-8CAE-4DF4-AEDB-2F8540153CBA}.Release|x86.Build.0 = Release|Any CPU
		{F7262AB0-4364-4B1E-A021-E0D1B167BC80}.Ad-Hoc|Any CPU.ActiveCfg = Release|x64
		{F7262AB0-4364-4B1E-A021-E0D1B167BC80}.Ad-Hoc|Any CPU.Build.0 = Release|x64
		{F7262AB0-4364-4B1E-A021-E0D1B167BC80}.Ad-Hoc|Any CPU.Deploy.0 = Release|x64
		{F7262AB0-4364-4B1E-A021-E0D1B167BC80}.Ad-Hoc|ARM.ActiveCfg = Release|ARM
		{F7262AB0-4364-4B1E-A021-E0D1B167BC80}.Ad-Hoc|ARM.Build.0 = Release|ARM
		{F7262AB0-4364-4B1E-A021-E0D1B167BC80}.Ad-Hoc|ARM.Deploy.0 = Release|ARM
		{F7262AB0-4364-4B1E-A021-E0D1B167BC80}.Ad-Hoc|ARM64.ActiveCfg = Release|ARM64
		{F7262AB0-4364-4B1E-A021-E0D1B167BC80}.Ad-Hoc|ARM64.Build.0 = Release|ARM64
		{F7262AB0-4364-4B1E-A021-E0D1B167BC80}.Ad-Hoc|ARM64.Deploy.0 = Release|ARM64
		{F7262AB0-4364-4B1E-A021-E0D1B167BC80}.Ad-Hoc|iPhone.ActiveCfg = Release|x64
		{F7262AB0-4364-4B1E-A021-E0D1B167BC80}.Ad-Hoc|iPhone.Build.0 = Release|x64
		{F7262AB0-4364-4B1E-A021-E0D1B167BC80}.Ad-Hoc|iPhone.Deploy.0 = Release|x64
		{F7262AB0-4364-4B1E-A021-E0D1B167BC80}.Ad-Hoc|iPhoneSimulator.ActiveCfg = Release|x64
		{F7262AB0-4364-4B1E-A021-E0D1B167BC80}.Ad-Hoc|iPhoneSimulator.Build.0 = Release|x64
		{F7262AB0-4364-4B1E-A021-E0D1B167BC80}.Ad-Hoc|iPhoneSimulator.Deploy.0 = Release|x64
		{F7262AB0-4364-4B1E-A021-E0D1B167BC80}.Ad-Hoc|x64.ActiveCfg = Release|x64
		{F7262AB0-4364-4B1E-A021-E0D1B167BC80}.Ad-Hoc|x64.Build.0 = Release|x64
		{F7262AB0-4364-4B1E-A021-E0D1B167BC80}.Ad-Hoc|x64.Deploy.0 = Release|x64
		{F7262AB0-4364-4B1E-A021-E0D1B167BC80}.Ad-Hoc|x86.ActiveCfg = Release|x86
		{F7262AB0-4364-4B1E-A021-E0D1B167BC80}.Ad-Hoc|x86.Build.0 = Release|x86
		{F7262AB0-4364-4B1E-A021-E0D1B167BC80}.Ad-Hoc|x86.Deploy.0 = Release|x86
		{F7262AB0-4364-4B1E-A021-E0D1B167BC80}.AppStore|Any CPU.ActiveCfg = Release|x64
		{F7262AB0-4364-4B1E-A021-E0D1B167BC80}.AppStore|Any CPU.Build.0 = Release|x64
		{F7262AB0-4364-4B1E-A021-E0D1B167BC80}.AppStore|Any CPU.Deploy.0 = Release|x64
		{F7262AB0-4364-4B1E-A021-E0D1B167BC80}.AppStore|ARM.ActiveCfg = Release|ARM
		{F7262AB0-4364-4B1E-A021-E0D1B167BC80}.AppStore|ARM.Build.0 = Release|ARM
		{F7262AB0-4364-4B1E-A021-E0D1B167BC80}.AppStore|ARM.Deploy.0 = Release|ARM
		{F7262AB0-4364-4B1E-A021-E0D1B167BC80}.AppStore|ARM64.ActiveCfg = Release|ARM64
		{F7262AB0-4364-4B1E-A021-E0D1B167BC80}.AppStore|ARM64.Build.0 = Release|ARM64
		{F7262AB0-4364-4B1E-A021-E0D1B167BC80}.AppStore|ARM64.Deploy.0 = Release|ARM64
		{F7262AB0-4364-4B1E-A021-E0D1B167BC80}.AppStore|iPhone.ActiveCfg = Release|x64
		{F7262AB0-4364-4B1E-A021-E0D1B167BC80}.AppStore|iPhone.Build.0 = Release|x64
		{F7262AB0-4364-4B1E-A021-E0D1B167BC80}.AppStore|iPhone.Deploy.0 = Release|x64
		{F7262AB0-4364-4B1E-A021-E0D1B167BC80}.AppStore|iPhoneSimulator.ActiveCfg = Release|x64
		{F7262AB0-4364-4B1E-A021-E0D1B167BC80}.AppStore|iPhoneSimulator.Build.0 = Release|x64
		{F7262AB0-4364-4B1E-A021-E0D1B167BC80}.AppStore|iPhoneSimulator.Deploy.0 = Release|x64
		{F7262AB0-4364-4B1E-A021-E0D1B167BC80}.AppStore|x64.ActiveCfg = Release|x64
		{F7262AB0-4364-4B1E-A021-E0D1B167BC80}.AppStore|x64.Build.0 = Release|x64
		{F7262AB0-4364-4B1E-A021-E0D1B167BC80}.AppStore|x64.Deploy.0 = Release|x64
		{F7262AB0-4364-4B1E-A021-E0D1B167BC80}.AppStore|x86.ActiveCfg = Release|x86
		{F7262AB0-4364-4B1E-A021-E0D1B167BC80}.AppStore|x86.Build.0 = Release|x86
		{F7262AB0-4364-4B1E-A021-E0D1B167BC80}.AppStore|x86.Deploy.0 = Release|x86
		{F7262AB0-4364-4B1E-A021-E0D1B167BC80}.Debug|Any CPU.ActiveCfg = Debug|x86
		{F7262AB0-4364-4B1E-A021-E0D1B167BC80}.Debug|ARM.ActiveCfg = Debug|ARM
		{F7262AB0-4364-4B1E-A021-E0D1B167BC80}.Debug|ARM.Build.0 = Debug|ARM
		{F7262AB0-4364-4B1E-A021-E0D1B167BC80}.Debug|ARM.Deploy.0 = Debug|ARM
		{F7262AB0-4364-4B1E-A021-E0D1B167BC80}.Debug|ARM64.ActiveCfg = Debug|ARM64
		{F7262AB0-4364-4B1E-A021-E0D1B167BC80}.Debug|ARM64.Build.0 = Debug|ARM64
		{F7262AB0-4364-4B1E-A021-E0D1B167BC80}.Debug|ARM64.Deploy.0 = Debug|ARM64
		{F7262AB0-4364-4B1E-A021-E0D1B167BC80}.Debug|iPhone.ActiveCfg = Debug|x86
		{F7262AB0-4364-4B1E-A021-E0D1B167BC80}.Debug|iPhoneSimulator.ActiveCfg = Debug|x86
		{F7262AB0-4364-4B1E-A021-E0D1B167BC80}.Debug|x64.ActiveCfg = Debug|x64
		{F7262AB0-4364-4B1E-A021-E0D1B167BC80}.Debug|x64.Build.0 = Debug|x64
		{F7262AB0-4364-4B1E-A021-E0D1B167BC80}.Debug|x64.Deploy.0 = Debug|x64
		{F7262AB0-4364-4B1E-A021-E0D1B167BC80}.Debug|x86.ActiveCfg = Debug|x86
		{F7262AB0-4364-4B1E-A021-E0D1B167BC80}.Debug|x86.Build.0 = Debug|x86
		{F7262AB0-4364-4B1E-A021-E0D1B167BC80}.Debug|x86.Deploy.0 = Debug|x86
		{F7262AB0-4364-4B1E-A021-E0D1B167BC80}.Release|Any CPU.ActiveCfg = Release|x86
		{F7262AB0-4364-4B1E-A021-E0D1B167BC80}.Release|ARM.ActiveCfg = Release|ARM
		{F7262AB0-4364-4B1E-A021-E0D1B167BC80}.Release|ARM.Build.0 = Release|ARM
		{F7262AB0-4364-4B1E-A021-E0D1B167BC80}.Release|ARM.Deploy.0 = Release|ARM
		{F7262AB0-4364-4B1E-A021-E0D1B167BC80}.Release|ARM64.ActiveCfg = Release|ARM64
		{F7262AB0-4364-4B1E-A021-E0D1B167BC80}.Release|ARM64.Build.0 = Release|ARM64
		{F7262AB0-4364-4B1E-A021-E0D1B167BC80}.Release|ARM64.Deploy.0 = Release|ARM64
		{F7262AB0-4364-4B1E-A021-E0D1B167BC80}.Release|iPhone.ActiveCfg = Release|x86
		{F7262AB0-4364-4B1E-A021-E0D1B167BC80}.Release|iPhoneSimulator.ActiveCfg = Release|x86
		{F7262AB0-4364-4B1E-A021-E0D1B167BC80}.Release|x64.ActiveCfg = Release|x64
		{F7262AB0-4364-4B1E-A021-E0D1B167BC80}.Release|x64.Build.0 = Release|x64
		{F7262AB0-4364-4B1E-A021-E0D1B167BC80}.Release|x64.Deploy.0 = Release|x64
		{F7262AB0-4364-4B1E-A021-E0D1B167BC80}.Release|x86.ActiveCfg = Release|x86
		{F7262AB0-4364-4B1E-A021-E0D1B167BC80}.Release|x86.Build.0 = Release|x86
		{F7262AB0-4364-4B1E-A021-E0D1B167BC80}.Release|x86.Deploy.0 = Release|x86
	EndGlobalSection
	GlobalSection(SolutionProperties) = preSolution
		HideSolutionNode = FALSE
	EndGlobalSection
	GlobalSection(ExtensibilityGlobals) = postSolution
		SolutionGuid = {F6D05029-56B8-4E45-AF2D-0E76295DDBA2}
	EndGlobalSection
EndGlobal
