Microsoft Visual Studio Solution File, Format Version 12.00
# Visual Studio Version 16
VisualStudioVersion = 16.0.30225.117
MinimumVisualStudioVersion = 10.0.40219.1
Project("{6EC3EE1D-3C4E-46DD-8F32-0CC8E7565705}") = "aoc2019_3", "aoc2019_3\aoc2019_3.fsproj", "{D3017D04-2A46-46DE-9A5D-25BDBA8CF3DC}"
EndProject
Project("{F2A71F9B-5D33-465A-A702-920D77279786}") = "aoc2019_3.Android", "aoc2019_3.Android\aoc2019_3.Android.fsproj", "{EBA9240B-E4BC-478C-819E-4DED3C5F786C}"
EndProject
Project("{F2A71F9B-5D33-465A-A702-920D77279786}") = "aoc2019_3.iOS", "aoc2019_3.iOS\aoc2019_3.iOS.fsproj", "{D52A1E50-9180-47E0-BAFE-C1A60524A59E}"
EndProject
Project("{FAE04EC0-301F-11D3-BF4B-00C04F79EFBC}") = "aoc2019_3.UWP", "aoc2019_3.UWP\aoc2019_3.UWP.csproj", "{ECD3A580-069B-4BBF-B982-78406CB3E5B8}"
EndProject
Global
	GlobalSection(SolutionConfigurationPlatforms) = preSolution
		Ad-Hoc|Any CPU = Ad-Hoc|Any CPU
		Ad-Hoc|ARM = Ad-Hoc|ARM
		Ad-Hoc|iPhone = Ad-Hoc|iPhone
		Ad-Hoc|iPhoneSimulator = Ad-Hoc|iPhoneSimulator
		Ad-Hoc|x64 = Ad-Hoc|x64
		Ad-Hoc|x86 = Ad-Hoc|x86
		AppStore|Any CPU = AppStore|Any CPU
		AppStore|ARM = AppStore|ARM
		AppStore|iPhone = AppStore|iPhone
		AppStore|iPhoneSimulator = AppStore|iPhoneSimulator
		AppStore|x64 = AppStore|x64
		AppStore|x86 = AppStore|x86
		Debug|Any CPU = Debug|Any CPU
		Debug|ARM = Debug|ARM
		Debug|iPhone = Debug|iPhone
		Debug|iPhoneSimulator = Debug|iPhoneSimulator
		Debug|x64 = Debug|x64
		Debug|x86 = Debug|x86
		Release|Any CPU = Release|Any CPU
		Release|ARM = Release|ARM
		Release|iPhone = Release|iPhone
		Release|iPhoneSimulator = Release|iPhoneSimulator
		Release|x64 = Release|x64
		Release|x86 = Release|x86
	EndGlobalSection
	GlobalSection(ProjectConfigurationPlatforms) = postSolution
		{D3017D04-2A46-46DE-9A5D-25BDBA8CF3DC}.Ad-Hoc|Any CPU.ActiveCfg = Debug|Any CPU
		{D3017D04-2A46-46DE-9A5D-25BDBA8CF3DC}.Ad-Hoc|Any CPU.Build.0 = Debug|Any CPU
		{D3017D04-2A46-46DE-9A5D-25BDBA8CF3DC}.Ad-Hoc|ARM.ActiveCfg = Debug|Any CPU
		{D3017D04-2A46-46DE-9A5D-25BDBA8CF3DC}.Ad-Hoc|ARM.Build.0 = Debug|Any CPU
		{D3017D04-2A46-46DE-9A5D-25BDBA8CF3DC}.Ad-Hoc|iPhone.ActiveCfg = Debug|Any CPU
		{D3017D04-2A46-46DE-9A5D-25BDBA8CF3DC}.Ad-Hoc|iPhone.Build.0 = Debug|Any CPU
		{D3017D04-2A46-46DE-9A5D-25BDBA8CF3DC}.Ad-Hoc|iPhoneSimulator.ActiveCfg = Debug|Any CPU
		{D3017D04-2A46-46DE-9A5D-25BDBA8CF3DC}.Ad-Hoc|iPhoneSimulator.Build.0 = Debug|Any CPU
		{D3017D04-2A46-46DE-9A5D-25BDBA8CF3DC}.Ad-Hoc|x64.ActiveCfg = Debug|Any CPU
		{D3017D04-2A46-46DE-9A5D-25BDBA8CF3DC}.Ad-Hoc|x64.Build.0 = Debug|Any CPU
		{D3017D04-2A46-46DE-9A5D-25BDBA8CF3DC}.Ad-Hoc|x86.ActiveCfg = Debug|Any CPU
		{D3017D04-2A46-46DE-9A5D-25BDBA8CF3DC}.Ad-Hoc|x86.Build.0 = Debug|Any CPU
		{D3017D04-2A46-46DE-9A5D-25BDBA8CF3DC}.AppStore|Any CPU.ActiveCfg = Debug|Any CPU
		{D3017D04-2A46-46DE-9A5D-25BDBA8CF3DC}.AppStore|Any CPU.Build.0 = Debug|Any CPU
		{D3017D04-2A46-46DE-9A5D-25BDBA8CF3DC}.AppStore|ARM.ActiveCfg = Debug|Any CPU
		{D3017D04-2A46-46DE-9A5D-25BDBA8CF3DC}.AppStore|ARM.Build.0 = Debug|Any CPU
		{D3017D04-2A46-46DE-9A5D-25BDBA8CF3DC}.AppStore|iPhone.ActiveCfg = Debug|Any CPU
		{D3017D04-2A46-46DE-9A5D-25BDBA8CF3DC}.AppStore|iPhone.Build.0 = Debug|Any CPU
		{D3017D04-2A46-46DE-9A5D-25BDBA8CF3DC}.AppStore|iPhoneSimulator.ActiveCfg = Debug|Any CPU
		{D3017D04-2A46-46DE-9A5D-25BDBA8CF3DC}.AppStore|iPhoneSimulator.Build.0 = Debug|Any CPU
		{D3017D04-2A46-46DE-9A5D-25BDBA8CF3DC}.AppStore|x64.ActiveCfg = Debug|Any CPU
		{D3017D04-2A46-46DE-9A5D-25BDBA8CF3DC}.AppStore|x64.Build.0 = Debug|Any CPU
		{D3017D04-2A46-46DE-9A5D-25BDBA8CF3DC}.AppStore|x86.ActiveCfg = Debug|Any CPU
		{D3017D04-2A46-46DE-9A5D-25BDBA8CF3DC}.AppStore|x86.Build.0 = Debug|Any CPU
		{D3017D04-2A46-46DE-9A5D-25BDBA8CF3DC}.Debug|Any CPU.ActiveCfg = Debug|Any CPU
		{D3017D04-2A46-46DE-9A5D-25BDBA8CF3DC}.Debug|Any CPU.Build.0 = Debug|Any CPU
		{D3017D04-2A46-46DE-9A5D-25BDBA8CF3DC}.Debug|ARM.ActiveCfg = Debug|Any CPU
		{D3017D04-2A46-46DE-9A5D-25BDBA8CF3DC}.Debug|ARM.Build.0 = Debug|Any CPU
		{D3017D04-2A46-46DE-9A5D-25BDBA8CF3DC}.Debug|iPhone.ActiveCfg = Debug|Any CPU
		{D3017D04-2A46-46DE-9A5D-25BDBA8CF3DC}.Debug|iPhone.Build.0 = Debug|Any CPU
		{D3017D04-2A46-46DE-9A5D-25BDBA8CF3DC}.Debug|iPhoneSimulator.ActiveCfg = Debug|Any CPU
		{D3017D04-2A46-46DE-9A5D-25BDBA8CF3DC}.Debug|iPhoneSimulator.Build.0 = Debug|Any CPU
		{D3017D04-2A46-46DE-9A5D-25BDBA8CF3DC}.Debug|x64.ActiveCfg = Debug|Any CPU
		{D3017D04-2A46-46DE-9A5D-25BDBA8CF3DC}.Debug|x64.Build.0 = Debug|Any CPU
		{D3017D04-2A46-46DE-9A5D-25BDBA8CF3DC}.Debug|x86.ActiveCfg = Debug|Any CPU
		{D3017D04-2A46-46DE-9A5D-25BDBA8CF3DC}.Debug|x86.Build.0 = Debug|Any CPU
		{D3017D04-2A46-46DE-9A5D-25BDBA8CF3DC}.Release|Any CPU.ActiveCfg = Release|Any CPU
		{D3017D04-2A46-46DE-9A5D-25BDBA8CF3DC}.Release|Any CPU.Build.0 = Release|Any CPU
		{D3017D04-2A46-46DE-9A5D-25BDBA8CF3DC}.Release|ARM.ActiveCfg = Release|Any CPU
		{D3017D04-2A46-46DE-9A5D-25BDBA8CF3DC}.Release|ARM.Build.0 = Release|Any CPU
		{D3017D04-2A46-46DE-9A5D-25BDBA8CF3DC}.Release|iPhone.ActiveCfg = Release|Any CPU
		{D3017D04-2A46-46DE-9A5D-25BDBA8CF3DC}.Release|iPhone.Build.0 = Release|Any CPU
		{D3017D04-2A46-46DE-9A5D-25BDBA8CF3DC}.Release|iPhoneSimulator.ActiveCfg = Release|Any CPU
		{D3017D04-2A46-46DE-9A5D-25BDBA8CF3DC}.Release|iPhoneSimulator.Build.0 = Release|Any CPU
		{D3017D04-2A46-46DE-9A5D-25BDBA8CF3DC}.Release|x64.ActiveCfg = Release|Any CPU
		{D3017D04-2A46-46DE-9A5D-25BDBA8CF3DC}.Release|x64.Build.0 = Release|Any CPU
		{D3017D04-2A46-46DE-9A5D-25BDBA8CF3DC}.Release|x86.ActiveCfg = Release|Any CPU
		{D3017D04-2A46-46DE-9A5D-25BDBA8CF3DC}.Release|x86.Build.0 = Release|Any CPU
		{EBA9240B-E4BC-478C-819E-4DED3C5F786C}.Ad-Hoc|Any CPU.ActiveCfg = Release|Any CPU
		{EBA9240B-E4BC-478C-819E-4DED3C5F786C}.Ad-Hoc|Any CPU.Build.0 = Release|Any CPU
		{EBA9240B-E4BC-478C-819E-4DED3C5F786C}.Ad-Hoc|ARM.ActiveCfg = Release|Any CPU
		{EBA9240B-E4BC-478C-819E-4DED3C5F786C}.Ad-Hoc|ARM.Build.0 = Release|Any CPU
		{EBA9240B-E4BC-478C-819E-4DED3C5F786C}.Ad-Hoc|iPhone.ActiveCfg = Release|Any CPU
		{EBA9240B-E4BC-478C-819E-4DED3C5F786C}.Ad-Hoc|iPhone.Build.0 = Release|Any CPU
		{EBA9240B-E4BC-478C-819E-4DED3C5F786C}.Ad-Hoc|iPhoneSimulator.ActiveCfg = Release|Any CPU
		{EBA9240B-E4BC-478C-819E-4DED3C5F786C}.Ad-Hoc|iPhoneSimulator.Build.0 = Release|Any CPU
		{EBA9240B-E4BC-478C-819E-4DED3C5F786C}.Ad-Hoc|x64.ActiveCfg = Release|Any CPU
		{EBA9240B-E4BC-478C-819E-4DED3C5F786C}.Ad-Hoc|x64.Build.0 = Release|Any CPU
		{EBA9240B-E4BC-478C-819E-4DED3C5F786C}.Ad-Hoc|x86.ActiveCfg = Release|Any CPU
		{EBA9240B-E4BC-478C-819E-4DED3C5F786C}.Ad-Hoc|x86.Build.0 = Release|Any CPU
		{EBA9240B-E4BC-478C-819E-4DED3C5F786C}.AppStore|Any CPU.ActiveCfg = Release|Any CPU
		{EBA9240B-E4BC-478C-819E-4DED3C5F786C}.AppStore|Any CPU.Build.0 = Release|Any CPU
		{EBA9240B-E4BC-478C-819E-4DED3C5F786C}.AppStore|ARM.ActiveCfg = Release|Any CPU
		{EBA9240B-E4BC-478C-819E-4DED3C5F786C}.AppStore|ARM.Build.0 = Release|Any CPU
		{EBA9240B-E4BC-478C-819E-4DED3C5F786C}.AppStore|iPhone.ActiveCfg = Release|Any CPU
		{EBA9240B-E4BC-478C-819E-4DED3C5F786C}.AppStore|iPhone.Build.0 = Release|Any CPU
		{EBA9240B-E4BC-478C-819E-4DED3C5F786C}.AppStore|iPhoneSimulator.ActiveCfg = Release|Any CPU
		{EBA9240B-E4BC-478C-819E-4DED3C5F786C}.AppStore|iPhoneSimulator.Build.0 = Release|Any CPU
		{EBA9240B-E4BC-478C-819E-4DED3C5F786C}.AppStore|x64.ActiveCfg = Release|Any CPU
		{EBA9240B-E4BC-478C-819E-4DED3C5F786C}.AppStore|x64.Build.0 = Release|Any CPU
		{EBA9240B-E4BC-478C-819E-4DED3C5F786C}.AppStore|x86.ActiveCfg = Release|Any CPU
		{EBA9240B-E4BC-478C-819E-4DED3C5F786C}.AppStore|x86.Build.0 = Release|Any CPU
		{EBA9240B-E4BC-478C-819E-4DED3C5F786C}.Debug|Any CPU.ActiveCfg = Debug|Any CPU
		{EBA9240B-E4BC-478C-819E-4DED3C5F786C}.Debug|Any CPU.Build.0 = Debug|Any CPU
		{EBA9240B-E4BC-478C-819E-4DED3C5F786C}.Debug|Any CPU.Deploy.0 = Debug|Any CPU
		{EBA9240B-E4BC-478C-819E-4DED3C5F786C}.Debug|ARM.ActiveCfg = Debug|Any CPU
		{EBA9240B-E4BC-478C-819E-4DED3C5F786C}.Debug|ARM.Build.0 = Debug|Any CPU
		{EBA9240B-E4BC-478C-819E-4DED3C5F786C}.Debug|iPhone.ActiveCfg = Debug|Any CPU
		{EBA9240B-E4BC-478C-819E-4DED3C5F786C}.Debug|iPhone.Build.0 = Debug|Any CPU
		{EBA9240B-E4BC-478C-819E-4DED3C5F786C}.Debug|iPhoneSimulator.ActiveCfg = Debug|Any CPU
		{EBA9240B-E4BC-478C-819E-4DED3C5F786C}.Debug|iPhoneSimulator.Build.0 = Debug|Any CPU
		{EBA9240B-E4BC-478C-819E-4DED3C5F786C}.Debug|x64.ActiveCfg = Debug|Any CPU
		{EBA9240B-E4BC-478C-819E-4DED3C5F786C}.Debug|x64.Build.0 = Debug|Any CPU
		{EBA9240B-E4BC-478C-819E-4DED3C5F786C}.Debug|x86.ActiveCfg = Debug|Any CPU
		{EBA9240B-E4BC-478C-819E-4DED3C5F786C}.Debug|x86.Build.0 = Debug|Any CPU
		{EBA9240B-E4BC-478C-819E-4DED3C5F786C}.Release|Any CPU.ActiveCfg = Release|Any CPU
		{EBA9240B-E4BC-478C-819E-4DED3C5F786C}.Release|Any CPU.Build.0 = Release|Any CPU
		{EBA9240B-E4BC-478C-819E-4DED3C5F786C}.Release|Any CPU.Deploy.0 = Release|Any CPU
		{EBA9240B-E4BC-478C-819E-4DED3C5F786C}.Release|ARM.ActiveCfg = Release|Any CPU
		{EBA9240B-E4BC-478C-819E-4DED3C5F786C}.Release|ARM.Build.0 = Release|Any CPU
		{EBA9240B-E4BC-478C-819E-4DED3C5F786C}.Release|iPhone.ActiveCfg = Release|Any CPU
		{EBA9240B-E4BC-478C-819E-4DED3C5F786C}.Release|iPhone.Build.0 = Release|Any CPU
		{EBA9240B-E4BC-478C-819E-4DED3C5F786C}.Release|iPhoneSimulator.ActiveCfg = Release|Any CPU
		{EBA9240B-E4BC-478C-819E-4DED3C5F786C}.Release|iPhoneSimulator.Build.0 = Release|Any CPU
		{EBA9240B-E4BC-478C-819E-4DED3C5F786C}.Release|x64.ActiveCfg = Release|Any CPU
		{EBA9240B-E4BC-478C-819E-4DED3C5F786C}.Release|x64.Build.0 = Release|Any CPU
		{EBA9240B-E4BC-478C-819E-4DED3C5F786C}.Release|x86.ActiveCfg = Release|Any CPU
		{EBA9240B-E4BC-478C-819E-4DED3C5F786C}.Release|x86.Build.0 = Release|Any CPU
		{D52A1E50-9180-47E0-BAFE-C1A60524A59E}.Ad-Hoc|Any CPU.ActiveCfg = Ad-Hoc|iPhone
		{D52A1E50-9180-47E0-BAFE-C1A60524A59E}.Ad-Hoc|ARM.ActiveCfg = Ad-Hoc|iPhone
		{D52A1E50-9180-47E0-BAFE-C1A60524A59E}.Ad-Hoc|iPhone.ActiveCfg = Ad-Hoc|iPhone
		{D52A1E50-9180-47E0-BAFE-C1A60524A59E}.Ad-Hoc|iPhone.Build.0 = Ad-Hoc|iPhone
		{D52A1E50-9180-47E0-BAFE-C1A60524A59E}.Ad-Hoc|iPhoneSimulator.ActiveCfg = Ad-Hoc|iPhoneSimulator
		{D52A1E50-9180-47E0-BAFE-C1A60524A59E}.Ad-Hoc|iPhoneSimulator.Build.0 = Ad-Hoc|iPhoneSimulator
		{D52A1E50-9180-47E0-BAFE-C1A60524A59E}.Ad-Hoc|x64.ActiveCfg = Ad-Hoc|iPhone
		{D52A1E50-9180-47E0-BAFE-C1A60524A59E}.Ad-Hoc|x86.ActiveCfg = Ad-Hoc|iPhone
		{D52A1E50-9180-47E0-BAFE-C1A60524A59E}.AppStore|Any CPU.ActiveCfg = AppStore|iPhone
		{D52A1E50-9180-47E0-BAFE-C1A60524A59E}.AppStore|ARM.ActiveCfg = AppStore|iPhone
		{D52A1E50-9180-47E0-BAFE-C1A60524A59E}.AppStore|iPhone.ActiveCfg = AppStore|iPhone
		{D52A1E50-9180-47E0-BAFE-C1A60524A59E}.AppStore|iPhone.Build.0 = AppStore|iPhone
		{D52A1E50-9180-47E0-BAFE-C1A60524A59E}.AppStore|iPhoneSimulator.ActiveCfg = AppStore|iPhoneSimulator
		{D52A1E50-9180-47E0-BAFE-C1A60524A59E}.AppStore|iPhoneSimulator.Build.0 = AppStore|iPhoneSimulator
		{D52A1E50-9180-47E0-BAFE-C1A60524A59E}.AppStore|x64.ActiveCfg = AppStore|iPhone
		{D52A1E50-9180-47E0-BAFE-C1A60524A59E}.AppStore|x86.ActiveCfg = AppStore|iPhone
		{D52A1E50-9180-47E0-BAFE-C1A60524A59E}.Debug|Any CPU.ActiveCfg = Debug|iPhone
		{D52A1E50-9180-47E0-BAFE-C1A60524A59E}.Debug|ARM.ActiveCfg = Debug|iPhone
		{D52A1E50-9180-47E0-BAFE-C1A60524A59E}.Debug|iPhone.ActiveCfg = Debug|iPhone
		{D52A1E50-9180-47E0-BAFE-C1A60524A59E}.Debug|iPhone.Build.0 = Debug|iPhone
		{D52A1E50-9180-47E0-BAFE-C1A60524A59E}.Debug|iPhoneSimulator.ActiveCfg = Debug|iPhoneSimulator
		{D52A1E50-9180-47E0-BAFE-C1A60524A59E}.Debug|iPhoneSimulator.Build.0 = Debug|iPhoneSimulator
		{D52A1E50-9180-47E0-BAFE-C1A60524A59E}.Debug|x64.ActiveCfg = Debug|iPhone
		{D52A1E50-9180-47E0-BAFE-C1A60524A59E}.Debug|x86.ActiveCfg = Debug|iPhone
		{D52A1E50-9180-47E0-BAFE-C1A60524A59E}.Release|Any CPU.ActiveCfg = Release|iPhone
		{D52A1E50-9180-47E0-BAFE-C1A60524A59E}.Release|ARM.ActiveCfg = Release|iPhone
		{D52A1E50-9180-47E0-BAFE-C1A60524A59E}.Release|iPhone.ActiveCfg = Release|iPhone
		{D52A1E50-9180-47E0-BAFE-C1A60524A59E}.Release|iPhone.Build.0 = Release|iPhone
		{D52A1E50-9180-47E0-BAFE-C1A60524A59E}.Release|iPhoneSimulator.ActiveCfg = Release|iPhoneSimulator
		{D52A1E50-9180-47E0-BAFE-C1A60524A59E}.Release|iPhoneSimulator.Build.0 = Release|iPhoneSimulator
		{D52A1E50-9180-47E0-BAFE-C1A60524A59E}.Release|x64.ActiveCfg = Release|iPhone
		{D52A1E50-9180-47E0-BAFE-C1A60524A59E}.Release|x86.ActiveCfg = Release|iPhone
		{ECD3A580-069B-4BBF-B982-78406CB3E5B8}.Ad-Hoc|Any CPU.ActiveCfg = Release|x64
		{ECD3A580-069B-4BBF-B982-78406CB3E5B8}.Ad-Hoc|Any CPU.Build.0 = Release|x64
		{ECD3A580-069B-4BBF-B982-78406CB3E5B8}.Ad-Hoc|Any CPU.Deploy.0 = Release|x64
		{ECD3A580-069B-4BBF-B982-78406CB3E5B8}.Ad-Hoc|ARM.ActiveCfg = Release|ARM
		{ECD3A580-069B-4BBF-B982-78406CB3E5B8}.Ad-Hoc|ARM.Build.0 = Release|ARM
		{ECD3A580-069B-4BBF-B982-78406CB3E5B8}.Ad-Hoc|ARM.Deploy.0 = Release|ARM
		{ECD3A580-069B-4BBF-B982-78406CB3E5B8}.Ad-Hoc|iPhone.ActiveCfg = Release|x64
		{ECD3A580-069B-4BBF-B982-78406CB3E5B8}.Ad-Hoc|iPhone.Build.0 = Release|x64
		{ECD3A580-069B-4BBF-B982-78406CB3E5B8}.Ad-Hoc|iPhone.Deploy.0 = Release|x64
		{ECD3A580-069B-4BBF-B982-78406CB3E5B8}.Ad-Hoc|iPhoneSimulator.ActiveCfg = Release|x64
		{ECD3A580-069B-4BBF-B982-78406CB3E5B8}.Ad-Hoc|iPhoneSimulator.Build.0 = Release|x64
		{ECD3A580-069B-4BBF-B982-78406CB3E5B8}.Ad-Hoc|iPhoneSimulator.Deploy.0 = Release|x64
		{ECD3A580-069B-4BBF-B982-78406CB3E5B8}.Ad-Hoc|x64.ActiveCfg = Release|x64
		{ECD3A580-069B-4BBF-B982-78406CB3E5B8}.Ad-Hoc|x64.Build.0 = Release|x64
		{ECD3A580-069B-4BBF-B982-78406CB3E5B8}.Ad-Hoc|x64.Deploy.0 = Release|x64
		{ECD3A580-069B-4BBF-B982-78406CB3E5B8}.Ad-Hoc|x86.ActiveCfg = Release|x86
		{ECD3A580-069B-4BBF-B982-78406CB3E5B8}.Ad-Hoc|x86.Build.0 = Release|x86
		{ECD3A580-069B-4BBF-B982-78406CB3E5B8}.Ad-Hoc|x86.Deploy.0 = Release|x86
		{ECD3A580-069B-4BBF-B982-78406CB3E5B8}.AppStore|Any CPU.ActiveCfg = Release|x64
		{ECD3A580-069B-4BBF-B982-78406CB3E5B8}.AppStore|Any CPU.Build.0 = Release|x64
		{ECD3A580-069B-4BBF-B982-78406CB3E5B8}.AppStore|Any CPU.Deploy.0 = Release|x64
		{ECD3A580-069B-4BBF-B982-78406CB3E5B8}.AppStore|ARM.ActiveCfg = Release|ARM
		{ECD3A580-069B-4BBF-B982-78406CB3E5B8}.AppStore|ARM.Build.0 = Release|ARM
		{ECD3A580-069B-4BBF-B982-78406CB3E5B8}.AppStore|ARM.Deploy.0 = Release|ARM
		{ECD3A580-069B-4BBF-B982-78406CB3E5B8}.AppStore|iPhone.ActiveCfg = Release|x64
		{ECD3A580-069B-4BBF-B982-78406CB3E5B8}.AppStore|iPhone.Build.0 = Release|x64
		{ECD3A580-069B-4BBF-B982-78406CB3E5B8}.AppStore|iPhone.Deploy.0 = Release|x64
		{ECD3A580-069B-4BBF-B982-78406CB3E5B8}.AppStore|iPhoneSimulator.ActiveCfg = Release|x64
		{ECD3A580-069B-4BBF-B982-78406CB3E5B8}.AppStore|iPhoneSimulator.Build.0 = Release|x64
		{ECD3A580-069B-4BBF-B982-78406CB3E5B8}.AppStore|iPhoneSimulator.Deploy.0 = Release|x64
		{ECD3A580-069B-4BBF-B982-78406CB3E5B8}.AppStore|x64.ActiveCfg = Release|x64
		{ECD3A580-069B-4BBF-B982-78406CB3E5B8}.AppStore|x64.Build.0 = Release|x64
		{ECD3A580-069B-4BBF-B982-78406CB3E5B8}.AppStore|x64.Deploy.0 = Release|x64
		{ECD3A580-069B-4BBF-B982-78406CB3E5B8}.AppStore|x86.ActiveCfg = Release|x86
		{ECD3A580-069B-4BBF-B982-78406CB3E5B8}.AppStore|x86.Build.0 = Release|x86
		{ECD3A580-069B-4BBF-B982-78406CB3E5B8}.AppStore|x86.Deploy.0 = Release|x86
		{ECD3A580-069B-4BBF-B982-78406CB3E5B8}.Debug|Any CPU.ActiveCfg = Debug|x86
		{ECD3A580-069B-4BBF-B982-78406CB3E5B8}.Debug|Any CPU.Build.0 = Debug|x86
		{ECD3A580-069B-4BBF-B982-78406CB3E5B8}.Debug|Any CPU.Deploy.0 = Debug|x86
		{ECD3A580-069B-4BBF-B982-78406CB3E5B8}.Debug|ARM.ActiveCfg = Debug|ARM
		{ECD3A580-069B-4BBF-B982-78406CB3E5B8}.Debug|ARM.Build.0 = Debug|ARM
		{ECD3A580-069B-4BBF-B982-78406CB3E5B8}.Debug|ARM.Deploy.0 = Debug|ARM
		{ECD3A580-069B-4BBF-B982-78406CB3E5B8}.Debug|iPhone.ActiveCfg = Debug|x86
		{ECD3A580-069B-4BBF-B982-78406CB3E5B8}.Debug|iPhoneSimulator.ActiveCfg = Debug|x86
		{ECD3A580-069B-4BBF-B982-78406CB3E5B8}.Debug|x64.ActiveCfg = Debug|x64
		{ECD3A580-069B-4BBF-B982-78406CB3E5B8}.Debug|x64.Build.0 = Debug|x64
		{ECD3A580-069B-4BBF-B982-78406CB3E5B8}.Debug|x64.Deploy.0 = Debug|x64
		{ECD3A580-069B-4BBF-B982-78406CB3E5B8}.Debug|x86.ActiveCfg = Debug|x86
		{ECD3A580-069B-4BBF-B982-78406CB3E5B8}.Debug|x86.Build.0 = Debug|x86
		{ECD3A580-069B-4BBF-B982-78406CB3E5B8}.Debug|x86.Deploy.0 = Debug|x86
		{ECD3A580-069B-4BBF-B982-78406CB3E5B8}.Release|Any CPU.ActiveCfg = Release|x86
		{ECD3A580-069B-4BBF-B982-78406CB3E5B8}.Release|ARM.ActiveCfg = Release|ARM
		{ECD3A580-069B-4BBF-B982-78406CB3E5B8}.Release|ARM.Build.0 = Release|ARM
		{ECD3A580-069B-4BBF-B982-78406CB3E5B8}.Release|ARM.Deploy.0 = Release|ARM
		{ECD3A580-069B-4BBF-B982-78406CB3E5B8}.Release|iPhone.ActiveCfg = Release|x86
		{ECD3A580-069B-4BBF-B982-78406CB3E5B8}.Release|iPhoneSimulator.ActiveCfg = Release|x86
		{ECD3A580-069B-4BBF-B982-78406CB3E5B8}.Release|x64.ActiveCfg = Release|x64
		{ECD3A580-069B-4BBF-B982-78406CB3E5B8}.Release|x64.Build.0 = Release|x64
		{ECD3A580-069B-4BBF-B982-78406CB3E5B8}.Release|x64.Deploy.0 = Release|x64
		{ECD3A580-069B-4BBF-B982-78406CB3E5B8}.Release|x86.ActiveCfg = Release|x86
		{ECD3A580-069B-4BBF-B982-78406CB3E5B8}.Release|x86.Build.0 = Release|x86
		{ECD3A580-069B-4BBF-B982-78406CB3E5B8}.Release|x86.Deploy.0 = Release|x86
	EndGlobalSection
	GlobalSection(SolutionProperties) = preSolution
		HideSolutionNode = FALSE
	EndGlobalSection
	GlobalSection(ExtensibilityGlobals) = postSolution
		SolutionGuid = {F6D05029-56B8-4E45-AF2D-0E76295DDBA2}
	EndGlobalSection
EndGlobal
