
Microsoft Visual Studio Solution File, Format Version 12.00
# Visual Studio 15
VisualStudioVersion = 15.0.26730.10
MinimumVisualStudioVersion = 10.0.40219.1

Project("{6EC3EE1D-3C4E-46DD-8F32-0CC8E7565705}") = "aoc2019_3", "aoc2019_3\aoc2019_3.fsproj", "{42C04F43-1647-4CF1-870D-EF5BADCF8344}"
EndProject

Project("{F2A71F9B-5D33-465A-A702-920D77279786}") = "aoc2019_3.Android", "aoc2019_3.Android\aoc2019_3.Android.fsproj", "{41AD0A4F-31C0-4BFA-870B-16150ACE017C}"
EndProject





Project("{FAE04EC0-301F-11D3-BF4B-00C04F79EFBC}") = "aoc2019_3.UWP", "aoc2019_3.UWP\aoc2019_3.UWP.csproj", "{954B8ECF-3203-4C41-B161-6BC9D34D321F}"
EndProject

Global
	GlobalSection(SolutionConfigurationPlatforms) = preSolution
		Ad-Hoc|Any CPU = Ad-Hoc|Any CPU
		Ad-Hoc|ARM = Ad-Hoc|ARM
		Ad-Hoc|iPhone = Ad-Hoc|iPhone
		Ad-Hoc|iPhoneSimulator = Ad-Hoc|iPhoneSimulator
		Ad-Hoc|x64 = Ad-Hoc|x64
		Ad-Hoc|x86 = Ad-Hoc|x86
		AppStore|Any CPU = AppStore|Any CPU
		AppStore|ARM = AppStore|ARM
		AppStore|iPhone = AppStore|iPhone
		AppStore|iPhoneSimulator = AppStore|iPhoneSimulator
		AppStore|x64 = AppStore|x64
		AppStore|x86 = AppStore|x86
		Debug|Any CPU = Debug|Any CPU
		Debug|ARM = Debug|ARM
		Debug|iPhone = Debug|iPhone
		Debug|iPhoneSimulator = Debug|iPhoneSimulator
		Debug|x64 = Debug|x64
		Debug|x86 = Debug|x86
		Release|Any CPU = Release|Any CPU
		Release|ARM = Release|ARM
		Release|iPhone = Release|iPhone
		Release|iPhoneSimulator = Release|iPhoneSimulator
		Release|x64 = Release|x64
		Release|x86 = Release|x86
	EndGlobalSection
	GlobalSection(ProjectConfigurationPlatforms) = postSolution
		{42C04F43-1647-4CF1-870D-EF5BADCF8344}.Ad-Hoc|Any CPU.ActiveCfg = Debug|Any CPU
		{42C04F43-1647-4CF1-870D-EF5BADCF8344}.Ad-Hoc|Any CPU.Build.0 = Debug|Any CPU
		{42C04F43-1647-4CF1-870D-EF5BADCF8344}.Ad-Hoc|ARM.ActiveCfg = Debug|Any CPU
		{42C04F43-1647-4CF1-870D-EF5BADCF8344}.Ad-Hoc|ARM.Build.0 = Debug|Any CPU
		{42C04F43-1647-4CF1-870D-EF5BADCF8344}.Ad-Hoc|iPhone.ActiveCfg = Debug|Any CPU
		{42C04F43-1647-4CF1-870D-EF5BADCF8344}.Ad-Hoc|iPhone.Build.0 = Debug|Any CPU
		{42C04F43-1647-4CF1-870D-EF5BADCF8344}.Ad-Hoc|iPhoneSimulator.ActiveCfg = Debug|Any CPU
		{42C04F43-1647-4CF1-870D-EF5BADCF8344}.Ad-Hoc|iPhoneSimulator.Build.0 = Debug|Any CPU
		{42C04F43-1647-4CF1-870D-EF5BADCF8344}.Ad-Hoc|x64.ActiveCfg = Debug|Any CPU
		{42C04F43-1647-4CF1-870D-EF5BADCF8344}.Ad-Hoc|x64.Build.0 = Debug|Any CPU
		{42C04F43-1647-4CF1-870D-EF5BADCF8344}.Ad-Hoc|x86.ActiveCfg = Debug|Any CPU
		{42C04F43-1647-4CF1-870D-EF5BADCF8344}.Ad-Hoc|x86.Build.0 = Debug|Any CPU
		{42C04F43-1647-4CF1-870D-EF5BADCF8344}.AppStore|Any CPU.ActiveCfg = Debug|Any CPU
		{42C04F43-1647-4CF1-870D-EF5BADCF8344}.AppStore|Any CPU.Build.0 = Debug|Any CPU
		{42C04F43-1647-4CF1-870D-EF5BADCF8344}.AppStore|ARM.ActiveCfg = Debug|Any CPU
		{42C04F43-1647-4CF1-870D-EF5BADCF8344}.AppStore|ARM.Build.0 = Debug|Any CPU
		{42C04F43-1647-4CF1-870D-EF5BADCF8344}.AppStore|iPhone.ActiveCfg = Debug|Any CPU
		{42C04F43-1647-4CF1-870D-EF5BADCF8344}.AppStore|iPhone.Build.0 = Debug|Any CPU
		{42C04F43-1647-4CF1-870D-EF5BADCF8344}.AppStore|iPhoneSimulator.ActiveCfg = Debug|Any CPU
		{42C04F43-1647-4CF1-870D-EF5BADCF8344}.AppStore|iPhoneSimulator.Build.0 = Debug|Any CPU
		{42C04F43-1647-4CF1-870D-EF5BADCF8344}.AppStore|x64.ActiveCfg = Debug|Any CPU
		{42C04F43-1647-4CF1-870D-EF5BADCF8344}.AppStore|x64.Build.0 = Debug|Any CPU
		{42C04F43-1647-4CF1-870D-EF5BADCF8344}.AppStore|x86.ActiveCfg = Debug|Any CPU
		{42C04F43-1647-4CF1-870D-EF5BADCF8344}.AppStore|x86.Build.0 = Debug|Any CPU
		{42C04F43-1647-4CF1-870D-EF5BADCF8344}.Debug|Any CPU.ActiveCfg = Debug|Any CPU
		{42C04F43-1647-4CF1-870D-EF5BADCF8344}.Debug|Any CPU.Build.0 = Debug|Any CPU
		{42C04F43-1647-4CF1-870D-EF5BADCF8344}.Debug|ARM.ActiveCfg = Debug|Any CPU
		{42C04F43-1647-4CF1-870D-EF5BADCF8344}.Debug|ARM.Build.0 = Debug|Any CPU
		{42C04F43-1647-4CF1-870D-EF5BADCF8344}.Debug|iPhone.ActiveCfg = Debug|Any CPU
		{42C04F43-1647-4CF1-870D-EF5BADCF8344}.Debug|iPhone.Build.0 = Debug|Any CPU
		{42C04F43-1647-4CF1-870D-EF5BADCF8344}.Debug|iPhoneSimulator.ActiveCfg = Debug|Any CPU
		{42C04F43-1647-4CF1-870D-EF5BADCF8344}.Debug|iPhoneSimulator.Build.0 = Debug|Any CPU
		{42C04F43-1647-4CF1-870D-EF5BADCF8344}.Debug|x64.ActiveCfg = Debug|Any CPU
		{42C04F43-1647-4CF1-870D-EF5BADCF8344}.Debug|x64.Build.0 = Debug|Any CPU
		{42C04F43-1647-4CF1-870D-EF5BADCF8344}.Debug|x86.ActiveCfg = Debug|Any CPU
		{42C04F43-1647-4CF1-870D-EF5BADCF8344}.Debug|x86.Build.0 = Debug|Any CPU
		{42C04F43-1647-4CF1-870D-EF5BADCF8344}.Release|Any CPU.ActiveCfg = Release|Any CPU
		{42C04F43-1647-4CF1-870D-EF5BADCF8344}.Release|Any CPU.Build.0 = Release|Any CPU
		{42C04F43-1647-4CF1-870D-EF5BADCF8344}.Release|ARM.ActiveCfg = Release|Any CPU
		{42C04F43-1647-4CF1-870D-EF5BADCF8344}.Release|ARM.Build.0 = Release|Any CPU
		{42C04F43-1647-4CF1-870D-EF5BADCF8344}.Release|iPhone.ActiveCfg = Release|Any CPU
		{42C04F43-1647-4CF1-870D-EF5BADCF8344}.Release|iPhone.Build.0 = Release|Any CPU
		{42C04F43-1647-4CF1-870D-EF5BADCF8344}.Release|iPhoneSimulator.ActiveCfg = Release|Any CPU
		{42C04F43-1647-4CF1-870D-EF5BADCF8344}.Release|iPhoneSimulator.Build.0 = Release|Any CPU
		{42C04F43-1647-4CF1-870D-EF5BADCF8344}.Release|x64.ActiveCfg = Release|Any CPU
		{42C04F43-1647-4CF1-870D-EF5BADCF8344}.Release|x64.Build.0 = Release|Any CPU
		{42C04F43-1647-4CF1-870D-EF5BADCF8344}.Release|x86.ActiveCfg = Release|Any CPU
		{42C04F43-1647-4CF1-870D-EF5BADCF8344}.Release|x86.Build.0 = Release|Any CPU
		{6E679260-518C-4D80-BBAE-F5BECF85221A}.Ad-Hoc|Any CPU.ActiveCfg = Ad-Hoc|iPhone
		{6E679260-518C-4D80-BBAE-F5BECF85221A}.Ad-Hoc|ARM.ActiveCfg = Ad-Hoc|iPhone
		{6E679260-518C-4D80-BBAE-F5BECF85221A}.Ad-Hoc|iPhone.ActiveCfg = Ad-Hoc|iPhone
		{6E679260-518C-4D80-BBAE-F5BECF85221A}.Ad-Hoc|iPhone.Build.0 = Ad-Hoc|iPhone
		{6E679260-518C-4D80-BBAE-F5BECF85221A}.Ad-Hoc|iPhoneSimulator.ActiveCfg = Ad-Hoc|iPhoneSimulator
		{6E679260-518C-4D80-BBAE-F5BECF85221A}.Ad-Hoc|iPhoneSimulator.Build.0 = Ad-Hoc|iPhoneSimulator
		{6E679260-518C-4D80-BBAE-F5BECF85221A}.Ad-Hoc|x64.ActiveCfg = Ad-Hoc|iPhone
		{6E679260-518C-4D80-BBAE-F5BECF85221A}.Ad-Hoc|x86.ActiveCfg = Ad-Hoc|iPhone
		{6E679260-518C-4D80-BBAE-F5BECF85221A}.AppStore|Any CPU.ActiveCfg = AppStore|iPhone
		{6E679260-518C-4D80-BBAE-F5BECF85221A}.AppStore|ARM.ActiveCfg = AppStore|iPhone
		{6E679260-518C-4D80-BBAE-F5BECF85221A}.AppStore|iPhone.ActiveCfg = AppStore|iPhone
		{6E679260-518C-4D80-BBAE-F5BECF85221A}.AppStore|iPhone.Build.0 = AppStore|iPhone
		{6E679260-518C-4D80-BBAE-F5BECF85221A}.AppStore|iPhoneSimulator.ActiveCfg = AppStore|iPhoneSimulator
		{6E679260-518C-4D80-BBAE-F5BECF85221A}.AppStore|iPhoneSimulator.Build.0 = AppStore|iPhoneSimulator
		{6E679260-518C-4D80-BBAE-F5BECF85221A}.AppStore|x64.ActiveCfg = AppStore|iPhone
		{6E679260-518C-4D80-BBAE-F5BECF85221A}.AppStore|x86.ActiveCfg = AppStore|iPhone
		{6E679260-518C-4D80-BBAE-F5BECF85221A}.Debug|Any CPU.ActiveCfg = Debug|iPhone
		{6E679260-518C-4D80-BBAE-F5BECF85221A}.Debug|ARM.ActiveCfg = Debug|iPhone
		{6E679260-518C-4D80-BBAE-F5BECF85221A}.Debug|iPhone.ActiveCfg = Debug|iPhone
		{6E679260-518C-4D80-BBAE-F5BECF85221A}.Debug|iPhone.Build.0 = Debug|iPhone
		{6E679260-518C-4D80-BBAE-F5BECF85221A}.Debug|iPhoneSimulator.ActiveCfg = Debug|iPhoneSimulator
		{6E679260-518C-4D80-BBAE-F5BECF85221A}.Debug|iPhoneSimulator.Build.0 = Debug|iPhoneSimulator
		{6E679260-518C-4D80-BBAE-F5BECF85221A}.Debug|x64.ActiveCfg = Debug|iPhone
		{6E679260-518C-4D80-BBAE-F5BECF85221A}.Debug|x86.ActiveCfg = Debug|iPhone
		{6E679260-518C-4D80-BBAE-F5BECF85221A}.Release|Any CPU.ActiveCfg = Release|iPhone
		{6E679260-518C-4D80-BBAE-F5BECF85221A}.Release|ARM.ActiveCfg = Release|iPhone
		{6E679260-518C-4D80-BBAE-F5BECF85221A}.Release|iPhone.ActiveCfg = Release|iPhone
		{6E679260-518C-4D80-BBAE-F5BECF85221A}.Release|iPhone.Build.0 = Release|iPhone
		{6E679260-518C-4D80-BBAE-F5BECF85221A}.Release|iPhoneSimulator.ActiveCfg = Release|iPhoneSimulator
		{6E679260-518C-4D80-BBAE-F5BECF85221A}.Release|iPhoneSimulator.Build.0 = Release|iPhoneSimulator
		{6E679260-518C-4D80-BBAE-F5BECF85221A}.Release|x64.ActiveCfg = Release|iPhone
		{6E679260-518C-4D80-BBAE-F5BECF85221A}.Release|x86.ActiveCfg = Release|iPhone
		{FF956A90-A196-4AE9-86CA-DED79977C314}.Ad-Hoc|Any CPU.ActiveCfg = Release|x86
		{FF956A90-A196-4AE9-86CA-DED79977C314}.Ad-Hoc|Any CPU.Build.0 = Release|x86
		{FF956A90-A196-4AE9-86CA-DED79977C314}.Ad-Hoc|Any CPU.Deploy.0 = Release|x86
		{FF956A90-A196-4AE9-86CA-DED79977C314}.Ad-Hoc|ARM.ActiveCfg = Release|ARM
		{FF956A90-A196-4AE9-86CA-DED79977C314}.Ad-Hoc|ARM.Build.0 = Release|ARM
		{FF956A90-A196-4AE9-86CA-DED79977C314}.Ad-Hoc|ARM.Deploy.0 = Release|ARM
		{FF956A90-A196-4AE9-86CA-DED79977C314}.Ad-Hoc|iPhone.ActiveCfg = Release|x86
		{FF956A90-A196-4AE9-86CA-DED79977C314}.Ad-Hoc|iPhone.Build.0 = Release|x86
		{FF956A90-A196-4AE9-86CA-DED79977C314}.Ad-Hoc|iPhone.Deploy.0 = Release|x86
		{FF956A90-A196-4AE9-86CA-DED79977C314}.Ad-Hoc|iPhoneSimulator.ActiveCfg = Release|x86
		{FF956A90-A196-4AE9-86CA-DED79977C314}.Ad-Hoc|iPhoneSimulator.Build.0 = Release|x86
		{FF956A90-A196-4AE9-86CA-DED79977C314}.Ad-Hoc|iPhoneSimulator.Deploy.0 = Release|x86
		{FF956A90-A196-4AE9-86CA-DED79977C314}.Ad-Hoc|x64.ActiveCfg = Release|x64
		{FF956A90-A196-4AE9-86CA-DED79977C314}.Ad-Hoc|x64.Build.0 = Release|x64
		{FF956A90-A196-4AE9-86CA-DED79977C314}.Ad-Hoc|x64.Deploy.0 = Release|x64
		{FF956A90-A196-4AE9-86CA-DED79977C314}.Ad-Hoc|x86.ActiveCfg = Release|x86
		{FF956A90-A196-4AE9-86CA-DED79977C314}.Ad-Hoc|x86.Build.0 = Release|x86
		{FF956A90-A196-4AE9-86CA-DED79977C314}.Ad-Hoc|x86.Deploy.0 = Release|x86
		{FF956A90-A196-4AE9-86CA-DED79977C314}.AppStore|Any CPU.ActiveCfg = Release|x86
		{FF956A90-A196-4AE9-86CA-DED79977C314}.AppStore|Any CPU.Build.0 = Release|x86
		{FF956A90-A196-4AE9-86CA-DED79977C314}.AppStore|Any CPU.Deploy.0 = Release|x86
		{FF956A90-A196-4AE9-86CA-DED79977C314}.AppStore|ARM.ActiveCfg = Release|ARM
		{FF956A90-A196-4AE9-86CA-DED79977C314}.AppStore|ARM.Build.0 = Release|ARM
		{FF956A90-A196-4AE9-86CA-DED79977C314}.AppStore|ARM.Deploy.0 = Release|ARM
		{FF956A90-A196-4AE9-86CA-DED79977C314}.AppStore|iPhone.ActiveCfg = Release|x86
		{FF956A90-A196-4AE9-86CA-DED79977C314}.AppStore|iPhone.Build.0 = Release|x86
		{FF956A90-A196-4AE9-86CA-DED79977C314}.AppStore|iPhone.Deploy.0 = Release|x86
		{FF956A90-A196-4AE9-86CA-DED79977C314}.AppStore|iPhoneSimulator.ActiveCfg = Release|x86
		{FF956A90-A196-4AE9-86CA-DED79977C314}.AppStore|iPhoneSimulator.Build.0 = Release|x86
		{FF956A90-A196-4AE9-86CA-DED79977C314}.AppStore|iPhoneSimulator.Deploy.0 = Release|x86
		{FF956A90-A196-4AE9-86CA-DED79977C314}.AppStore|x64.ActiveCfg = Release|x64
		{FF956A90-A196-4AE9-86CA-DED79977C314}.AppStore|x64.Build.0 = Release|x64
		{FF956A90-A196-4AE9-86CA-DED79977C314}.AppStore|x64.Deploy.0 = Release|x64
		{FF956A90-A196-4AE9-86CA-DED79977C314}.AppStore|x86.ActiveCfg = Release|x86
		{FF956A90-A196-4AE9-86CA-DED79977C314}.AppStore|x86.Build.0 = Release|x86
		{FF956A90-A196-4AE9-86CA-DED79977C314}.AppStore|x86.Deploy.0 = Release|x86
		{FF956A90-A196-4AE9-86CA-DED79977C314}.Debug|Any CPU.ActiveCfg = Debug|x86
		{FF956A90-A196-4AE9-86CA-DED79977C314}.Debug|ARM.ActiveCfg = Debug|ARM
		{FF956A90-A196-4AE9-86CA-DED79977C314}.Debug|ARM.Build.0 = Debug|ARM
		{FF956A90-A196-4AE9-86CA-DED79977C314}.Debug|ARM.Deploy.0 = Debug|ARM
		{FF956A90-A196-4AE9-86CA-DED79977C314}.Debug|iPhone.ActiveCfg = Debug|x86
		{FF956A90-A196-4AE9-86CA-DED79977C314}.Debug|iPhoneSimulator.ActiveCfg = Debug|x86
		{FF956A90-A196-4AE9-86CA-DED79977C314}.Debug|x64.ActiveCfg = Debug|x64
		{FF956A90-A196-4AE9-86CA-DED79977C314}.Debug|x64.Build.0 = Debug|x64
		{FF956A90-A196-4AE9-86CA-DED79977C314}.Debug|x64.Deploy.0 = Debug|x64
		{FF956A90-A196-4AE9-86CA-DED79977C314}.Debug|x86.ActiveCfg = Debug|x86
		{FF956A90-A196-4AE9-86CA-DED79977C314}.Debug|x86.Build.0 = Debug|x86
		{FF956A90-A196-4AE9-86CA-DED79977C314}.Debug|x86.Deploy.0 = Debug|x86
		{FF956A90-A196-4AE9-86CA-DED79977C314}.Release|Any CPU.ActiveCfg = Release|x86
		{FF956A90-A196-4AE9-86CA-DED79977C314}.Release|ARM.ActiveCfg = Release|ARM
		{FF956A90-A196-4AE9-86CA-DED79977C314}.Release|ARM.Build.0 = Release|ARM
		{FF956A90-A196-4AE9-86CA-DED79977C314}.Release|ARM.Deploy.0 = Release|ARM
		{FF956A90-A196-4AE9-86CA-DED79977C314}.Release|iPhone.ActiveCfg = Release|x86
		{FF956A90-A196-4AE9-86CA-DED79977C314}.Release|iPhoneSimulator.ActiveCfg = Release|x86
		{FF956A90-A196-4AE9-86CA-DED79977C314}.Release|x64.ActiveCfg = Release|x64
		{FF956A90-A196-4AE9-86CA-DED79977C314}.Release|x64.Build.0 = Release|x64
		{FF956A90-A196-4AE9-86CA-DED79977C314}.Release|x64.Deploy.0 = Release|x64
		{FF956A90-A196-4AE9-86CA-DED79977C314}.Release|x86.ActiveCfg = Release|x86
		{FF956A90-A196-4AE9-86CA-DED79977C314}.Release|x86.Build.0 = Release|x86
		{FF956A90-A196-4AE9-86CA-DED79977C314}.Release|x86.Deploy.0 = Release|x86
		{7F7653F6-A5E8-460F-B480-FEF436C8D3EE}.Ad-Hoc|Any CPU.ActiveCfg = Release|Any CPU
		{7F7653F6-A5E8-460F-B480-FEF436C8D3EE}.Ad-Hoc|Any CPU.Build.0 = Release|Any CPU
		{7F7653F6-A5E8-460F-B480-FEF436C8D3EE}.Ad-Hoc|ARM.ActiveCfg = Release|Any CPU
		{7F7653F6-A5E8-460F-B480-FEF436C8D3EE}.Ad-Hoc|ARM.Build.0 = Release|Any CPU
		{7F7653F6-A5E8-460F-B480-FEF436C8D3EE}.Ad-Hoc|iPhone.ActiveCfg = Release|Any CPU
		{7F7653F6-A5E8-460F-B480-FEF436C8D3EE}.Ad-Hoc|iPhone.Build.0 = Release|Any CPU
		{7F7653F6-A5E8-460F-B480-FEF436C8D3EE}.Ad-Hoc|iPhoneSimulator.ActiveCfg = Release|Any CPU
		{7F7653F6-A5E8-460F-B480-FEF436C8D3EE}.Ad-Hoc|iPhoneSimulator.Build.0 = Release|Any CPU
		{7F7653F6-A5E8-460F-B480-FEF436C8D3EE}.Ad-Hoc|x64.ActiveCfg = Release|Any CPU
		{7F7653F6-A5E8-460F-B480-FEF436C8D3EE}.Ad-Hoc|x64.Build.0 = Release|Any CPU
		{7F7653F6-A5E8-460F-B480-FEF436C8D3EE}.Ad-Hoc|x86.ActiveCfg = Release|Any CPU
		{7F7653F6-A5E8-460F-B480-FEF436C8D3EE}.Ad-Hoc|x86.Build.0 = Release|Any CPU
		{7F7653F6-A5E8-460F-B480-FEF436C8D3EE}.AppStore|Any CPU.ActiveCfg = Release|Any CPU
		{7F7653F6-A5E8-460F-B480-FEF436C8D3EE}.AppStore|Any CPU.Build.0 = Release|Any CPU
		{7F7653F6-A5E8-460F-B480-FEF436C8D3EE}.AppStore|ARM.ActiveCfg = Release|Any CPU
		{7F7653F6-A5E8-460F-B480-FEF436C8D3EE}.AppStore|ARM.Build.0 = Release|Any CPU
		{7F7653F6-A5E8-460F-B480-FEF436C8D3EE}.AppStore|iPhone.ActiveCfg = Release|Any CPU
		{7F7653F6-A5E8-460F-B480-FEF436C8D3EE}.AppStore|iPhone.Build.0 = Release|Any CPU
		{7F7653F6-A5E8-460F-B480-FEF436C8D3EE}.AppStore|iPhoneSimulator.ActiveCfg = Release|Any CPU
		{7F7653F6-A5E8-460F-B480-FEF436C8D3EE}.AppStore|iPhoneSimulator.Build.0 = Release|Any CPU
		{7F7653F6-A5E8-460F-B480-FEF436C8D3EE}.AppStore|x64.ActiveCfg = Release|Any CPU
		{7F7653F6-A5E8-460F-B480-FEF436C8D3EE}.AppStore|x64.Build.0 = Release|Any CPU
		{7F7653F6-A5E8-460F-B480-FEF436C8D3EE}.AppStore|x86.ActiveCfg = Release|Any CPU
		{7F7653F6-A5E8-460F-B480-FEF436C8D3EE}.AppStore|x86.Build.0 = Release|Any CPU
		{7F7653F6-A5E8-460F-B480-FEF436C8D3EE}.Debug|Any CPU.ActiveCfg = Debug|Any CPU
		{7F7653F6-A5E8-460F-B480-FEF436C8D3EE}.Debug|Any CPU.Build.0 = Debug|Any CPU
		{7F7653F6-A5E8-460F-B480-FEF436C8D3EE}.Debug|ARM.ActiveCfg = Debug|Any CPU
		{7F7653F6-A5E8-460F-B480-FEF436C8D3EE}.Debug|ARM.Build.0 = Debug|Any CPU
		{7F7653F6-A5E8-460F-B480-FEF436C8D3EE}.Debug|iPhone.ActiveCfg = Debug|Any CPU
		{7F7653F6-A5E8-460F-B480-FEF436C8D3EE}.Debug|iPhone.Build.0 = Debug|Any CPU
		{7F7653F6-A5E8-460F-B480-FEF436C8D3EE}.Debug|iPhoneSimulator.ActiveCfg = Debug|Any CPU
		{7F7653F6-A5E8-460F-B480-FEF436C8D3EE}.Debug|iPhoneSimulator.Build.0 = Debug|Any CPU
		{7F7653F6-A5E8-460F-B480-FEF436C8D3EE}.Debug|x64.ActiveCfg = Debug|Any CPU
		{7F7653F6-A5E8-460F-B480-FEF436C8D3EE}.Debug|x64.Build.0 = Debug|Any CPU
		{7F7653F6-A5E8-460F-B480-FEF436C8D3EE}.Debug|x86.ActiveCfg = Debug|Any CPU
		{7F7653F6-A5E8-460F-B480-FEF436C8D3EE}.Debug|x86.Build.0 = Debug|Any CPU
		{7F7653F6-A5E8-460F-B480-FEF436C8D3EE}.Release|Any CPU.ActiveCfg = Release|Any CPU
		{7F7653F6-A5E8-460F-B480-FEF436C8D3EE}.Release|Any CPU.Build.0 = Release|Any CPU
		{7F7653F6-A5E8-460F-B480-FEF436C8D3EE}.Release|ARM.ActiveCfg = Release|Any CPU
		{7F7653F6-A5E8-460F-B480-FEF436C8D3EE}.Release|ARM.Build.0 = Release|Any CPU
		{7F7653F6-A5E8-460F-B480-FEF436C8D3EE}.Release|iPhone.ActiveCfg = Release|Any CPU
		{7F7653F6-A5E8-460F-B480-FEF436C8D3EE}.Release|iPhone.Build.0 = Release|Any CPU
		{7F7653F6-A5E8-460F-B480-FEF436C8D3EE}.Release|iPhoneSimulator.ActiveCfg = Release|Any CPU
		{7F7653F6-A5E8-460F-B480-FEF436C8D3EE}.Release|iPhoneSimulator.Build.0 = Release|Any CPU
		{7F7653F6-A5E8-460F-B480-FEF436C8D3EE}.Release|x64.ActiveCfg = Release|Any CPU
		{7F7653F6-A5E8-460F-B480-FEF436C8D3EE}.Release|x64.Build.0 = Release|Any CPU
		{7F7653F6-A5E8-460F-B480-FEF436C8D3EE}.Release|x86.ActiveCfg = Release|Any CPU
		{7F7653F6-A5E8-460F-B480-FEF436C8D3EE}.Release|x86.Build.0 = Release|Any CPU
		{11D8B7D4-652C-4A4D-BF57-45530917B71D}.Ad-Hoc|Any CPU.ActiveCfg = Release|Any CPU
		{11D8B7D4-652C-4A4D-BF57-45530917B71D}.Ad-Hoc|Any CPU.Build.0 = Release|Any CPU
		{11D8B7D4-652C-4A4D-BF57-45530917B71D}.Ad-Hoc|ARM.ActiveCfg = Release|Any CPU
		{11D8B7D4-652C-4A4D-BF57-45530917B71D}.Ad-Hoc|ARM.Build.0 = Release|Any CPU
		{11D8B7D4-652C-4A4D-BF57-45530917B71D}.Ad-Hoc|iPhone.ActiveCfg = Release|Any CPU
		{11D8B7D4-652C-4A4D-BF57-45530917B71D}.Ad-Hoc|iPhone.Build.0 = Release|Any CPU
		{11D8B7D4-652C-4A4D-BF57-45530917B71D}.Ad-Hoc|iPhoneSimulator.ActiveCfg = Release|Any CPU
		{11D8B7D4-652C-4A4D-BF57-45530917B71D}.Ad-Hoc|iPhoneSimulator.Build.0 = Release|Any CPU
		{11D8B7D4-652C-4A4D-BF57-45530917B71D}.Ad-Hoc|x64.ActiveCfg = Release|Any CPU
		{11D8B7D4-652C-4A4D-BF57-45530917B71D}.Ad-Hoc|x64.Build.0 = Release|Any CPU
		{11D8B7D4-652C-4A4D-BF57-45530917B71D}.Ad-Hoc|x86.ActiveCfg = Release|Any CPU
		{11D8B7D4-652C-4A4D-BF57-45530917B71D}.Ad-Hoc|x86.Build.0 = Release|Any CPU
		{11D8B7D4-652C-4A4D-BF57-45530917B71D}.AppStore|Any CPU.ActiveCfg = Release|Any CPU
		{11D8B7D4-652C-4A4D-BF57-45530917B71D}.AppStore|Any CPU.Build.0 = Release|Any CPU
		{11D8B7D4-652C-4A4D-BF57-45530917B71D}.AppStore|ARM.ActiveCfg = Release|Any CPU
		{11D8B7D4-652C-4A4D-BF57-45530917B71D}.AppStore|ARM.Build.0 = Release|Any CPU
		{11D8B7D4-652C-4A4D-BF57-45530917B71D}.AppStore|iPhone.ActiveCfg = Release|Any CPU
		{11D8B7D4-652C-4A4D-BF57-45530917B71D}.AppStore|iPhone.Build.0 = Release|Any CPU
		{11D8B7D4-652C-4A4D-BF57-45530917B71D}.AppStore|iPhoneSimulator.ActiveCfg = Release|Any CPU
		{11D8B7D4-652C-4A4D-BF57-45530917B71D}.AppStore|iPhoneSimulator.Build.0 = Release|Any CPU
		{11D8B7D4-652C-4A4D-BF57-45530917B71D}.AppStore|x64.ActiveCfg = Release|Any CPU
		{11D8B7D4-652C-4A4D-BF57-45530917B71D}.AppStore|x64.Build.0 = Release|Any CPU
		{11D8B7D4-652C-4A4D-BF57-45530917B71D}.AppStore|x86.ActiveCfg = Release|Any CPU
		{11D8B7D4-652C-4A4D-BF57-45530917B71D}.AppStore|x86.Build.0 = Release|Any CPU
		{11D8B7D4-652C-4A4D-BF57-45530917B71D}.Debug|Any CPU.ActiveCfg = Debug|Any CPU
		{11D8B7D4-652C-4A4D-BF57-45530917B71D}.Debug|Any CPU.Build.0 = Debug|Any CPU
		{11D8B7D4-652C-4A4D-BF57-45530917B71D}.Debug|ARM.ActiveCfg = Debug|Any CPU
		{11D8B7D4-652C-4A4D-BF57-45530917B71D}.Debug|ARM.Build.0 = Debug|Any CPU
		{11D8B7D4-652C-4A4D-BF57-45530917B71D}.Debug|iPhone.ActiveCfg = Debug|Any CPU
		{11D8B7D4-652C-4A4D-BF57-45530917B71D}.Debug|iPhone.Build.0 = Debug|Any CPU
		{11D8B7D4-652C-4A4D-BF57-45530917B71D}.Debug|iPhoneSimulator.ActiveCfg = Debug|Any CPU
		{11D8B7D4-652C-4A4D-BF57-45530917B71D}.Debug|iPhoneSimulator.Build.0 = Debug|Any CPU
		{11D8B7D4-652C-4A4D-BF57-45530917B71D}.Debug|x64.ActiveCfg = Debug|Any CPU
		{11D8B7D4-652C-4A4D-BF57-45530917B71D}.Debug|x64.Build.0 = Debug|Any CPU
		{11D8B7D4-652C-4A4D-BF57-45530917B71D}.Debug|x86.ActiveCfg = Debug|Any CPU
		{11D8B7D4-652C-4A4D-BF57-45530917B71D}.Debug|x86.Build.0 = Debug|Any CPU
		{11D8B7D4-652C-4A4D-BF57-45530917B71D}.Release|Any CPU.ActiveCfg = Release|Any CPU
		{11D8B7D4-652C-4A4D-BF57-45530917B71D}.Release|Any CPU.Build.0 = Release|Any CPU
		{11D8B7D4-652C-4A4D-BF57-45530917B71D}.Release|ARM.ActiveCfg = Release|Any CPU
		{11D8B7D4-652C-4A4D-BF57-45530917B71D}.Release|ARM.Build.0 = Release|Any CPU
		{11D8B7D4-652C-4A4D-BF57-45530917B71D}.Release|iPhone.ActiveCfg = Release|Any CPU
		{11D8B7D4-652C-4A4D-BF57-45530917B71D}.Release|iPhone.Build.0 = Release|Any CPU
		{11D8B7D4-652C-4A4D-BF57-45530917B71D}.Release|iPhoneSimulator.ActiveCfg = Release|Any CPU
		{11D8B7D4-652C-4A4D-BF57-45530917B71D}.Release|iPhoneSimulator.Build.0 = Release|Any CPU
		{11D8B7D4-652C-4A4D-BF57-45530917B71D}.Release|x64.ActiveCfg = Release|Any CPU
		{11D8B7D4-652C-4A4D-BF57-45530917B71D}.Release|x64.Build.0 = Release|Any CPU
		{11D8B7D4-652C-4A4D-BF57-45530917B71D}.Release|x86.ActiveCfg = Release|Any CPU
		{11D8B7D4-652C-4A4D-BF57-45530917B71D}.Release|x86.Build.0 = Release|Any CPU
		{41AD0A4F-31C0-4BFA-870B-16150ACE017C}.Ad-Hoc|Any CPU.ActiveCfg = Release|Any CPU
		{41AD0A4F-31C0-4BFA-870B-16150ACE017C}.Ad-Hoc|Any CPU.Build.0 = Release|Any CPU
		{41AD0A4F-31C0-4BFA-870B-16150ACE017C}.Ad-Hoc|ARM.ActiveCfg = Release|Any CPU
		{41AD0A4F-31C0-4BFA-870B-16150ACE017C}.Ad-Hoc|ARM.Build.0 = Release|Any CPU
		{41AD0A4F-31C0-4BFA-870B-16150ACE017C}.Ad-Hoc|iPhone.ActiveCfg = Release|Any CPU
		{41AD0A4F-31C0-4BFA-870B-16150ACE017C}.Ad-Hoc|iPhone.Build.0 = Release|Any CPU
		{41AD0A4F-31C0-4BFA-870B-16150ACE017C}.Ad-Hoc|iPhoneSimulator.ActiveCfg = Release|Any CPU
		{41AD0A4F-31C0-4BFA-870B-16150ACE017C}.Ad-Hoc|iPhoneSimulator.Build.0 = Release|Any CPU
		{41AD0A4F-31C0-4BFA-870B-16150ACE017C}.Ad-Hoc|x64.ActiveCfg = Release|Any CPU
		{41AD0A4F-31C0-4BFA-870B-16150ACE017C}.Ad-Hoc|x64.Build.0 = Release|Any CPU
		{41AD0A4F-31C0-4BFA-870B-16150ACE017C}.Ad-Hoc|x86.ActiveCfg = Release|Any CPU
		{41AD0A4F-31C0-4BFA-870B-16150ACE017C}.Ad-Hoc|x86.Build.0 = Release|Any CPU
		{41AD0A4F-31C0-4BFA-870B-16150ACE017C}.AppStore|Any CPU.ActiveCfg = Release|Any CPU
		{41AD0A4F-31C0-4BFA-870B-16150ACE017C}.AppStore|Any CPU.Build.0 = Release|Any CPU
		{41AD0A4F-31C0-4BFA-870B-16150ACE017C}.AppStore|ARM.ActiveCfg = Release|Any CPU
		{41AD0A4F-31C0-4BFA-870B-16150ACE017C}.AppStore|ARM.Build.0 = Release|Any CPU
		{41AD0A4F-31C0-4BFA-870B-16150ACE017C}.AppStore|iPhone.ActiveCfg = Release|Any CPU
		{41AD0A4F-31C0-4BFA-870B-16150ACE017C}.AppStore|iPhone.Build.0 = Release|Any CPU
		{41AD0A4F-31C0-4BFA-870B-16150ACE017C}.AppStore|iPhoneSimulator.ActiveCfg = Release|Any CPU
		{41AD0A4F-31C0-4BFA-870B-16150ACE017C}.AppStore|iPhoneSimulator.Build.0 = Release|Any CPU
		{41AD0A4F-31C0-4BFA-870B-16150ACE017C}.AppStore|x64.ActiveCfg = Release|Any CPU
		{41AD0A4F-31C0-4BFA-870B-16150ACE017C}.AppStore|x64.Build.0 = Release|Any CPU
		{41AD0A4F-31C0-4BFA-870B-16150ACE017C}.AppStore|x86.ActiveCfg = Release|Any CPU
		{41AD0A4F-31C0-4BFA-870B-16150ACE017C}.AppStore|x86.Build.0 = Release|Any CPU
		{41AD0A4F-31C0-4BFA-870B-16150ACE017C}.Debug|Any CPU.ActiveCfg = Debug|Any CPU
		{41AD0A4F-31C0-4BFA-870B-16150ACE017C}.Debug|Any CPU.Build.0 = Debug|Any CPU
		{41AD0A4F-31C0-4BFA-870B-16150ACE017C}.Debug|Any CPU.Deploy.0 = Debug|Any CPU
		{41AD0A4F-31C0-4BFA-870B-16150ACE017C}.Debug|ARM.ActiveCfg = Debug|Any CPU
		{41AD0A4F-31C0-4BFA-870B-16150ACE017C}.Debug|ARM.Build.0 = Debug|Any CPU
		{41AD0A4F-31C0-4BFA-870B-16150ACE017C}.Debug|iPhone.ActiveCfg = Debug|Any CPU
		{41AD0A4F-31C0-4BFA-870B-16150ACE017C}.Debug|iPhone.Build.0 = Debug|Any CPU
		{41AD0A4F-31C0-4BFA-870B-16150ACE017C}.Debug|iPhoneSimulator.ActiveCfg = Debug|Any CPU
		{41AD0A4F-31C0-4BFA-870B-16150ACE017C}.Debug|iPhoneSimulator.Build.0 = Debug|Any CPU
		{41AD0A4F-31C0-4BFA-870B-16150ACE017C}.Debug|x64.ActiveCfg = Debug|Any CPU
		{41AD0A4F-31C0-4BFA-870B-16150ACE017C}.Debug|x64.Build.0 = Debug|Any CPU
		{41AD0A4F-31C0-4BFA-870B-16150ACE017C}.Debug|x86.ActiveCfg = Debug|Any CPU
		{41AD0A4F-31C0-4BFA-870B-16150ACE017C}.Debug|x86.Build.0 = Debug|Any CPU
		{41AD0A4F-31C0-4BFA-870B-16150ACE017C}.Release|Any CPU.ActiveCfg = Release|Any CPU
		{41AD0A4F-31C0-4BFA-870B-16150ACE017C}.Release|Any CPU.Build.0 = Release|Any CPU
		{41AD0A4F-31C0-4BFA-870B-16150ACE017C}.Release|Any CPU.Deploy.0 = Release|Any CPU
		{41AD0A4F-31C0-4BFA-870B-16150ACE017C}.Release|ARM.ActiveCfg = Release|Any CPU
		{41AD0A4F-31C0-4BFA-870B-16150ACE017C}.Release|ARM.Build.0 = Release|Any CPU
		{41AD0A4F-31C0-4BFA-870B-16150ACE017C}.Release|iPhone.ActiveCfg = Release|Any CPU
		{41AD0A4F-31C0-4BFA-870B-16150ACE017C}.Release|iPhone.Build.0 = Release|Any CPU
		{41AD0A4F-31C0-4BFA-870B-16150ACE017C}.Release|iPhoneSimulator.ActiveCfg = Release|Any CPU
		{41AD0A4F-31C0-4BFA-870B-16150ACE017C}.Release|iPhoneSimulator.Build.0 = Release|Any CPU
		{41AD0A4F-31C0-4BFA-870B-16150ACE017C}.Release|x64.ActiveCfg = Release|Any CPU
		{41AD0A4F-31C0-4BFA-870B-16150ACE017C}.Release|x64.Build.0 = Release|Any CPU
		{41AD0A4F-31C0-4BFA-870B-16150ACE017C}.Release|x86.ActiveCfg = Release|Any CPU
		{41AD0A4F-31C0-4BFA-870B-16150ACE017C}.Release|x86.Build.0 = Release|Any CPU
		{A6986DF5-498B-4809-A265-10C56997B1CF}.Ad-Hoc|Any CPU.ActiveCfg = Release|Any CPU
		{A6986DF5-498B-4809-A265-10C56997B1CF}.Ad-Hoc|Any CPU.Build.0 = Release|Any CPU
		{A6986DF5-498B-4809-A265-10C56997B1CF}.Ad-Hoc|ARM.ActiveCfg = Release|Any CPU
		{A6986DF5-498B-4809-A265-10C56997B1CF}.Ad-Hoc|ARM.Build.0 = Release|Any CPU
		{A6986DF5-498B-4809-A265-10C56997B1CF}.Ad-Hoc|iPhone.ActiveCfg = Release|Any CPU
		{A6986DF5-498B-4809-A265-10C56997B1CF}.Ad-Hoc|iPhone.Build.0 = Release|Any CPU
		{A6986DF5-498B-4809-A265-10C56997B1CF}.Ad-Hoc|iPhoneSimulator.ActiveCfg = Release|Any CPU
		{A6986DF5-498B-4809-A265-10C56997B1CF}.Ad-Hoc|iPhoneSimulator.Build.0 = Release|Any CPU
		{A6986DF5-498B-4809-A265-10C56997B1CF}.Ad-Hoc|x64.ActiveCfg = Release|Any CPU
		{A6986DF5-498B-4809-A265-10C56997B1CF}.Ad-Hoc|x64.Build.0 = Release|Any CPU
		{A6986DF5-498B-4809-A265-10C56997B1CF}.Ad-Hoc|x86.ActiveCfg = Release|Any CPU
		{A6986DF5-498B-4809-A265-10C56997B1CF}.Ad-Hoc|x86.Build.0 = Release|Any CPU
		{A6986DF5-498B-4809-A265-10C56997B1CF}.AppStore|Any CPU.ActiveCfg = Release|Any CPU
		{A6986DF5-498B-4809-A265-10C56997B1CF}.AppStore|Any CPU.Build.0 = Release|Any CPU
		{A6986DF5-498B-4809-A265-10C56997B1CF}.AppStore|ARM.ActiveCfg = Release|Any CPU
		{A6986DF5-498B-4809-A265-10C56997B1CF}.AppStore|ARM.Build.0 = Release|Any CPU
		{A6986DF5-498B-4809-A265-10C56997B1CF}.AppStore|iPhone.ActiveCfg = Release|Any CPU
		{A6986DF5-498B-4809-A265-10C56997B1CF}.AppStore|iPhone.Build.0 = Release|Any CPU
		{A6986DF5-498B-4809-A265-10C56997B1CF}.AppStore|iPhoneSimulator.ActiveCfg = Release|Any CPU
		{A6986DF5-498B-4809-A265-10C56997B1CF}.AppStore|iPhoneSimulator.Build.0 = Release|Any CPU
		{A6986DF5-498B-4809-A265-10C56997B1CF}.AppStore|x64.ActiveCfg = Release|Any CPU
		{A6986DF5-498B-4809-A265-10C56997B1CF}.AppStore|x64.Build.0 = Release|Any CPU
		{A6986DF5-498B-4809-A265-10C56997B1CF}.AppStore|x86.ActiveCfg = Release|Any CPU
		{A6986DF5-498B-4809-A265-10C56997B1CF}.AppStore|x86.Build.0 = Release|Any CPU
		{A6986DF5-498B-4809-A265-10C56997B1CF}.Debug|Any CPU.ActiveCfg = Debug|Any CPU
		{A6986DF5-498B-4809-A265-10C56997B1CF}.Debug|Any CPU.Build.0 = Debug|Any CPU
		{A6986DF5-498B-4809-A265-10C56997B1CF}.Debug|ARM.ActiveCfg = Debug|Any CPU
		{A6986DF5-498B-4809-A265-10C56997B1CF}.Debug|ARM.Build.0 = Debug|Any CPU
		{A6986DF5-498B-4809-A265-10C56997B1CF}.Debug|iPhone.ActiveCfg = Debug|Any CPU
		{A6986DF5-498B-4809-A265-10C56997B1CF}.Debug|iPhone.Build.0 = Debug|Any CPU
		{A6986DF5-498B-4809-A265-10C56997B1CF}.Debug|iPhoneSimulator.ActiveCfg = Debug|Any CPU
		{A6986DF5-498B-4809-A265-10C56997B1CF}.Debug|iPhoneSimulator.Build.0 = Debug|Any CPU
		{A6986DF5-498B-4809-A265-10C56997B1CF}.Debug|x64.ActiveCfg = Debug|Any CPU
		{A6986DF5-498B-4809-A265-10C56997B1CF}.Debug|x64.Build.0 = Debug|Any CPU
		{A6986DF5-498B-4809-A265-10C56997B1CF}.Debug|x86.ActiveCfg = Debug|Any CPU
		{A6986DF5-498B-4809-A265-10C56997B1CF}.Debug|x86.Build.0 = Debug|Any CPU
		{A6986DF5-498B-4809-A265-10C56997B1CF}.Release|Any CPU.ActiveCfg = Release|Any CPU
		{A6986DF5-498B-4809-A265-10C56997B1CF}.Release|Any CPU.Build.0 = Release|Any CPU
		{A6986DF5-498B-4809-A265-10C56997B1CF}.Release|ARM.ActiveCfg = Release|Any CPU
		{A6986DF5-498B-4809-A265-10C56997B1CF}.Release|ARM.Build.0 = Release|Any CPU
		{A6986DF5-498B-4809-A265-10C56997B1CF}.Release|iPhone.ActiveCfg = Release|Any CPU
		{A6986DF5-498B-4809-A265-10C56997B1CF}.Release|iPhone.Build.0 = Release|Any CPU
		{A6986DF5-498B-4809-A265-10C56997B1CF}.Release|iPhoneSimulator.ActiveCfg = Release|Any CPU
		{A6986DF5-498B-4809-A265-10C56997B1CF}.Release|iPhoneSimulator.Build.0 = Release|Any CPU
		{A6986DF5-498B-4809-A265-10C56997B1CF}.Release|x64.ActiveCfg = Release|Any CPU
		{A6986DF5-498B-4809-A265-10C56997B1CF}.Release|x64.Build.0 = Release|Any CPU
		{A6986DF5-498B-4809-A265-10C56997B1CF}.Release|x86.ActiveCfg = Release|Any CPU
		{A6986DF5-498B-4809-A265-10C56997B1CF}.Release|x86.Build.0 = Release|Any CPU
		{954B8ECF-3203-4C41-B161-6BC9D34D321F}.Ad-Hoc|Any CPU.ActiveCfg = Release|x64
		{954B8ECF-3203-4C41-B161-6BC9D34D321F}.Ad-Hoc|Any CPU.Build.0 = Release|x64
		{954B8ECF-3203-4C41-B161-6BC9D34D321F}.Ad-Hoc|Any CPU.Deploy.0 = Release|x64
		{954B8ECF-3203-4C41-B161-6BC9D34D321F}.Ad-Hoc|ARM.ActiveCfg = Release|ARM
		{954B8ECF-3203-4C41-B161-6BC9D34D321F}.Ad-Hoc|ARM.Build.0 = Release|ARM
		{954B8ECF-3203-4C41-B161-6BC9D34D321F}.Ad-Hoc|ARM.Deploy.0 = Release|ARM
		{954B8ECF-3203-4C41-B161-6BC9D34D321F}.Ad-Hoc|ARM64.ActiveCfg = Release|ARM64
		{954B8ECF-3203-4C41-B161-6BC9D34D321F}.Ad-Hoc|ARM64.Build.0 = Release|ARM64
		{954B8ECF-3203-4C41-B161-6BC9D34D321F}.Ad-Hoc|ARM64.Deploy.0 = Release|ARM64
		{954B8ECF-3203-4C41-B161-6BC9D34D321F}.Ad-Hoc|iPhone.ActiveCfg = Release|x64
		{954B8ECF-3203-4C41-B161-6BC9D34D321F}.Ad-Hoc|iPhone.Build.0 = Release|x64
		{954B8ECF-3203-4C41-B161-6BC9D34D321F}.Ad-Hoc|iPhone.Deploy.0 = Release|x64
		{954B8ECF-3203-4C41-B161-6BC9D34D321F}.Ad-Hoc|iPhoneSimulator.ActiveCfg = Release|x64
		{954B8ECF-3203-4C41-B161-6BC9D34D321F}.Ad-Hoc|iPhoneSimulator.Build.0 = Release|x64
		{954B8ECF-3203-4C41-B161-6BC9D34D321F}.Ad-Hoc|iPhoneSimulator.Deploy.0 = Release|x64
		{954B8ECF-3203-4C41-B161-6BC9D34D321F}.Ad-Hoc|x64.ActiveCfg = Release|x64
		{954B8ECF-3203-4C41-B161-6BC9D34D321F}.Ad-Hoc|x64.Build.0 = Release|x64
		{954B8ECF-3203-4C41-B161-6BC9D34D321F}.Ad-Hoc|x64.Deploy.0 = Release|x64
		{954B8ECF-3203-4C41-B161-6BC9D34D321F}.Ad-Hoc|x86.ActiveCfg = Release|x86
		{954B8ECF-3203-4C41-B161-6BC9D34D321F}.Ad-Hoc|x86.Build.0 = Release|x86
		{954B8ECF-3203-4C41-B161-6BC9D34D321F}.Ad-Hoc|x86.Deploy.0 = Release|x86
		{954B8ECF-3203-4C41-B161-6BC9D34D321F}.AppStore|Any CPU.ActiveCfg = Release|x64
		{954B8ECF-3203-4C41-B161-6BC9D34D321F}.AppStore|Any CPU.Build.0 = Release|x64
		{954B8ECF-3203-4C41-B161-6BC9D34D321F}.AppStore|Any CPU.Deploy.0 = Release|x64
		{954B8ECF-3203-4C41-B161-6BC9D34D321F}.AppStore|ARM.ActiveCfg = Release|ARM
		{954B8ECF-3203-4C41-B161-6BC9D34D321F}.AppStore|ARM.Build.0 = Release|ARM
		{954B8ECF-3203-4C41-B161-6BC9D34D321F}.AppStore|ARM.Deploy.0 = Release|ARM
		{954B8ECF-3203-4C41-B161-6BC9D34D321F}.AppStore|ARM64.ActiveCfg = Release|ARM64
		{954B8ECF-3203-4C41-B161-6BC9D34D321F}.AppStore|ARM64.Build.0 = Release|ARM64
		{954B8ECF-3203-4C41-B161-6BC9D34D321F}.AppStore|ARM64.Deploy.0 = Release|ARM64
		{954B8ECF-3203-4C41-B161-6BC9D34D321F}.AppStore|iPhone.ActiveCfg = Release|x64
		{954B8ECF-3203-4C41-B161-6BC9D34D321F}.AppStore|iPhone.Build.0 = Release|x64
		{954B8ECF-3203-4C41-B161-6BC9D34D321F}.AppStore|iPhone.Deploy.0 = Release|x64
		{954B8ECF-3203-4C41-B161-6BC9D34D321F}.AppStore|iPhoneSimulator.ActiveCfg = Release|x64
		{954B8ECF-3203-4C41-B161-6BC9D34D321F}.AppStore|iPhoneSimulator.Build.0 = Release|x64
		{954B8ECF-3203-4C41-B161-6BC9D34D321F}.AppStore|iPhoneSimulator.Deploy.0 = Release|x64
		{954B8ECF-3203-4C41-B161-6BC9D34D321F}.AppStore|x64.ActiveCfg = Release|x64
		{954B8ECF-3203-4C41-B161-6BC9D34D321F}.AppStore|x64.Build.0 = Release|x64
		{954B8ECF-3203-4C41-B161-6BC9D34D321F}.AppStore|x64.Deploy.0 = Release|x64
		{954B8ECF-3203-4C41-B161-6BC9D34D321F}.AppStore|x86.ActiveCfg = Release|x86
		{954B8ECF-3203-4C41-B161-6BC9D34D321F}.AppStore|x86.Build.0 = Release|x86
		{954B8ECF-3203-4C41-B161-6BC9D34D321F}.AppStore|x86.Deploy.0 = Release|x86
		{954B8ECF-3203-4C41-B161-6BC9D34D321F}.Debug|Any CPU.ActiveCfg = Debug|x86
		{954B8ECF-3203-4C41-B161-6BC9D34D321F}.Debug|ARM.ActiveCfg = Debug|ARM
		{954B8ECF-3203-4C41-B161-6BC9D34D321F}.Debug|ARM.Build.0 = Debug|ARM
		{954B8ECF-3203-4C41-B161-6BC9D34D321F}.Debug|ARM.Deploy.0 = Debug|ARM
		{954B8ECF-3203-4C41-B161-6BC9D34D321F}.Debug|ARM64.ActiveCfg = Debug|ARM64
		{954B8ECF-3203-4C41-B161-6BC9D34D321F}.Debug|ARM64.Build.0 = Debug|ARM64
		{954B8ECF-3203-4C41-B161-6BC9D34D321F}.Debug|ARM64.Deploy.0 = Debug|ARM64
		{954B8ECF-3203-4C41-B161-6BC9D34D321F}.Debug|iPhone.ActiveCfg = Debug|x86
		{954B8ECF-3203-4C41-B161-6BC9D34D321F}.Debug|iPhoneSimulator.ActiveCfg = Debug|x86
		{954B8ECF-3203-4C41-B161-6BC9D34D321F}.Debug|x64.ActiveCfg = Debug|x64
		{954B8ECF-3203-4C41-B161-6BC9D34D321F}.Debug|x64.Build.0 = Debug|x64
		{954B8ECF-3203-4C41-B161-6BC9D34D321F}.Debug|x64.Deploy.0 = Debug|x64
		{954B8ECF-3203-4C41-B161-6BC9D34D321F}.Debug|x86.ActiveCfg = Debug|x86
		{954B8ECF-3203-4C41-B161-6BC9D34D321F}.Debug|x86.Build.0 = Debug|x86
		{954B8ECF-3203-4C41-B161-6BC9D34D321F}.Debug|x86.Deploy.0 = Debug|x86
		{954B8ECF-3203-4C41-B161-6BC9D34D321F}.Release|Any CPU.ActiveCfg = Release|x86
		{954B8ECF-3203-4C41-B161-6BC9D34D321F}.Release|ARM.ActiveCfg = Release|ARM
		{954B8ECF-3203-4C41-B161-6BC9D34D321F}.Release|ARM.Build.0 = Release|ARM
		{954B8ECF-3203-4C41-B161-6BC9D34D321F}.Release|ARM.Deploy.0 = Release|ARM
		{954B8ECF-3203-4C41-B161-6BC9D34D321F}.Release|ARM64.ActiveCfg = Release|ARM64
		{954B8ECF-3203-4C41-B161-6BC9D34D321F}.Release|ARM64.Build.0 = Release|ARM64
		{954B8ECF-3203-4C41-B161-6BC9D34D321F}.Release|ARM64.Deploy.0 = Release|ARM64
		{954B8ECF-3203-4C41-B161-6BC9D34D321F}.Release|iPhone.ActiveCfg = Release|x86
		{954B8ECF-3203-4C41-B161-6BC9D34D321F}.Release|iPhoneSimulator.ActiveCfg = Release|x86
		{954B8ECF-3203-4C41-B161-6BC9D34D321F}.Release|x64.ActiveCfg = Release|x64
		{954B8ECF-3203-4C41-B161-6BC9D34D321F}.Release|x64.Build.0 = Release|x64
		{954B8ECF-3203-4C41-B161-6BC9D34D321F}.Release|x64.Deploy.0 = Release|x64
		{954B8ECF-3203-4C41-B161-6BC9D34D321F}.Release|x86.ActiveCfg = Release|x86
		{954B8ECF-3203-4C41-B161-6BC9D34D321F}.Release|x86.Build.0 = Release|x86
		{954B8ECF-3203-4C41-B161-6BC9D34D321F}.Release|x86.Deploy.0 = Release|x86
	EndGlobalSection
	GlobalSection(SolutionProperties) = preSolution
		HideSolutionNode = FALSE
	EndGlobalSection
	GlobalSection(ExtensibilityGlobals) = postSolution
		SolutionGuid = {F6D05029-56B8-4E45-AF2D-0E76295DDBA2}
	EndGlobalSection
EndGlobal
