
Microsoft Visual Studio Solution File, Format Version 12.00
# Visual Studio 15
VisualStudioVersion = 15.0.26730.10
MinimumVisualStudioVersion = 10.0.40219.1

Project("{6EC3EE1D-3C4E-46DD-8F32-0CC8E7565705}") = "aoc2019_3", "aoc2019_3\aoc2019_3.fsproj", "{469714C3-A8CA-4F3B-B323-FC68C4EF08FA}"
EndProject


Project("{F2A71F9B-5D33-465A-A702-920D77279786}") = "aoc2019_3.Gtk", "aoc2019_3.Gtk\aoc2019_3.Gtk.fsproj", "{929BD965-0E35-40D6-91C2-BA564D0C2BB9}"
EndProject



Project("{F2A71F9B-5D33-465A-A702-920D77279786}") = "aoc2019_3.WPF", "aoc2019_3.WPF\aoc2019_3.WPF.fsproj", "{64478B94-4FC1-4836-AF4E-6CA4F8CC5BED}"
EndProject

Project("{FAE04EC0-301F-11D3-BF4B-00C04F79EFBC}") = "aoc2019_3.UWP", "aoc2019_3.UWP\aoc2019_3.UWP.csproj", "{ECD3A580-069B-4BBF-B982-78406CB3E5B8}"
EndProject

Global
	GlobalSection(SolutionConfigurationPlatforms) = preSolution
		Ad-Hoc|Any CPU = Ad-Hoc|Any CPU
		Ad-Hoc|ARM = Ad-Hoc|ARM
		Ad-Hoc|iPhone = Ad-Hoc|iPhone
		Ad-Hoc|iPhoneSimulator = Ad-Hoc|iPhoneSimulator
		Ad-Hoc|x64 = Ad-Hoc|x64
		Ad-Hoc|x86 = Ad-Hoc|x86
		AppStore|Any CPU = AppStore|Any CPU
		AppStore|ARM = AppStore|ARM
		AppStore|iPhone = AppStore|iPhone
		AppStore|iPhoneSimulator = AppStore|iPhoneSimulator
		AppStore|x64 = AppStore|x64
		AppStore|x86 = AppStore|x86
		Debug|Any CPU = Debug|Any CPU
		Debug|ARM = Debug|ARM
		Debug|iPhone = Debug|iPhone
		Debug|iPhoneSimulator = Debug|iPhoneSimulator
		Debug|x64 = Debug|x64
		Debug|x86 = Debug|x86
		Release|Any CPU = Release|Any CPU
		Release|ARM = Release|ARM
		Release|iPhone = Release|iPhone
		Release|iPhoneSimulator = Release|iPhoneSimulator
		Release|x64 = Release|x64
		Release|x86 = Release|x86
	EndGlobalSection
	GlobalSection(ProjectConfigurationPlatforms) = postSolution
		{469714C3-A8CA-4F3B-B323-FC68C4EF08FA}.Ad-Hoc|Any CPU.ActiveCfg = Debug|Any CPU
		{469714C3-A8CA-4F3B-B323-FC68C4EF08FA}.Ad-Hoc|Any CPU.Build.0 = Debug|Any CPU
		{469714C3-A8CA-4F3B-B323-FC68C4EF08FA}.Ad-Hoc|ARM.ActiveCfg = Debug|Any CPU
		{469714C3-A8CA-4F3B-B323-FC68C4EF08FA}.Ad-Hoc|ARM.Build.0 = Debug|Any CPU
		{469714C3-A8CA-4F3B-B323-FC68C4EF08FA}.Ad-Hoc|iPhone.ActiveCfg = Debug|Any CPU
		{469714C3-A8CA-4F3B-B323-FC68C4EF08FA}.Ad-Hoc|iPhone.Build.0 = Debug|Any CPU
		{469714C3-A8CA-4F3B-B323-FC68C4EF08FA}.Ad-Hoc|iPhoneSimulator.ActiveCfg = Debug|Any CPU
		{469714C3-A8CA-4F3B-B323-FC68C4EF08FA}.Ad-Hoc|iPhoneSimulator.Build.0 = Debug|Any CPU
		{469714C3-A8CA-4F3B-B323-FC68C4EF08FA}.Ad-Hoc|x64.ActiveCfg = Debug|Any CPU
		{469714C3-A8CA-4F3B-B323-FC68C4EF08FA}.Ad-Hoc|x64.Build.0 = Debug|Any CPU
		{469714C3-A8CA-4F3B-B323-FC68C4EF08FA}.Ad-Hoc|x86.ActiveCfg = Debug|Any CPU
		{469714C3-A8CA-4F3B-B323-FC68C4EF08FA}.Ad-Hoc|x86.Build.0 = Debug|Any CPU
		{469714C3-A8CA-4F3B-B323-FC68C4EF08FA}.AppStore|Any CPU.ActiveCfg = Debug|Any CPU
		{469714C3-A8CA-4F3B-B323-FC68C4EF08FA}.AppStore|Any CPU.Build.0 = Debug|Any CPU
		{469714C3-A8CA-4F3B-B323-FC68C4EF08FA}.AppStore|ARM.ActiveCfg = Debug|Any CPU
		{469714C3-A8CA-4F3B-B323-FC68C4EF08FA}.AppStore|ARM.Build.0 = Debug|Any CPU
		{469714C3-A8CA-4F3B-B323-FC68C4EF08FA}.AppStore|iPhone.ActiveCfg = Debug|Any CPU
		{469714C3-A8CA-4F3B-B323-FC68C4EF08FA}.AppStore|iPhone.Build.0 = Debug|Any CPU
		{469714C3-A8CA-4F3B-B323-FC68C4EF08FA}.AppStore|iPhoneSimulator.ActiveCfg = Debug|Any CPU
		{469714C3-A8CA-4F3B-B323-FC68C4EF08FA}.AppStore|iPhoneSimulator.Build.0 = Debug|Any CPU
		{469714C3-A8CA-4F3B-B323-FC68C4EF08FA}.AppStore|x64.ActiveCfg = Debug|Any CPU
		{469714C3-A8CA-4F3B-B323-FC68C4EF08FA}.AppStore|x64.Build.0 = Debug|Any CPU
		{469714C3-A8CA-4F3B-B323-FC68C4EF08FA}.AppStore|x86.ActiveCfg = Debug|Any CPU
		{469714C3-A8CA-4F3B-B323-FC68C4EF08FA}.AppStore|x86.Build.0 = Debug|Any CPU
		{469714C3-A8CA-4F3B-B323-FC68C4EF08FA}.Debug|Any CPU.ActiveCfg = Debug|Any CPU
		{469714C3-A8CA-4F3B-B323-FC68C4EF08FA}.Debug|Any CPU.Build.0 = Debug|Any CPU
		{469714C3-A8CA-4F3B-B323-FC68C4EF08FA}.Debug|ARM.ActiveCfg = Debug|Any CPU
		{469714C3-A8CA-4F3B-B323-FC68C4EF08FA}.Debug|ARM.Build.0 = Debug|Any CPU
		{469714C3-A8CA-4F3B-B323-FC68C4EF08FA}.Debug|iPhone.ActiveCfg = Debug|Any CPU
		{469714C3-A8CA-4F3B-B323-FC68C4EF08FA}.Debug|iPhone.Build.0 = Debug|Any CPU
		{469714C3-A8CA-4F3B-B323-FC68C4EF08FA}.Debug|iPhoneSimulator.ActiveCfg = Debug|Any CPU
		{469714C3-A8CA-4F3B-B323-FC68C4EF08FA}.Debug|iPhoneSimulator.Build.0 = Debug|Any CPU
		{469714C3-A8CA-4F3B-B323-FC68C4EF08FA}.Debug|x64.ActiveCfg = Debug|Any CPU
		{469714C3-A8CA-4F3B-B323-FC68C4EF08FA}.Debug|x64.Build.0 = Debug|Any CPU
		{469714C3-A8CA-4F3B-B323-FC68C4EF08FA}.Debug|x86.ActiveCfg = Debug|Any CPU
		{469714C3-A8CA-4F3B-B323-FC68C4EF08FA}.Debug|x86.Build.0 = Debug|Any CPU
		{469714C3-A8CA-4F3B-B323-FC68C4EF08FA}.Release|Any CPU.ActiveCfg = Release|Any CPU
		{469714C3-A8CA-4F3B-B323-FC68C4EF08FA}.Release|Any CPU.Build.0 = Release|Any CPU
		{469714C3-A8CA-4F3B-B323-FC68C4EF08FA}.Release|ARM.ActiveCfg = Release|Any CPU
		{469714C3-A8CA-4F3B-B323-FC68C4EF08FA}.Release|ARM.Build.0 = Release|Any CPU
		{469714C3-A8CA-4F3B-B323-FC68C4EF08FA}.Release|iPhone.ActiveCfg = Release|Any CPU
		{469714C3-A8CA-4F3B-B323-FC68C4EF08FA}.Release|iPhone.Build.0 = Release|Any CPU
		{469714C3-A8CA-4F3B-B323-FC68C4EF08FA}.Release|iPhoneSimulator.ActiveCfg = Release|Any CPU
		{469714C3-A8CA-4F3B-B323-FC68C4EF08FA}.Release|iPhoneSimulator.Build.0 = Release|Any CPU
		{469714C3-A8CA-4F3B-B323-FC68C4EF08FA}.Release|x64.ActiveCfg = Release|Any CPU
		{469714C3-A8CA-4F3B-B323-FC68C4EF08FA}.Release|x64.Build.0 = Release|Any CPU
		{469714C3-A8CA-4F3B-B323-FC68C4EF08FA}.Release|x86.ActiveCfg = Release|Any CPU
		{469714C3-A8CA-4F3B-B323-FC68C4EF08FA}.Release|x86.Build.0 = Release|Any CPU
		{5E68CB9B-9297-47BF-BA0E-81EAD4A9BA22}.Ad-Hoc|Any CPU.ActiveCfg = Ad-Hoc|iPhone
		{5E68CB9B-9297-47BF-BA0E-81EAD4A9BA22}.Ad-Hoc|ARM.ActiveCfg = Ad-Hoc|iPhone
		{5E68CB9B-9297-47BF-BA0E-81EAD4A9BA22}.Ad-Hoc|iPhone.ActiveCfg = Ad-Hoc|iPhone
		{5E68CB9B-9297-47BF-BA0E-81EAD4A9BA22}.Ad-Hoc|iPhone.Build.0 = Ad-Hoc|iPhone
		{5E68CB9B-9297-47BF-BA0E-81EAD4A9BA22}.Ad-Hoc|iPhoneSimulator.ActiveCfg = Ad-Hoc|iPhoneSimulator
		{5E68CB9B-9297-47BF-BA0E-81EAD4A9BA22}.Ad-Hoc|iPhoneSimulator.Build.0 = Ad-Hoc|iPhoneSimulator
		{5E68CB9B-9297-47BF-BA0E-81EAD4A9BA22}.Ad-Hoc|x64.ActiveCfg = Ad-Hoc|iPhone
		{5E68CB9B-9297-47BF-BA0E-81EAD4A9BA22}.Ad-Hoc|x86.ActiveCfg = Ad-Hoc|iPhone
		{5E68CB9B-9297-47BF-BA0E-81EAD4A9BA22}.AppStore|Any CPU.ActiveCfg = AppStore|iPhone
		{5E68CB9B-9297-47BF-BA0E-81EAD4A9BA22}.AppStore|ARM.ActiveCfg = AppStore|iPhone
		{5E68CB9B-9297-47BF-BA0E-81EAD4A9BA22}.AppStore|iPhone.ActiveCfg = AppStore|iPhone
		{5E68CB9B-9297-47BF-BA0E-81EAD4A9BA22}.AppStore|iPhone.Build.0 = AppStore|iPhone
		{5E68CB9B-9297-47BF-BA0E-81EAD4A9BA22}.AppStore|iPhoneSimulator.ActiveCfg = AppStore|iPhoneSimulator
		{5E68CB9B-9297-47BF-BA0E-81EAD4A9BA22}.AppStore|iPhoneSimulator.Build.0 = AppStore|iPhoneSimulator
		{5E68CB9B-9297-47BF-BA0E-81EAD4A9BA22}.AppStore|x64.ActiveCfg = AppStore|iPhone
		{5E68CB9B-9297-47BF-BA0E-81EAD4A9BA22}.AppStore|x86.ActiveCfg = AppStore|iPhone
		{5E68CB9B-9297-47BF-BA0E-81EAD4A9BA22}.Debug|Any CPU.ActiveCfg = Debug|iPhone
		{5E68CB9B-9297-47BF-BA0E-81EAD4A9BA22}.Debug|ARM.ActiveCfg = Debug|iPhone
		{5E68CB9B-9297-47BF-BA0E-81EAD4A9BA22}.Debug|iPhone.ActiveCfg = Debug|iPhone
		{5E68CB9B-9297-47BF-BA0E-81EAD4A9BA22}.Debug|iPhone.Build.0 = Debug|iPhone
		{5E68CB9B-9297-47BF-BA0E-81EAD4A9BA22}.Debug|iPhoneSimulator.ActiveCfg = Debug|iPhoneSimulator
		{5E68CB9B-9297-47BF-BA0E-81EAD4A9BA22}.Debug|iPhoneSimulator.Build.0 = Debug|iPhoneSimulator
		{5E68CB9B-9297-47BF-BA0E-81EAD4A9BA22}.Debug|x64.ActiveCfg = Debug|iPhone
		{5E68CB9B-9297-47BF-BA0E-81EAD4A9BA22}.Debug|x86.ActiveCfg = Debug|iPhone
		{5E68CB9B-9297-47BF-BA0E-81EAD4A9BA22}.Release|Any CPU.ActiveCfg = Release|iPhone
		{5E68CB9B-9297-47BF-BA0E-81EAD4A9BA22}.Release|ARM.ActiveCfg = Release|iPhone
		{5E68CB9B-9297-47BF-BA0E-81EAD4A9BA22}.Release|iPhone.ActiveCfg = Release|iPhone
		{5E68CB9B-9297-47BF-BA0E-81EAD4A9BA22}.Release|iPhone.Build.0 = Release|iPhone
		{5E68CB9B-9297-47BF-BA0E-81EAD4A9BA22}.Release|iPhoneSimulator.ActiveCfg = Release|iPhoneSimulator
		{5E68CB9B-9297-47BF-BA0E-81EAD4A9BA22}.Release|iPhoneSimulator.Build.0 = Release|iPhoneSimulator
		{5E68CB9B-9297-47BF-BA0E-81EAD4A9BA22}.Release|x64.ActiveCfg = Release|iPhone
		{5E68CB9B-9297-47BF-BA0E-81EAD4A9BA22}.Release|x86.ActiveCfg = Release|iPhone
		{E96B7EC3-1A66-48A1-B96A-909C5CD60574}.Ad-Hoc|Any CPU.ActiveCfg = Release|x86
		{E96B7EC3-1A66-48A1-B96A-909C5CD60574}.Ad-Hoc|Any CPU.Build.0 = Release|x86
		{E96B7EC3-1A66-48A1-B96A-909C5CD60574}.Ad-Hoc|Any CPU.Deploy.0 = Release|x86
		{E96B7EC3-1A66-48A1-B96A-909C5CD60574}.Ad-Hoc|ARM.ActiveCfg = Release|ARM
		{E96B7EC3-1A66-48A1-B96A-909C5CD60574}.Ad-Hoc|ARM.Build.0 = Release|ARM
		{E96B7EC3-1A66-48A1-B96A-909C5CD60574}.Ad-Hoc|ARM.Deploy.0 = Release|ARM
		{E96B7EC3-1A66-48A1-B96A-909C5CD60574}.Ad-Hoc|iPhone.ActiveCfg = Release|x86
		{E96B7EC3-1A66-48A1-B96A-909C5CD60574}.Ad-Hoc|iPhone.Build.0 = Release|x86
		{E96B7EC3-1A66-48A1-B96A-909C5CD60574}.Ad-Hoc|iPhone.Deploy.0 = Release|x86
		{E96B7EC3-1A66-48A1-B96A-909C5CD60574}.Ad-Hoc|iPhoneSimulator.ActiveCfg = Release|x86
		{E96B7EC3-1A66-48A1-B96A-909C5CD60574}.Ad-Hoc|iPhoneSimulator.Build.0 = Release|x86
		{E96B7EC3-1A66-48A1-B96A-909C5CD60574}.Ad-Hoc|iPhoneSimulator.Deploy.0 = Release|x86
		{E96B7EC3-1A66-48A1-B96A-909C5CD60574}.Ad-Hoc|x64.ActiveCfg = Release|x64
		{E96B7EC3-1A66-48A1-B96A-909C5CD60574}.Ad-Hoc|x64.Build.0 = Release|x64
		{E96B7EC3-1A66-48A1-B96A-909C5CD60574}.Ad-Hoc|x64.Deploy.0 = Release|x64
		{E96B7EC3-1A66-48A1-B96A-909C5CD60574}.Ad-Hoc|x86.ActiveCfg = Release|x86
		{E96B7EC3-1A66-48A1-B96A-909C5CD60574}.Ad-Hoc|x86.Build.0 = Release|x86
		{E96B7EC3-1A66-48A1-B96A-909C5CD60574}.Ad-Hoc|x86.Deploy.0 = Release|x86
		{E96B7EC3-1A66-48A1-B96A-909C5CD60574}.AppStore|Any CPU.ActiveCfg = Release|x86
		{E96B7EC3-1A66-48A1-B96A-909C5CD60574}.AppStore|Any CPU.Build.0 = Release|x86
		{E96B7EC3-1A66-48A1-B96A-909C5CD60574}.AppStore|Any CPU.Deploy.0 = Release|x86
		{E96B7EC3-1A66-48A1-B96A-909C5CD60574}.AppStore|ARM.ActiveCfg = Release|ARM
		{E96B7EC3-1A66-48A1-B96A-909C5CD60574}.AppStore|ARM.Build.0 = Release|ARM
		{E96B7EC3-1A66-48A1-B96A-909C5CD60574}.AppStore|ARM.Deploy.0 = Release|ARM
		{E96B7EC3-1A66-48A1-B96A-909C5CD60574}.AppStore|iPhone.ActiveCfg = Release|x86
		{E96B7EC3-1A66-48A1-B96A-909C5CD60574}.AppStore|iPhone.Build.0 = Release|x86
		{E96B7EC3-1A66-48A1-B96A-909C5CD60574}.AppStore|iPhone.Deploy.0 = Release|x86
		{E96B7EC3-1A66-48A1-B96A-909C5CD60574}.AppStore|iPhoneSimulator.ActiveCfg = Release|x86
		{E96B7EC3-1A66-48A1-B96A-909C5CD60574}.AppStore|iPhoneSimulator.Build.0 = Release|x86
		{E96B7EC3-1A66-48A1-B96A-909C5CD60574}.AppStore|iPhoneSimulator.Deploy.0 = Release|x86
		{E96B7EC3-1A66-48A1-B96A-909C5CD60574}.AppStore|x64.ActiveCfg = Release|x64
		{E96B7EC3-1A66-48A1-B96A-909C5CD60574}.AppStore|x64.Build.0 = Release|x64
		{E96B7EC3-1A66-48A1-B96A-909C5CD60574}.AppStore|x64.Deploy.0 = Release|x64
		{E96B7EC3-1A66-48A1-B96A-909C5CD60574}.AppStore|x86.ActiveCfg = Release|x86
		{E96B7EC3-1A66-48A1-B96A-909C5CD60574}.AppStore|x86.Build.0 = Release|x86
		{E96B7EC3-1A66-48A1-B96A-909C5CD60574}.AppStore|x86.Deploy.0 = Release|x86
		{E96B7EC3-1A66-48A1-B96A-909C5CD60574}.Debug|Any CPU.ActiveCfg = Debug|x86
		{E96B7EC3-1A66-48A1-B96A-909C5CD60574}.Debug|ARM.ActiveCfg = Debug|ARM
		{E96B7EC3-1A66-48A1-B96A-909C5CD60574}.Debug|ARM.Build.0 = Debug|ARM
		{E96B7EC3-1A66-48A1-B96A-909C5CD60574}.Debug|ARM.Deploy.0 = Debug|ARM
		{E96B7EC3-1A66-48A1-B96A-909C5CD60574}.Debug|iPhone.ActiveCfg = Debug|x86
		{E96B7EC3-1A66-48A1-B96A-909C5CD60574}.Debug|iPhoneSimulator.ActiveCfg = Debug|x86
		{E96B7EC3-1A66-48A1-B96A-909C5CD60574}.Debug|x64.ActiveCfg = Debug|x64
		{E96B7EC3-1A66-48A1-B96A-909C5CD60574}.Debug|x64.Build.0 = Debug|x64
		{E96B7EC3-1A66-48A1-B96A-909C5CD60574}.Debug|x64.Deploy.0 = Debug|x64
		{E96B7EC3-1A66-48A1-B96A-909C5CD60574}.Debug|x86.ActiveCfg = Debug|x86
		{E96B7EC3-1A66-48A1-B96A-909C5CD60574}.Debug|x86.Build.0 = Debug|x86
		{E96B7EC3-1A66-48A1-B96A-909C5CD60574}.Debug|x86.Deploy.0 = Debug|x86
		{E96B7EC3-1A66-48A1-B96A-909C5CD60574}.Release|Any CPU.ActiveCfg = Release|x86
		{E96B7EC3-1A66-48A1-B96A-909C5CD60574}.Release|ARM.ActiveCfg = Release|ARM
		{E96B7EC3-1A66-48A1-B96A-909C5CD60574}.Release|ARM.Build.0 = Release|ARM
		{E96B7EC3-1A66-48A1-B96A-909C5CD60574}.Release|ARM.Deploy.0 = Release|ARM
		{E96B7EC3-1A66-48A1-B96A-909C5CD60574}.Release|iPhone.ActiveCfg = Release|x86
		{E96B7EC3-1A66-48A1-B96A-909C5CD60574}.Release|iPhoneSimulator.ActiveCfg = Release|x86
		{E96B7EC3-1A66-48A1-B96A-909C5CD60574}.Release|x64.ActiveCfg = Release|x64
		{E96B7EC3-1A66-48A1-B96A-909C5CD60574}.Release|x64.Build.0 = Release|x64
		{E96B7EC3-1A66-48A1-B96A-909C5CD60574}.Release|x64.Deploy.0 = Release|x64
		{E96B7EC3-1A66-48A1-B96A-909C5CD60574}.Release|x86.ActiveCfg = Release|x86
		{E96B7EC3-1A66-48A1-B96A-909C5CD60574}.Release|x86.Build.0 = Release|x86
		{E96B7EC3-1A66-48A1-B96A-909C5CD60574}.Release|x86.Deploy.0 = Release|x86
		{1EED29FA-E601-4D9F-9646-C63CD3FC4D1F}.Ad-Hoc|Any CPU.ActiveCfg = Release|Any CPU
		{1EED29FA-E601-4D9F-9646-C63CD3FC4D1F}.Ad-Hoc|Any CPU.Build.0 = Release|Any CPU
		{1EED29FA-E601-4D9F-9646-C63CD3FC4D1F}.Ad-Hoc|ARM.ActiveCfg = Release|Any CPU
		{1EED29FA-E601-4D9F-9646-C63CD3FC4D1F}.Ad-Hoc|ARM.Build.0 = Release|Any CPU
		{1EED29FA-E601-4D9F-9646-C63CD3FC4D1F}.Ad-Hoc|iPhone.ActiveCfg = Release|Any CPU
		{1EED29FA-E601-4D9F-9646-C63CD3FC4D1F}.Ad-Hoc|iPhone.Build.0 = Release|Any CPU
		{1EED29FA-E601-4D9F-9646-C63CD3FC4D1F}.Ad-Hoc|iPhoneSimulator.ActiveCfg = Release|Any CPU
		{1EED29FA-E601-4D9F-9646-C63CD3FC4D1F}.Ad-Hoc|iPhoneSimulator.Build.0 = Release|Any CPU
		{1EED29FA-E601-4D9F-9646-C63CD3FC4D1F}.Ad-Hoc|x64.ActiveCfg = Release|Any CPU
		{1EED29FA-E601-4D9F-9646-C63CD3FC4D1F}.Ad-Hoc|x64.Build.0 = Release|Any CPU
		{1EED29FA-E601-4D9F-9646-C63CD3FC4D1F}.Ad-Hoc|x86.ActiveCfg = Release|Any CPU
		{1EED29FA-E601-4D9F-9646-C63CD3FC4D1F}.Ad-Hoc|x86.Build.0 = Release|Any CPU
		{1EED29FA-E601-4D9F-9646-C63CD3FC4D1F}.AppStore|Any CPU.ActiveCfg = Release|Any CPU
		{1EED29FA-E601-4D9F-9646-C63CD3FC4D1F}.AppStore|Any CPU.Build.0 = Release|Any CPU
		{1EED29FA-E601-4D9F-9646-C63CD3FC4D1F}.AppStore|ARM.ActiveCfg = Release|Any CPU
		{1EED29FA-E601-4D9F-9646-C63CD3FC4D1F}.AppStore|ARM.Build.0 = Release|Any CPU
		{1EED29FA-E601-4D9F-9646-C63CD3FC4D1F}.AppStore|iPhone.ActiveCfg = Release|Any CPU
		{1EED29FA-E601-4D9F-9646-C63CD3FC4D1F}.AppStore|iPhone.Build.0 = Release|Any CPU
		{1EED29FA-E601-4D9F-9646-C63CD3FC4D1F}.AppStore|iPhoneSimulator.ActiveCfg = Release|Any CPU
		{1EED29FA-E601-4D9F-9646-C63CD3FC4D1F}.AppStore|iPhoneSimulator.Build.0 = Release|Any CPU
		{1EED29FA-E601-4D9F-9646-C63CD3FC4D1F}.AppStore|x64.ActiveCfg = Release|Any CPU
		{1EED29FA-E601-4D9F-9646-C63CD3FC4D1F}.AppStore|x64.Build.0 = Release|Any CPU
		{1EED29FA-E601-4D9F-9646-C63CD3FC4D1F}.AppStore|x86.ActiveCfg = Release|Any CPU
		{1EED29FA-E601-4D9F-9646-C63CD3FC4D1F}.AppStore|x86.Build.0 = Release|Any CPU
		{1EED29FA-E601-4D9F-9646-C63CD3FC4D1F}.Debug|Any CPU.ActiveCfg = Debug|Any CPU
		{1EED29FA-E601-4D9F-9646-C63CD3FC4D1F}.Debug|Any CPU.Build.0 = Debug|Any CPU
		{1EED29FA-E601-4D9F-9646-C63CD3FC4D1F}.Debug|ARM.ActiveCfg = Debug|Any CPU
		{1EED29FA-E601-4D9F-9646-C63CD3FC4D1F}.Debug|ARM.Build.0 = Debug|Any CPU
		{1EED29FA-E601-4D9F-9646-C63CD3FC4D1F}.Debug|iPhone.ActiveCfg = Debug|Any CPU
		{1EED29FA-E601-4D9F-9646-C63CD3FC4D1F}.Debug|iPhone.Build.0 = Debug|Any CPU
		{1EED29FA-E601-4D9F-9646-C63CD3FC4D1F}.Debug|iPhoneSimulator.ActiveCfg = Debug|Any CPU
		{1EED29FA-E601-4D9F-9646-C63CD3FC4D1F}.Debug|iPhoneSimulator.Build.0 = Debug|Any CPU
		{1EED29FA-E601-4D9F-9646-C63CD3FC4D1F}.Debug|x64.ActiveCfg = Debug|Any CPU
		{1EED29FA-E601-4D9F-9646-C63CD3FC4D1F}.Debug|x64.Build.0 = Debug|Any CPU
		{1EED29FA-E601-4D9F-9646-C63CD3FC4D1F}.Debug|x86.ActiveCfg = Debug|Any CPU
		{1EED29FA-E601-4D9F-9646-C63CD3FC4D1F}.Debug|x86.Build.0 = Debug|Any CPU
		{1EED29FA-E601-4D9F-9646-C63CD3FC4D1F}.Release|Any CPU.ActiveCfg = Release|Any CPU
		{1EED29FA-E601-4D9F-9646-C63CD3FC4D1F}.Release|Any CPU.Build.0 = Release|Any CPU
		{1EED29FA-E601-4D9F-9646-C63CD3FC4D1F}.Release|ARM.ActiveCfg = Release|Any CPU
		{1EED29FA-E601-4D9F-9646-C63CD3FC4D1F}.Release|ARM.Build.0 = Release|Any CPU
		{1EED29FA-E601-4D9F-9646-C63CD3FC4D1F}.Release|iPhone.ActiveCfg = Release|Any CPU
		{1EED29FA-E601-4D9F-9646-C63CD3FC4D1F}.Release|iPhone.Build.0 = Release|Any CPU
		{1EED29FA-E601-4D9F-9646-C63CD3FC4D1F}.Release|iPhoneSimulator.ActiveCfg = Release|Any CPU
		{1EED29FA-E601-4D9F-9646-C63CD3FC4D1F}.Release|iPhoneSimulator.Build.0 = Release|Any CPU
		{1EED29FA-E601-4D9F-9646-C63CD3FC4D1F}.Release|x64.ActiveCfg = Release|Any CPU
		{1EED29FA-E601-4D9F-9646-C63CD3FC4D1F}.Release|x64.Build.0 = Release|Any CPU
		{1EED29FA-E601-4D9F-9646-C63CD3FC4D1F}.Release|x86.ActiveCfg = Release|Any CPU
		{1EED29FA-E601-4D9F-9646-C63CD3FC4D1F}.Release|x86.Build.0 = Release|Any CPU
		{64478B94-4FC1-4836-AF4E-6CA4F8CC5BED}.Ad-Hoc|Any CPU.ActiveCfg = Release|Any CPU
		{64478B94-4FC1-4836-AF4E-6CA4F8CC5BED}.Ad-Hoc|Any CPU.Build.0 = Release|Any CPU
		{64478B94-4FC1-4836-AF4E-6CA4F8CC5BED}.Ad-Hoc|ARM.ActiveCfg = Release|Any CPU
		{64478B94-4FC1-4836-AF4E-6CA4F8CC5BED}.Ad-Hoc|ARM.Build.0 = Release|Any CPU
		{64478B94-4FC1-4836-AF4E-6CA4F8CC5BED}.Ad-Hoc|iPhone.ActiveCfg = Release|Any CPU
		{64478B94-4FC1-4836-AF4E-6CA4F8CC5BED}.Ad-Hoc|iPhone.Build.0 = Release|Any CPU
		{64478B94-4FC1-4836-AF4E-6CA4F8CC5BED}.Ad-Hoc|iPhoneSimulator.ActiveCfg = Release|Any CPU
		{64478B94-4FC1-4836-AF4E-6CA4F8CC5BED}.Ad-Hoc|iPhoneSimulator.Build.0 = Release|Any CPU
		{64478B94-4FC1-4836-AF4E-6CA4F8CC5BED}.Ad-Hoc|x64.ActiveCfg = Release|Any CPU
		{64478B94-4FC1-4836-AF4E-6CA4F8CC5BED}.Ad-Hoc|x64.Build.0 = Release|Any CPU
		{64478B94-4FC1-4836-AF4E-6CA4F8CC5BED}.Ad-Hoc|x86.ActiveCfg = Release|Any CPU
		{64478B94-4FC1-4836-AF4E-6CA4F8CC5BED}.Ad-Hoc|x86.Build.0 = Release|Any CPU
		{64478B94-4FC1-4836-AF4E-6CA4F8CC5BED}.AppStore|Any CPU.ActiveCfg = Release|Any CPU
		{64478B94-4FC1-4836-AF4E-6CA4F8CC5BED}.AppStore|Any CPU.Build.0 = Release|Any CPU
		{64478B94-4FC1-4836-AF4E-6CA4F8CC5BED}.AppStore|ARM.ActiveCfg = Release|Any CPU
		{64478B94-4FC1-4836-AF4E-6CA4F8CC5BED}.AppStore|ARM.Build.0 = Release|Any CPU
		{64478B94-4FC1-4836-AF4E-6CA4F8CC5BED}.AppStore|iPhone.ActiveCfg = Release|Any CPU
		{64478B94-4FC1-4836-AF4E-6CA4F8CC5BED}.AppStore|iPhone.Build.0 = Release|Any CPU
		{64478B94-4FC1-4836-AF4E-6CA4F8CC5BED}.AppStore|iPhoneSimulator.ActiveCfg = Release|Any CPU
		{64478B94-4FC1-4836-AF4E-6CA4F8CC5BED}.AppStore|iPhoneSimulator.Build.0 = Release|Any CPU
		{64478B94-4FC1-4836-AF4E-6CA4F8CC5BED}.AppStore|x64.ActiveCfg = Release|Any CPU
		{64478B94-4FC1-4836-AF4E-6CA4F8CC5BED}.AppStore|x64.Build.0 = Release|Any CPU
		{64478B94-4FC1-4836-AF4E-6CA4F8CC5BED}.AppStore|x86.ActiveCfg = Release|Any CPU
		{64478B94-4FC1-4836-AF4E-6CA4F8CC5BED}.AppStore|x86.Build.0 = Release|Any CPU
		{64478B94-4FC1-4836-AF4E-6CA4F8CC5BED}.Debug|Any CPU.ActiveCfg = Debug|Any CPU
		{64478B94-4FC1-4836-AF4E-6CA4F8CC5BED}.Debug|Any CPU.Build.0 = Debug|Any CPU
		{64478B94-4FC1-4836-AF4E-6CA4F8CC5BED}.Debug|ARM.ActiveCfg = Debug|Any CPU
		{64478B94-4FC1-4836-AF4E-6CA4F8CC5BED}.Debug|ARM.Build.0 = Debug|Any CPU
		{64478B94-4FC1-4836-AF4E-6CA4F8CC5BED}.Debug|iPhone.ActiveCfg = Debug|Any CPU
		{64478B94-4FC1-4836-AF4E-6CA4F8CC5BED}.Debug|iPhone.Build.0 = Debug|Any CPU
		{64478B94-4FC1-4836-AF4E-6CA4F8CC5BED}.Debug|iPhoneSimulator.ActiveCfg = Debug|Any CPU
		{64478B94-4FC1-4836-AF4E-6CA4F8CC5BED}.Debug|iPhoneSimulator.Build.0 = Debug|Any CPU
		{64478B94-4FC1-4836-AF4E-6CA4F8CC5BED}.Debug|x64.ActiveCfg = Debug|Any CPU
		{64478B94-4FC1-4836-AF4E-6CA4F8CC5BED}.Debug|x64.Build.0 = Debug|Any CPU
		{64478B94-4FC1-4836-AF4E-6CA4F8CC5BED}.Debug|x86.ActiveCfg = Debug|Any CPU
		{64478B94-4FC1-4836-AF4E-6CA4F8CC5BED}.Debug|x86.Build.0 = Debug|Any CPU
		{64478B94-4FC1-4836-AF4E-6CA4F8CC5BED}.Release|Any CPU.ActiveCfg = Release|Any CPU
		{64478B94-4FC1-4836-AF4E-6CA4F8CC5BED}.Release|Any CPU.Build.0 = Release|Any CPU
		{64478B94-4FC1-4836-AF4E-6CA4F8CC5BED}.Release|ARM.ActiveCfg = Release|Any CPU
		{64478B94-4FC1-4836-AF4E-6CA4F8CC5BED}.Release|ARM.Build.0 = Release|Any CPU
		{64478B94-4FC1-4836-AF4E-6CA4F8CC5BED}.Release|iPhone.ActiveCfg = Release|Any CPU
		{64478B94-4FC1-4836-AF4E-6CA4F8CC5BED}.Release|iPhone.Build.0 = Release|Any CPU
		{64478B94-4FC1-4836-AF4E-6CA4F8CC5BED}.Release|iPhoneSimulator.ActiveCfg = Release|Any CPU
		{64478B94-4FC1-4836-AF4E-6CA4F8CC5BED}.Release|iPhoneSimulator.Build.0 = Release|Any CPU
		{64478B94-4FC1-4836-AF4E-6CA4F8CC5BED}.Release|x64.ActiveCfg = Release|Any CPU
		{64478B94-4FC1-4836-AF4E-6CA4F8CC5BED}.Release|x64.Build.0 = Release|Any CPU
		{64478B94-4FC1-4836-AF4E-6CA4F8CC5BED}.Release|x86.ActiveCfg = Release|Any CPU
		{64478B94-4FC1-4836-AF4E-6CA4F8CC5BED}.Release|x86.Build.0 = Release|Any CPU
		{17CA86F4-A9EC-4052-95E8-C6CD538342AC}.Ad-Hoc|Any CPU.ActiveCfg = Release|Any CPU
		{17CA86F4-A9EC-4052-95E8-C6CD538342AC}.Ad-Hoc|Any CPU.Build.0 = Release|Any CPU
		{17CA86F4-A9EC-4052-95E8-C6CD538342AC}.Ad-Hoc|ARM.ActiveCfg = Release|Any CPU
		{17CA86F4-A9EC-4052-95E8-C6CD538342AC}.Ad-Hoc|ARM.Build.0 = Release|Any CPU
		{17CA86F4-A9EC-4052-95E8-C6CD538342AC}.Ad-Hoc|iPhone.ActiveCfg = Release|Any CPU
		{17CA86F4-A9EC-4052-95E8-C6CD538342AC}.Ad-Hoc|iPhone.Build.0 = Release|Any CPU
		{17CA86F4-A9EC-4052-95E8-C6CD538342AC}.Ad-Hoc|iPhoneSimulator.ActiveCfg = Release|Any CPU
		{17CA86F4-A9EC-4052-95E8-C6CD538342AC}.Ad-Hoc|iPhoneSimulator.Build.0 = Release|Any CPU
		{17CA86F4-A9EC-4052-95E8-C6CD538342AC}.Ad-Hoc|x64.ActiveCfg = Release|Any CPU
		{17CA86F4-A9EC-4052-95E8-C6CD538342AC}.Ad-Hoc|x64.Build.0 = Release|Any CPU
		{17CA86F4-A9EC-4052-95E8-C6CD538342AC}.Ad-Hoc|x86.ActiveCfg = Release|Any CPU
		{17CA86F4-A9EC-4052-95E8-C6CD538342AC}.Ad-Hoc|x86.Build.0 = Release|Any CPU
		{17CA86F4-A9EC-4052-95E8-C6CD538342AC}.AppStore|Any CPU.ActiveCfg = Release|Any CPU
		{17CA86F4-A9EC-4052-95E8-C6CD538342AC}.AppStore|Any CPU.Build.0 = Release|Any CPU
		{17CA86F4-A9EC-4052-95E8-C6CD538342AC}.AppStore|ARM.ActiveCfg = Release|Any CPU
		{17CA86F4-A9EC-4052-95E8-C6CD538342AC}.AppStore|ARM.Build.0 = Release|Any CPU
		{17CA86F4-A9EC-4052-95E8-C6CD538342AC}.AppStore|iPhone.ActiveCfg = Release|Any CPU
		{17CA86F4-A9EC-4052-95E8-C6CD538342AC}.AppStore|iPhone.Build.0 = Release|Any CPU
		{17CA86F4-A9EC-4052-95E8-C6CD538342AC}.AppStore|iPhoneSimulator.ActiveCfg = Release|Any CPU
		{17CA86F4-A9EC-4052-95E8-C6CD538342AC}.AppStore|iPhoneSimulator.Build.0 = Release|Any CPU
		{17CA86F4-A9EC-4052-95E8-C6CD538342AC}.AppStore|x64.ActiveCfg = Release|Any CPU
		{17CA86F4-A9EC-4052-95E8-C6CD538342AC}.AppStore|x64.Build.0 = Release|Any CPU
		{17CA86F4-A9EC-4052-95E8-C6CD538342AC}.AppStore|x86.ActiveCfg = Release|Any CPU
		{17CA86F4-A9EC-4052-95E8-C6CD538342AC}.AppStore|x86.Build.0 = Release|Any CPU
		{17CA86F4-A9EC-4052-95E8-C6CD538342AC}.Debug|Any CPU.ActiveCfg = Debug|Any CPU
		{17CA86F4-A9EC-4052-95E8-C6CD538342AC}.Debug|Any CPU.Build.0 = Debug|Any CPU
		{17CA86F4-A9EC-4052-95E8-C6CD538342AC}.Debug|Any CPU.Deploy.0 = Debug|Any CPU
		{17CA86F4-A9EC-4052-95E8-C6CD538342AC}.Debug|ARM.ActiveCfg = Debug|Any CPU
		{17CA86F4-A9EC-4052-95E8-C6CD538342AC}.Debug|ARM.Build.0 = Debug|Any CPU
		{17CA86F4-A9EC-4052-95E8-C6CD538342AC}.Debug|iPhone.ActiveCfg = Debug|Any CPU
		{17CA86F4-A9EC-4052-95E8-C6CD538342AC}.Debug|iPhone.Build.0 = Debug|Any CPU
		{17CA86F4-A9EC-4052-95E8-C6CD538342AC}.Debug|iPhoneSimulator.ActiveCfg = Debug|Any CPU
		{17CA86F4-A9EC-4052-95E8-C6CD538342AC}.Debug|iPhoneSimulator.Build.0 = Debug|Any CPU
		{17CA86F4-A9EC-4052-95E8-C6CD538342AC}.Debug|x64.ActiveCfg = Debug|Any CPU
		{17CA86F4-A9EC-4052-95E8-C6CD538342AC}.Debug|x64.Build.0 = Debug|Any CPU
		{17CA86F4-A9EC-4052-95E8-C6CD538342AC}.Debug|x86.ActiveCfg = Debug|Any CPU
		{17CA86F4-A9EC-4052-95E8-C6CD538342AC}.Debug|x86.Build.0 = Debug|Any CPU
		{17CA86F4-A9EC-4052-95E8-C6CD538342AC}.Release|Any CPU.ActiveCfg = Release|Any CPU
		{17CA86F4-A9EC-4052-95E8-C6CD538342AC}.Release|Any CPU.Build.0 = Release|Any CPU
		{17CA86F4-A9EC-4052-95E8-C6CD538342AC}.Release|Any CPU.Deploy.0 = Release|Any CPU
		{17CA86F4-A9EC-4052-95E8-C6CD538342AC}.Release|ARM.ActiveCfg = Release|Any CPU
		{17CA86F4-A9EC-4052-95E8-C6CD538342AC}.Release|ARM.Build.0 = Release|Any CPU
		{17CA86F4-A9EC-4052-95E8-C6CD538342AC}.Release|iPhone.ActiveCfg = Release|Any CPU
		{17CA86F4-A9EC-4052-95E8-C6CD538342AC}.Release|iPhone.Build.0 = Release|Any CPU
		{17CA86F4-A9EC-4052-95E8-C6CD538342AC}.Release|iPhoneSimulator.ActiveCfg = Release|Any CPU
		{17CA86F4-A9EC-4052-95E8-C6CD538342AC}.Release|iPhoneSimulator.Build.0 = Release|Any CPU
		{17CA86F4-A9EC-4052-95E8-C6CD538342AC}.Release|x64.ActiveCfg = Release|Any CPU
		{17CA86F4-A9EC-4052-95E8-C6CD538342AC}.Release|x64.Build.0 = Release|Any CPU
		{17CA86F4-A9EC-4052-95E8-C6CD538342AC}.Release|x86.ActiveCfg = Release|Any CPU
		{17CA86F4-A9EC-4052-95E8-C6CD538342AC}.Release|x86.Build.0 = Release|Any CPU
		{929BD965-0E35-40D6-91C2-BA564D0C2BB9}.Ad-Hoc|Any CPU.ActiveCfg = Release|Any CPU
		{929BD965-0E35-40D6-91C2-BA564D0C2BB9}.Ad-Hoc|Any CPU.Build.0 = Release|Any CPU
		{929BD965-0E35-40D6-91C2-BA564D0C2BB9}.Ad-Hoc|ARM.ActiveCfg = Release|Any CPU
		{929BD965-0E35-40D6-91C2-BA564D0C2BB9}.Ad-Hoc|ARM.Build.0 = Release|Any CPU
		{929BD965-0E35-40D6-91C2-BA564D0C2BB9}.Ad-Hoc|iPhone.ActiveCfg = Release|Any CPU
		{929BD965-0E35-40D6-91C2-BA564D0C2BB9}.Ad-Hoc|iPhone.Build.0 = Release|Any CPU
		{929BD965-0E35-40D6-91C2-BA564D0C2BB9}.Ad-Hoc|iPhoneSimulator.ActiveCfg = Release|Any CPU
		{929BD965-0E35-40D6-91C2-BA564D0C2BB9}.Ad-Hoc|iPhoneSimulator.Build.0 = Release|Any CPU
		{929BD965-0E35-40D6-91C2-BA564D0C2BB9}.Ad-Hoc|x64.ActiveCfg = Release|Any CPU
		{929BD965-0E35-40D6-91C2-BA564D0C2BB9}.Ad-Hoc|x64.Build.0 = Release|Any CPU
		{929BD965-0E35-40D6-91C2-BA564D0C2BB9}.Ad-Hoc|x86.ActiveCfg = Release|Any CPU
		{929BD965-0E35-40D6-91C2-BA564D0C2BB9}.Ad-Hoc|x86.Build.0 = Release|Any CPU
		{929BD965-0E35-40D6-91C2-BA564D0C2BB9}.AppStore|Any CPU.ActiveCfg = Release|Any CPU
		{929BD965-0E35-40D6-91C2-BA564D0C2BB9}.AppStore|Any CPU.Build.0 = Release|Any CPU
		{929BD965-0E35-40D6-91C2-BA564D0C2BB9}.AppStore|ARM.ActiveCfg = Release|Any CPU
		{929BD965-0E35-40D6-91C2-BA564D0C2BB9}.AppStore|ARM.Build.0 = Release|Any CPU
		{929BD965-0E35-40D6-91C2-BA564D0C2BB9}.AppStore|iPhone.ActiveCfg = Release|Any CPU
		{929BD965-0E35-40D6-91C2-BA564D0C2BB9}.AppStore|iPhone.Build.0 = Release|Any CPU
		{929BD965-0E35-40D6-91C2-BA564D0C2BB9}.AppStore|iPhoneSimulator.ActiveCfg = Release|Any CPU
		{929BD965-0E35-40D6-91C2-BA564D0C2BB9}.AppStore|iPhoneSimulator.Build.0 = Release|Any CPU
		{929BD965-0E35-40D6-91C2-BA564D0C2BB9}.AppStore|x64.ActiveCfg = Release|Any CPU
		{929BD965-0E35-40D6-91C2-BA564D0C2BB9}.AppStore|x64.Build.0 = Release|Any CPU
		{929BD965-0E35-40D6-91C2-BA564D0C2BB9}.AppStore|x86.ActiveCfg = Release|Any CPU
		{929BD965-0E35-40D6-91C2-BA564D0C2BB9}.AppStore|x86.Build.0 = Release|Any CPU
		{929BD965-0E35-40D6-91C2-BA564D0C2BB9}.Debug|Any CPU.ActiveCfg = Debug|Any CPU
		{929BD965-0E35-40D6-91C2-BA564D0C2BB9}.Debug|Any CPU.Build.0 = Debug|Any CPU
		{929BD965-0E35-40D6-91C2-BA564D0C2BB9}.Debug|ARM.ActiveCfg = Debug|Any CPU
		{929BD965-0E35-40D6-91C2-BA564D0C2BB9}.Debug|ARM.Build.0 = Debug|Any CPU
		{929BD965-0E35-40D6-91C2-BA564D0C2BB9}.Debug|iPhone.ActiveCfg = Debug|Any CPU
		{929BD965-0E35-40D6-91C2-BA564D0C2BB9}.Debug|iPhone.Build.0 = Debug|Any CPU
		{929BD965-0E35-40D6-91C2-BA564D0C2BB9}.Debug|iPhoneSimulator.ActiveCfg = Debug|Any CPU
		{929BD965-0E35-40D6-91C2-BA564D0C2BB9}.Debug|iPhoneSimulator.Build.0 = Debug|Any CPU
		{929BD965-0E35-40D6-91C2-BA564D0C2BB9}.Debug|x64.ActiveCfg = Debug|Any CPU
		{929BD965-0E35-40D6-91C2-BA564D0C2BB9}.Debug|x64.Build.0 = Debug|Any CPU
		{929BD965-0E35-40D6-91C2-BA564D0C2BB9}.Debug|x86.ActiveCfg = Debug|Any CPU
		{929BD965-0E35-40D6-91C2-BA564D0C2BB9}.Debug|x86.Build.0 = Debug|Any CPU
		{929BD965-0E35-40D6-91C2-BA564D0C2BB9}.Release|Any CPU.ActiveCfg = Release|Any CPU
		{929BD965-0E35-40D6-91C2-BA564D0C2BB9}.Release|Any CPU.Build.0 = Release|Any CPU
		{929BD965-0E35-40D6-91C2-BA564D0C2BB9}.Release|ARM.ActiveCfg = Release|Any CPU
		{929BD965-0E35-40D6-91C2-BA564D0C2BB9}.Release|ARM.Build.0 = Release|Any CPU
		{929BD965-0E35-40D6-91C2-BA564D0C2BB9}.Release|iPhone.ActiveCfg = Release|Any CPU
		{929BD965-0E35-40D6-91C2-BA564D0C2BB9}.Release|iPhone.Build.0 = Release|Any CPU
		{929BD965-0E35-40D6-91C2-BA564D0C2BB9}.Release|iPhoneSimulator.ActiveCfg = Release|Any CPU
		{929BD965-0E35-40D6-91C2-BA564D0C2BB9}.Release|iPhoneSimulator.Build.0 = Release|Any CPU
		{929BD965-0E35-40D6-91C2-BA564D0C2BB9}.Release|x64.ActiveCfg = Release|Any CPU
		{929BD965-0E35-40D6-91C2-BA564D0C2BB9}.Release|x64.Build.0 = Release|Any CPU
		{929BD965-0E35-40D6-91C2-BA564D0C2BB9}.Release|x86.ActiveCfg = Release|Any CPU
		{929BD965-0E35-40D6-91C2-BA564D0C2BB9}.Release|x86.Build.0 = Release|Any CPU
		{ECD3A580-069B-4BBF-B982-78406CB3E5B8}.Ad-Hoc|Any CPU.ActiveCfg = Release|x64
		{ECD3A580-069B-4BBF-B982-78406CB3E5B8}.Ad-Hoc|Any CPU.Build.0 = Release|x64
		{ECD3A580-069B-4BBF-B982-78406CB3E5B8}.Ad-Hoc|Any CPU.Deploy.0 = Release|x64
		{ECD3A580-069B-4BBF-B982-78406CB3E5B8}.Ad-Hoc|ARM.ActiveCfg = Release|ARM
		{ECD3A580-069B-4BBF-B982-78406CB3E5B8}.Ad-Hoc|ARM.Build.0 = Release|ARM
		{ECD3A580-069B-4BBF-B982-78406CB3E5B8}.Ad-Hoc|ARM.Deploy.0 = Release|ARM
		{ECD3A580-069B-4BBF-B982-78406CB3E5B8}.Ad-Hoc|ARM64.ActiveCfg = Release|ARM64
		{ECD3A580-069B-4BBF-B982-78406CB3E5B8}.Ad-Hoc|ARM64.Build.0 = Release|ARM64
		{ECD3A580-069B-4BBF-B982-78406CB3E5B8}.Ad-Hoc|ARM64.Deploy.0 = Release|ARM64
		{ECD3A580-069B-4BBF-B982-78406CB3E5B8}.Ad-Hoc|iPhone.ActiveCfg = Release|x64
		{ECD3A580-069B-4BBF-B982-78406CB3E5B8}.Ad-Hoc|iPhone.Build.0 = Release|x64
		{ECD3A580-069B-4BBF-B982-78406CB3E5B8}.Ad-Hoc|iPhone.Deploy.0 = Release|x64
		{ECD3A580-069B-4BBF-B982-78406CB3E5B8}.Ad-Hoc|iPhoneSimulator.ActiveCfg = Release|x64
		{ECD3A580-069B-4BBF-B982-78406CB3E5B8}.Ad-Hoc|iPhoneSimulator.Build.0 = Release|x64
		{ECD3A580-069B-4BBF-B982-78406CB3E5B8}.Ad-Hoc|iPhoneSimulator.Deploy.0 = Release|x64
		{ECD3A580-069B-4BBF-B982-78406CB3E5B8}.Ad-Hoc|x64.ActiveCfg = Release|x64
		{ECD3A580-069B-4BBF-B982-78406CB3E5B8}.Ad-Hoc|x64.Build.0 = Release|x64
		{ECD3A580-069B-4BBF-B982-78406CB3E5B8}.Ad-Hoc|x64.Deploy.0 = Release|x64
		{ECD3A580-069B-4BBF-B982-78406CB3E5B8}.Ad-Hoc|x86.ActiveCfg = Release|x86
		{ECD3A580-069B-4BBF-B982-78406CB3E5B8}.Ad-Hoc|x86.Build.0 = Release|x86
		{ECD3A580-069B-4BBF-B982-78406CB3E5B8}.Ad-Hoc|x86.Deploy.0 = Release|x86
		{ECD3A580-069B-4BBF-B982-78406CB3E5B8}.AppStore|Any CPU.ActiveCfg = Release|x64
		{ECD3A580-069B-4BBF-B982-78406CB3E5B8}.AppStore|Any CPU.Build.0 = Release|x64
		{ECD3A580-069B-4BBF-B982-78406CB3E5B8}.AppStore|Any CPU.Deploy.0 = Release|x64
		{ECD3A580-069B-4BBF-B982-78406CB3E5B8}.AppStore|ARM.ActiveCfg = Release|ARM
		{ECD3A580-069B-4BBF-B982-78406CB3E5B8}.AppStore|ARM.Build.0 = Release|ARM
		{ECD3A580-069B-4BBF-B982-78406CB3E5B8}.AppStore|ARM.Deploy.0 = Release|ARM
		{ECD3A580-069B-4BBF-B982-78406CB3E5B8}.AppStore|ARM64.ActiveCfg = Release|ARM64
		{ECD3A580-069B-4BBF-B982-78406CB3E5B8}.AppStore|ARM64.Build.0 = Release|ARM64
		{ECD3A580-069B-4BBF-B982-78406CB3E5B8}.AppStore|ARM64.Deploy.0 = Release|ARM64
		{ECD3A580-069B-4BBF-B982-78406CB3E5B8}.AppStore|iPhone.ActiveCfg = Release|x64
		{ECD3A580-069B-4BBF-B982-78406CB3E5B8}.AppStore|iPhone.Build.0 = Release|x64
		{ECD3A580-069B-4BBF-B982-78406CB3E5B8}.AppStore|iPhone.Deploy.0 = Release|x64
		{ECD3A580-069B-4BBF-B982-78406CB3E5B8}.AppStore|iPhoneSimulator.ActiveCfg = Release|x64
		{ECD3A580-069B-4BBF-B982-78406CB3E5B8}.AppStore|iPhoneSimulator.Build.0 = Release|x64
		{ECD3A580-069B-4BBF-B982-78406CB3E5B8}.AppStore|iPhoneSimulator.Deploy.0 = Release|x64
		{ECD3A580-069B-4BBF-B982-78406CB3E5B8}.AppStore|x64.ActiveCfg = Release|x64
		{ECD3A580-069B-4BBF-B982-78406CB3E5B8}.AppStore|x64.Build.0 = Release|x64
		{ECD3A580-069B-4BBF-B982-78406CB3E5B8}.AppStore|x64.Deploy.0 = Release|x64
		{ECD3A580-069B-4BBF-B982-78406CB3E5B8}.AppStore|x86.ActiveCfg = Release|x86
		{ECD3A580-069B-4BBF-B982-78406CB3E5B8}.AppStore|x86.Build.0 = Release|x86
		{ECD3A580-069B-4BBF-B982-78406CB3E5B8}.AppStore|x86.Deploy.0 = Release|x86
		{ECD3A580-069B-4BBF-B982-78406CB3E5B8}.Debug|Any CPU.ActiveCfg = Debug|x86
		{ECD3A580-069B-4BBF-B982-78406CB3E5B8}.Debug|ARM.ActiveCfg = Debug|ARM
		{ECD3A580-069B-4BBF-B982-78406CB3E5B8}.Debug|ARM.Build.0 = Debug|ARM
		{ECD3A580-069B-4BBF-B982-78406CB3E5B8}.Debug|ARM.Deploy.0 = Debug|ARM
		{ECD3A580-069B-4BBF-B982-78406CB3E5B8}.Debug|ARM64.ActiveCfg = Debug|ARM64
		{ECD3A580-069B-4BBF-B982-78406CB3E5B8}.Debug|ARM64.Build.0 = Debug|ARM64
		{ECD3A580-069B-4BBF-B982-78406CB3E5B8}.Debug|ARM64.Deploy.0 = Debug|ARM64
		{ECD3A580-069B-4BBF-B982-78406CB3E5B8}.Debug|iPhone.ActiveCfg = Debug|x86
		{ECD3A580-069B-4BBF-B982-78406CB3E5B8}.Debug|iPhoneSimulator.ActiveCfg = Debug|x86
		{ECD3A580-069B-4BBF-B982-78406CB3E5B8}.Debug|x64.ActiveCfg = Debug|x64
		{ECD3A580-069B-4BBF-B982-78406CB3E5B8}.Debug|x64.Build.0 = Debug|x64
		{ECD3A580-069B-4BBF-B982-78406CB3E5B8}.Debug|x64.Deploy.0 = Debug|x64
		{ECD3A580-069B-4BBF-B982-78406CB3E5B8}.Debug|x86.ActiveCfg = Debug|x86
		{ECD3A580-069B-4BBF-B982-78406CB3E5B8}.Debug|x86.Build.0 = Debug|x86
		{ECD3A580-069B-4BBF-B982-78406CB3E5B8}.Debug|x86.Deploy.0 = Debug|x86
		{ECD3A580-069B-4BBF-B982-78406CB3E5B8}.Release|Any CPU.ActiveCfg = Release|x86
		{ECD3A580-069B-4BBF-B982-78406CB3E5B8}.Release|ARM.ActiveCfg = Release|ARM
		{ECD3A580-069B-4BBF-B982-78406CB3E5B8}.Release|ARM.Build.0 = Release|ARM
		{ECD3A580-069B-4BBF-B982-78406CB3E5B8}.Release|ARM.Deploy.0 = Release|ARM
		{ECD3A580-069B-4BBF-B982-78406CB3E5B8}.Release|ARM64.ActiveCfg = Release|ARM64
		{ECD3A580-069B-4BBF-B982-78406CB3E5B8}.Release|ARM64.Build.0 = Release|ARM64
		{ECD3A580-069B-4BBF-B982-78406CB3E5B8}.Release|ARM64.Deploy.0 = Release|ARM64
		{ECD3A580-069B-4BBF-B982-78406CB3E5B8}.Release|iPhone.ActiveCfg = Release|x86
		{ECD3A580-069B-4BBF-B982-78406CB3E5B8}.Release|iPhoneSimulator.ActiveCfg = Release|x86
		{ECD3A580-069B-4BBF-B982-78406CB3E5B8}.Release|x64.ActiveCfg = Release|x64
		{ECD3A580-069B-4BBF-B982-78406CB3E5B8}.Release|x64.Build.0 = Release|x64
		{ECD3A580-069B-4BBF-B982-78406CB3E5B8}.Release|x64.Deploy.0 = Release|x64
		{ECD3A580-069B-4BBF-B982-78406CB3E5B8}.Release|x86.ActiveCfg = Release|x86
		{ECD3A580-069B-4BBF-B982-78406CB3E5B8}.Release|x86.Build.0 = Release|x86
		{ECD3A580-069B-4BBF-B982-78406CB3E5B8}.Release|x86.Deploy.0 = Release|x86
	EndGlobalSection
	GlobalSection(SolutionProperties) = preSolution
		HideSolutionNode = FALSE
	EndGlobalSection
	GlobalSection(ExtensibilityGlobals) = postSolution
		SolutionGuid = {F6D05029-56B8-4E45-AF2D-0E76295DDBA2}
	EndGlobalSection
EndGlobal
