
Microsoft Visual Studio Solution File, Format Version 12.00
# Visual Studio 15
VisualStudioVersion = 15.0.26730.10
MinimumVisualStudioVersion = 10.0.40219.1

Project("{6EC3EE1D-3C4E-46DD-8F32-0CC8E7565705}") = "aoc2019_3", "aoc2019_3\aoc2019_3.fsproj", "{D3017D04-2A46-46DE-9A5D-25BDBA8CF3DC}"
EndProject

Project("{F2A71F9B-5D33-465A-A702-920D77279786}") = "aoc2019_3.Android", "aoc2019_3.Android\aoc2019_3.Android.fsproj", "{EBA9240B-E4BC-478C-819E-4DED3C5F786C}"
EndProject


Project("{F2A71F9B-5D33-465A-A702-920D77279786}") = "aoc2019_3.iOS", "aoc2019_3.iOS\aoc2019_3.iOS.fsproj", "{D52A1E50-9180-47E0-BAFE-C1A60524A59E}"
EndProject




Global
	GlobalSection(SolutionConfigurationPlatforms) = preSolution
		Ad-Hoc|Any CPU = Ad-Hoc|Any CPU
		Ad-Hoc|ARM = Ad-Hoc|ARM
		Ad-Hoc|iPhone = Ad-Hoc|iPhone
		Ad-Hoc|iPhoneSimulator = Ad-Hoc|iPhoneSimulator
		Ad-Hoc|x64 = Ad-Hoc|x64
		Ad-Hoc|x86 = Ad-Hoc|x86
		AppStore|Any CPU = AppStore|Any CPU
		AppStore|ARM = AppStore|ARM
		AppStore|iPhone = AppStore|iPhone
		AppStore|iPhoneSimulator = AppStore|iPhoneSimulator
		AppStore|x64 = AppStore|x64
		AppStore|x86 = AppStore|x86
		Debug|Any CPU = Debug|Any CPU
		Debug|ARM = Debug|ARM
		Debug|iPhone = Debug|iPhone
		Debug|iPhoneSimulator = Debug|iPhoneSimulator
		Debug|x64 = Debug|x64
		Debug|x86 = Debug|x86
		Release|Any CPU = Release|Any CPU
		Release|ARM = Release|ARM
		Release|iPhone = Release|iPhone
		Release|iPhoneSimulator = Release|iPhoneSimulator
		Release|x64 = Release|x64
		Release|x86 = Release|x86
	EndGlobalSection
	GlobalSection(ProjectConfigurationPlatforms) = postSolution
		{D3017D04-2A46-46DE-9A5D-25BDBA8CF3DC}.Ad-Hoc|Any CPU.ActiveCfg = Debug|Any CPU
		{D3017D04-2A46-46DE-9A5D-25BDBA8CF3DC}.Ad-Hoc|Any CPU.Build.0 = Debug|Any CPU
		{D3017D04-2A46-46DE-9A5D-25BDBA8CF3DC}.Ad-Hoc|ARM.ActiveCfg = Debug|Any CPU
		{D3017D04-2A46-46DE-9A5D-25BDBA8CF3DC}.Ad-Hoc|ARM.Build.0 = Debug|Any CPU
		{D3017D04-2A46-46DE-9A5D-25BDBA8CF3DC}.Ad-Hoc|iPhone.ActiveCfg = Debug|Any CPU
		{D3017D04-2A46-46DE-9A5D-25BDBA8CF3DC}.Ad-Hoc|iPhone.Build.0 = Debug|Any CPU
		{D3017D04-2A46-46DE-9A5D-25BDBA8CF3DC}.Ad-Hoc|iPhoneSimulator.ActiveCfg = Debug|Any CPU
		{D3017D04-2A46-46DE-9A5D-25BDBA8CF3DC}.Ad-Hoc|iPhoneSimulator.Build.0 = Debug|Any CPU
		{D3017D04-2A46-46DE-9A5D-25BDBA8CF3DC}.Ad-Hoc|x64.ActiveCfg = Debug|Any CPU
		{D3017D04-2A46-46DE-9A5D-25BDBA8CF3DC}.Ad-Hoc|x64.Build.0 = Debug|Any CPU
		{D3017D04-2A46-46DE-9A5D-25BDBA8CF3DC}.Ad-Hoc|x86.ActiveCfg = Debug|Any CPU
		{D3017D04-2A46-46DE-9A5D-25BDBA8CF3DC}.Ad-Hoc|x86.Build.0 = Debug|Any CPU
		{D3017D04-2A46-46DE-9A5D-25BDBA8CF3DC}.AppStore|Any CPU.ActiveCfg = Debug|Any CPU
		{D3017D04-2A46-46DE-9A5D-25BDBA8CF3DC}.AppStore|Any CPU.Build.0 = Debug|Any CPU
		{D3017D04-2A46-46DE-9A5D-25BDBA8CF3DC}.AppStore|ARM.ActiveCfg = Debug|Any CPU
		{D3017D04-2A46-46DE-9A5D-25BDBA8CF3DC}.AppStore|ARM.Build.0 = Debug|Any CPU
		{D3017D04-2A46-46DE-9A5D-25BDBA8CF3DC}.AppStore|iPhone.ActiveCfg = Debug|Any CPU
		{D3017D04-2A46-46DE-9A5D-25BDBA8CF3DC}.AppStore|iPhone.Build.0 = Debug|Any CPU
		{D3017D04-2A46-46DE-9A5D-25BDBA8CF3DC}.AppStore|iPhoneSimulator.ActiveCfg = Debug|Any CPU
		{D3017D04-2A46-46DE-9A5D-25BDBA8CF3DC}.AppStore|iPhoneSimulator.Build.0 = Debug|Any CPU
		{D3017D04-2A46-46DE-9A5D-25BDBA8CF3DC}.AppStore|x64.ActiveCfg = Debug|Any CPU
		{D3017D04-2A46-46DE-9A5D-25BDBA8CF3DC}.AppStore|x64.Build.0 = Debug|Any CPU
		{D3017D04-2A46-46DE-9A5D-25BDBA8CF3DC}.AppStore|x86.ActiveCfg = Debug|Any CPU
		{D3017D04-2A46-46DE-9A5D-25BDBA8CF3DC}.AppStore|x86.Build.0 = Debug|Any CPU
		{D3017D04-2A46-46DE-9A5D-25BDBA8CF3DC}.Debug|Any CPU.ActiveCfg = Debug|Any CPU
		{D3017D04-2A46-46DE-9A5D-25BDBA8CF3DC}.Debug|Any CPU.Build.0 = Debug|Any CPU
		{D3017D04-2A46-46DE-9A5D-25BDBA8CF3DC}.Debug|ARM.ActiveCfg = Debug|Any CPU
		{D3017D04-2A46-46DE-9A5D-25BDBA8CF3DC}.Debug|ARM.Build.0 = Debug|Any CPU
		{D3017D04-2A46-46DE-9A5D-25BDBA8CF3DC}.Debug|iPhone.ActiveCfg = Debug|Any CPU
		{D3017D04-2A46-46DE-9A5D-25BDBA8CF3DC}.Debug|iPhone.Build.0 = Debug|Any CPU
		{D3017D04-2A46-46DE-9A5D-25BDBA8CF3DC}.Debug|iPhoneSimulator.ActiveCfg = Debug|Any CPU
		{D3017D04-2A46-46DE-9A5D-25BDBA8CF3DC}.Debug|iPhoneSimulator.Build.0 = Debug|Any CPU
		{D3017D04-2A46-46DE-9A5D-25BDBA8CF3DC}.Debug|x64.ActiveCfg = Debug|Any CPU
		{D3017D04-2A46-46DE-9A5D-25BDBA8CF3DC}.Debug|x64.Build.0 = Debug|Any CPU
		{D3017D04-2A46-46DE-9A5D-25BDBA8CF3DC}.Debug|x86.ActiveCfg = Debug|Any CPU
		{D3017D04-2A46-46DE-9A5D-25BDBA8CF3DC}.Debug|x86.Build.0 = Debug|Any CPU
		{D3017D04-2A46-46DE-9A5D-25BDBA8CF3DC}.Release|Any CPU.ActiveCfg = Release|Any CPU
		{D3017D04-2A46-46DE-9A5D-25BDBA8CF3DC}.Release|Any CPU.Build.0 = Release|Any CPU
		{D3017D04-2A46-46DE-9A5D-25BDBA8CF3DC}.Release|ARM.ActiveCfg = Release|Any CPU
		{D3017D04-2A46-46DE-9A5D-25BDBA8CF3DC}.Release|ARM.Build.0 = Release|Any CPU
		{D3017D04-2A46-46DE-9A5D-25BDBA8CF3DC}.Release|iPhone.ActiveCfg = Release|Any CPU
		{D3017D04-2A46-46DE-9A5D-25BDBA8CF3DC}.Release|iPhone.Build.0 = Release|Any CPU
		{D3017D04-2A46-46DE-9A5D-25BDBA8CF3DC}.Release|iPhoneSimulator.ActiveCfg = Release|Any CPU
		{D3017D04-2A46-46DE-9A5D-25BDBA8CF3DC}.Release|iPhoneSimulator.Build.0 = Release|Any CPU
		{D3017D04-2A46-46DE-9A5D-25BDBA8CF3DC}.Release|x64.ActiveCfg = Release|Any CPU
		{D3017D04-2A46-46DE-9A5D-25BDBA8CF3DC}.Release|x64.Build.0 = Release|Any CPU
		{D3017D04-2A46-46DE-9A5D-25BDBA8CF3DC}.Release|x86.ActiveCfg = Release|Any CPU
		{D3017D04-2A46-46DE-9A5D-25BDBA8CF3DC}.Release|x86.Build.0 = Release|Any CPU
		{D52A1E50-9180-47E0-BAFE-C1A60524A59E}.Ad-Hoc|Any CPU.ActiveCfg = Ad-Hoc|iPhone
		{D52A1E50-9180-47E0-BAFE-C1A60524A59E}.Ad-Hoc|ARM.ActiveCfg = Ad-Hoc|iPhone
		{D52A1E50-9180-47E0-BAFE-C1A60524A59E}.Ad-Hoc|iPhone.ActiveCfg = Ad-Hoc|iPhone
		{D52A1E50-9180-47E0-BAFE-C1A60524A59E}.Ad-Hoc|iPhone.Build.0 = Ad-Hoc|iPhone
		{D52A1E50-9180-47E0-BAFE-C1A60524A59E}.Ad-Hoc|iPhoneSimulator.ActiveCfg = Ad-Hoc|iPhoneSimulator
		{D52A1E50-9180-47E0-BAFE-C1A60524A59E}.Ad-Hoc|iPhoneSimulator.Build.0 = Ad-Hoc|iPhoneSimulator
		{D52A1E50-9180-47E0-BAFE-C1A60524A59E}.Ad-Hoc|x64.ActiveCfg = Ad-Hoc|iPhone
		{D52A1E50-9180-47E0-BAFE-C1A60524A59E}.Ad-Hoc|x86.ActiveCfg = Ad-Hoc|iPhone
		{D52A1E50-9180-47E0-BAFE-C1A60524A59E}.AppStore|Any CPU.ActiveCfg = AppStore|iPhone
		{D52A1E50-9180-47E0-BAFE-C1A60524A59E}.AppStore|ARM.ActiveCfg = AppStore|iPhone
		{D52A1E50-9180-47E0-BAFE-C1A60524A59E}.AppStore|iPhone.ActiveCfg = AppStore|iPhone
		{D52A1E50-9180-47E0-BAFE-C1A60524A59E}.AppStore|iPhone.Build.0 = AppStore|iPhone
		{D52A1E50-9180-47E0-BAFE-C1A60524A59E}.AppStore|iPhoneSimulator.ActiveCfg = AppStore|iPhoneSimulator
		{D52A1E50-9180-47E0-BAFE-C1A60524A59E}.AppStore|iPhoneSimulator.Build.0 = AppStore|iPhoneSimulator
		{D52A1E50-9180-47E0-BAFE-C1A60524A59E}.AppStore|x64.ActiveCfg = AppStore|iPhone
		{D52A1E50-9180-47E0-BAFE-C1A60524A59E}.AppStore|x86.ActiveCfg = AppStore|iPhone
		{D52A1E50-9180-47E0-BAFE-C1A60524A59E}.Debug|Any CPU.ActiveCfg = Debug|iPhone
		{D52A1E50-9180-47E0-BAFE-C1A60524A59E}.Debug|ARM.ActiveCfg = Debug|iPhone
		{D52A1E50-9180-47E0-BAFE-C1A60524A59E}.Debug|iPhone.ActiveCfg = Debug|iPhone
		{D52A1E50-9180-47E0-BAFE-C1A60524A59E}.Debug|iPhone.Build.0 = Debug|iPhone
		{D52A1E50-9180-47E0-BAFE-C1A60524A59E}.Debug|iPhoneSimulator.ActiveCfg = Debug|iPhoneSimulator
		{D52A1E50-9180-47E0-BAFE-C1A60524A59E}.Debug|iPhoneSimulator.Build.0 = Debug|iPhoneSimulator
		{D52A1E50-9180-47E0-BAFE-C1A60524A59E}.Debug|x64.ActiveCfg = Debug|iPhone
		{D52A1E50-9180-47E0-BAFE-C1A60524A59E}.Debug|x86.ActiveCfg = Debug|iPhone
		{D52A1E50-9180-47E0-BAFE-C1A60524A59E}.Release|Any CPU.ActiveCfg = Release|iPhone
		{D52A1E50-9180-47E0-BAFE-C1A60524A59E}.Release|ARM.ActiveCfg = Release|iPhone
		{D52A1E50-9180-47E0-BAFE-C1A60524A59E}.Release|iPhone.ActiveCfg = Release|iPhone
		{D52A1E50-9180-47E0-BAFE-C1A60524A59E}.Release|iPhone.Build.0 = Release|iPhone
		{D52A1E50-9180-47E0-BAFE-C1A60524A59E}.Release|iPhoneSimulator.ActiveCfg = Release|iPhoneSimulator
		{D52A1E50-9180-47E0-BAFE-C1A60524A59E}.Release|iPhoneSimulator.Build.0 = Release|iPhoneSimulator
		{D52A1E50-9180-47E0-BAFE-C1A60524A59E}.Release|x64.ActiveCfg = Release|iPhone
		{D52A1E50-9180-47E0-BAFE-C1A60524A59E}.Release|x86.ActiveCfg = Release|iPhone
		{3C563B50-2E52-4E17-80DD-6E52FCCD628B}.Ad-Hoc|Any CPU.ActiveCfg = Release|x86
		{3C563B50-2E52-4E17-80DD-6E52FCCD628B}.Ad-Hoc|Any CPU.Build.0 = Release|x86
		{3C563B50-2E52-4E17-80DD-6E52FCCD628B}.Ad-Hoc|Any CPU.Deploy.0 = Release|x86
		{3C563B50-2E52-4E17-80DD-6E52FCCD628B}.Ad-Hoc|ARM.ActiveCfg = Release|ARM
		{3C563B50-2E52-4E17-80DD-6E52FCCD628B}.Ad-Hoc|ARM.Build.0 = Release|ARM
		{3C563B50-2E52-4E17-80DD-6E52FCCD628B}.Ad-Hoc|ARM.Deploy.0 = Release|ARM
		{3C563B50-2E52-4E17-80DD-6E52FCCD628B}.Ad-Hoc|iPhone.ActiveCfg = Release|x86
		{3C563B50-2E52-4E17-80DD-6E52FCCD628B}.Ad-Hoc|iPhone.Build.0 = Release|x86
		{3C563B50-2E52-4E17-80DD-6E52FCCD628B}.Ad-Hoc|iPhone.Deploy.0 = Release|x86
		{3C563B50-2E52-4E17-80DD-6E52FCCD628B}.Ad-Hoc|iPhoneSimulator.ActiveCfg = Release|x86
		{3C563B50-2E52-4E17-80DD-6E52FCCD628B}.Ad-Hoc|iPhoneSimulator.Build.0 = Release|x86
		{3C563B50-2E52-4E17-80DD-6E52FCCD628B}.Ad-Hoc|iPhoneSimulator.Deploy.0 = Release|x86
		{3C563B50-2E52-4E17-80DD-6E52FCCD628B}.Ad-Hoc|x64.ActiveCfg = Release|x64
		{3C563B50-2E52-4E17-80DD-6E52FCCD628B}.Ad-Hoc|x64.Build.0 = Release|x64
		{3C563B50-2E52-4E17-80DD-6E52FCCD628B}.Ad-Hoc|x64.Deploy.0 = Release|x64
		{3C563B50-2E52-4E17-80DD-6E52FCCD628B}.Ad-Hoc|x86.ActiveCfg = Release|x86
		{3C563B50-2E52-4E17-80DD-6E52FCCD628B}.Ad-Hoc|x86.Build.0 = Release|x86
		{3C563B50-2E52-4E17-80DD-6E52FCCD628B}.Ad-Hoc|x86.Deploy.0 = Release|x86
		{3C563B50-2E52-4E17-80DD-6E52FCCD628B}.AppStore|Any CPU.ActiveCfg = Release|x86
		{3C563B50-2E52-4E17-80DD-6E52FCCD628B}.AppStore|Any CPU.Build.0 = Release|x86
		{3C563B50-2E52-4E17-80DD-6E52FCCD628B}.AppStore|Any CPU.Deploy.0 = Release|x86
		{3C563B50-2E52-4E17-80DD-6E52FCCD628B}.AppStore|ARM.ActiveCfg = Release|ARM
		{3C563B50-2E52-4E17-80DD-6E52FCCD628B}.AppStore|ARM.Build.0 = Release|ARM
		{3C563B50-2E52-4E17-80DD-6E52FCCD628B}.AppStore|ARM.Deploy.0 = Release|ARM
		{3C563B50-2E52-4E17-80DD-6E52FCCD628B}.AppStore|iPhone.ActiveCfg = Release|x86
		{3C563B50-2E52-4E17-80DD-6E52FCCD628B}.AppStore|iPhone.Build.0 = Release|x86
		{3C563B50-2E52-4E17-80DD-6E52FCCD628B}.AppStore|iPhone.Deploy.0 = Release|x86
		{3C563B50-2E52-4E17-80DD-6E52FCCD628B}.AppStore|iPhoneSimulator.ActiveCfg = Release|x86
		{3C563B50-2E52-4E17-80DD-6E52FCCD628B}.AppStore|iPhoneSimulator.Build.0 = Release|x86
		{3C563B50-2E52-4E17-80DD-6E52FCCD628B}.AppStore|iPhoneSimulator.Deploy.0 = Release|x86
		{3C563B50-2E52-4E17-80DD-6E52FCCD628B}.AppStore|x64.ActiveCfg = Release|x64
		{3C563B50-2E52-4E17-80DD-6E52FCCD628B}.AppStore|x64.Build.0 = Release|x64
		{3C563B50-2E52-4E17-80DD-6E52FCCD628B}.AppStore|x64.Deploy.0 = Release|x64
		{3C563B50-2E52-4E17-80DD-6E52FCCD628B}.AppStore|x86.ActiveCfg = Release|x86
		{3C563B50-2E52-4E17-80DD-6E52FCCD628B}.AppStore|x86.Build.0 = Release|x86
		{3C563B50-2E52-4E17-80DD-6E52FCCD628B}.AppStore|x86.Deploy.0 = Release|x86
		{3C563B50-2E52-4E17-80DD-6E52FCCD628B}.Debug|Any CPU.ActiveCfg = Debug|x86
		{3C563B50-2E52-4E17-80DD-6E52FCCD628B}.Debug|ARM.ActiveCfg = Debug|ARM
		{3C563B50-2E52-4E17-80DD-6E52FCCD628B}.Debug|ARM.Build.0 = Debug|ARM
		{3C563B50-2E52-4E17-80DD-6E52FCCD628B}.Debug|ARM.Deploy.0 = Debug|ARM
		{3C563B50-2E52-4E17-80DD-6E52FCCD628B}.Debug|iPhone.ActiveCfg = Debug|x86
		{3C563B50-2E52-4E17-80DD-6E52FCCD628B}.Debug|iPhoneSimulator.ActiveCfg = Debug|x86
		{3C563B50-2E52-4E17-80DD-6E52FCCD628B}.Debug|x64.ActiveCfg = Debug|x64
		{3C563B50-2E52-4E17-80DD-6E52FCCD628B}.Debug|x64.Build.0 = Debug|x64
		{3C563B50-2E52-4E17-80DD-6E52FCCD628B}.Debug|x64.Deploy.0 = Debug|x64
		{3C563B50-2E52-4E17-80DD-6E52FCCD628B}.Debug|x86.ActiveCfg = Debug|x86
		{3C563B50-2E52-4E17-80DD-6E52FCCD628B}.Debug|x86.Build.0 = Debug|x86
		{3C563B50-2E52-4E17-80DD-6E52FCCD628B}.Debug|x86.Deploy.0 = Debug|x86
		{3C563B50-2E52-4E17-80DD-6E52FCCD628B}.Release|Any CPU.ActiveCfg = Release|x86
		{3C563B50-2E52-4E17-80DD-6E52FCCD628B}.Release|ARM.ActiveCfg = Release|ARM
		{3C563B50-2E52-4E17-80DD-6E52FCCD628B}.Release|ARM.Build.0 = Release|ARM
		{3C563B50-2E52-4E17-80DD-6E52FCCD628B}.Release|ARM.Deploy.0 = Release|ARM
		{3C563B50-2E52-4E17-80DD-6E52FCCD628B}.Release|iPhone.ActiveCfg = Release|x86
		{3C563B50-2E52-4E17-80DD-6E52FCCD628B}.Release|iPhoneSimulator.ActiveCfg = Release|x86
		{3C563B50-2E52-4E17-80DD-6E52FCCD628B}.Release|x64.ActiveCfg = Release|x64
		{3C563B50-2E52-4E17-80DD-6E52FCCD628B}.Release|x64.Build.0 = Release|x64
		{3C563B50-2E52-4E17-80DD-6E52FCCD628B}.Release|x64.Deploy.0 = Release|x64
		{3C563B50-2E52-4E17-80DD-6E52FCCD628B}.Release|x86.ActiveCfg = Release|x86
		{3C563B50-2E52-4E17-80DD-6E52FCCD628B}.Release|x86.Build.0 = Release|x86
		{3C563B50-2E52-4E17-80DD-6E52FCCD628B}.Release|x86.Deploy.0 = Release|x86
		{910FBE13-3758-46CF-9599-4F6B6C34A1C7}.Ad-Hoc|Any CPU.ActiveCfg = Release|Any CPU
		{910FBE13-3758-46CF-9599-4F6B6C34A1C7}.Ad-Hoc|Any CPU.Build.0 = Release|Any CPU
		{910FBE13-3758-46CF-9599-4F6B6C34A1C7}.Ad-Hoc|ARM.ActiveCfg = Release|Any CPU
		{910FBE13-3758-46CF-9599-4F6B6C34A1C7}.Ad-Hoc|ARM.Build.0 = Release|Any CPU
		{910FBE13-3758-46CF-9599-4F6B6C34A1C7}.Ad-Hoc|iPhone.ActiveCfg = Release|Any CPU
		{910FBE13-3758-46CF-9599-4F6B6C34A1C7}.Ad-Hoc|iPhone.Build.0 = Release|Any CPU
		{910FBE13-3758-46CF-9599-4F6B6C34A1C7}.Ad-Hoc|iPhoneSimulator.ActiveCfg = Release|Any CPU
		{910FBE13-3758-46CF-9599-4F6B6C34A1C7}.Ad-Hoc|iPhoneSimulator.Build.0 = Release|Any CPU
		{910FBE13-3758-46CF-9599-4F6B6C34A1C7}.Ad-Hoc|x64.ActiveCfg = Release|Any CPU
		{910FBE13-3758-46CF-9599-4F6B6C34A1C7}.Ad-Hoc|x64.Build.0 = Release|Any CPU
		{910FBE13-3758-46CF-9599-4F6B6C34A1C7}.Ad-Hoc|x86.ActiveCfg = Release|Any CPU
		{910FBE13-3758-46CF-9599-4F6B6C34A1C7}.Ad-Hoc|x86.Build.0 = Release|Any CPU
		{910FBE13-3758-46CF-9599-4F6B6C34A1C7}.AppStore|Any CPU.ActiveCfg = Release|Any CPU
		{910FBE13-3758-46CF-9599-4F6B6C34A1C7}.AppStore|Any CPU.Build.0 = Release|Any CPU
		{910FBE13-3758-46CF-9599-4F6B6C34A1C7}.AppStore|ARM.ActiveCfg = Release|Any CPU
		{910FBE13-3758-46CF-9599-4F6B6C34A1C7}.AppStore|ARM.Build.0 = Release|Any CPU
		{910FBE13-3758-46CF-9599-4F6B6C34A1C7}.AppStore|iPhone.ActiveCfg = Release|Any CPU
		{910FBE13-3758-46CF-9599-4F6B6C34A1C7}.AppStore|iPhone.Build.0 = Release|Any CPU
		{910FBE13-3758-46CF-9599-4F6B6C34A1C7}.AppStore|iPhoneSimulator.ActiveCfg = Release|Any CPU
		{910FBE13-3758-46CF-9599-4F6B6C34A1C7}.AppStore|iPhoneSimulator.Build.0 = Release|Any CPU
		{910FBE13-3758-46CF-9599-4F6B6C34A1C7}.AppStore|x64.ActiveCfg = Release|Any CPU
		{910FBE13-3758-46CF-9599-4F6B6C34A1C7}.AppStore|x64.Build.0 = Release|Any CPU
		{910FBE13-3758-46CF-9599-4F6B6C34A1C7}.AppStore|x86.ActiveCfg = Release|Any CPU
		{910FBE13-3758-46CF-9599-4F6B6C34A1C7}.AppStore|x86.Build.0 = Release|Any CPU
		{910FBE13-3758-46CF-9599-4F6B6C34A1C7}.Debug|Any CPU.ActiveCfg = Debug|Any CPU
		{910FBE13-3758-46CF-9599-4F6B6C34A1C7}.Debug|Any CPU.Build.0 = Debug|Any CPU
		{910FBE13-3758-46CF-9599-4F6B6C34A1C7}.Debug|ARM.ActiveCfg = Debug|Any CPU
		{910FBE13-3758-46CF-9599-4F6B6C34A1C7}.Debug|ARM.Build.0 = Debug|Any CPU
		{910FBE13-3758-46CF-9599-4F6B6C34A1C7}.Debug|iPhone.ActiveCfg = Debug|Any CPU
		{910FBE13-3758-46CF-9599-4F6B6C34A1C7}.Debug|iPhone.Build.0 = Debug|Any CPU
		{910FBE13-3758-46CF-9599-4F6B6C34A1C7}.Debug|iPhoneSimulator.ActiveCfg = Debug|Any CPU
		{910FBE13-3758-46CF-9599-4F6B6C34A1C7}.Debug|iPhoneSimulator.Build.0 = Debug|Any CPU
		{910FBE13-3758-46CF-9599-4F6B6C34A1C7}.Debug|x64.ActiveCfg = Debug|Any CPU
		{910FBE13-3758-46CF-9599-4F6B6C34A1C7}.Debug|x64.Build.0 = Debug|Any CPU
		{910FBE13-3758-46CF-9599-4F6B6C34A1C7}.Debug|x86.ActiveCfg = Debug|Any CPU
		{910FBE13-3758-46CF-9599-4F6B6C34A1C7}.Debug|x86.Build.0 = Debug|Any CPU
		{910FBE13-3758-46CF-9599-4F6B6C34A1C7}.Release|Any CPU.ActiveCfg = Release|Any CPU
		{910FBE13-3758-46CF-9599-4F6B6C34A1C7}.Release|Any CPU.Build.0 = Release|Any CPU
		{910FBE13-3758-46CF-9599-4F6B6C34A1C7}.Release|ARM.ActiveCfg = Release|Any CPU
		{910FBE13-3758-46CF-9599-4F6B6C34A1C7}.Release|ARM.Build.0 = Release|Any CPU
		{910FBE13-3758-46CF-9599-4F6B6C34A1C7}.Release|iPhone.ActiveCfg = Release|Any CPU
		{910FBE13-3758-46CF-9599-4F6B6C34A1C7}.Release|iPhone.Build.0 = Release|Any CPU
		{910FBE13-3758-46CF-9599-4F6B6C34A1C7}.Release|iPhoneSimulator.ActiveCfg = Release|Any CPU
		{910FBE13-3758-46CF-9599-4F6B6C34A1C7}.Release|iPhoneSimulator.Build.0 = Release|Any CPU
		{910FBE13-3758-46CF-9599-4F6B6C34A1C7}.Release|x64.ActiveCfg = Release|Any CPU
		{910FBE13-3758-46CF-9599-4F6B6C34A1C7}.Release|x64.Build.0 = Release|Any CPU
		{910FBE13-3758-46CF-9599-4F6B6C34A1C7}.Release|x86.ActiveCfg = Release|Any CPU
		{910FBE13-3758-46CF-9599-4F6B6C34A1C7}.Release|x86.Build.0 = Release|Any CPU
		{F3E0A294-D35E-46D4-8F0D-2877873D715B}.Ad-Hoc|Any CPU.ActiveCfg = Release|Any CPU
		{F3E0A294-D35E-46D4-8F0D-2877873D715B}.Ad-Hoc|Any CPU.Build.0 = Release|Any CPU
		{F3E0A294-D35E-46D4-8F0D-2877873D715B}.Ad-Hoc|ARM.ActiveCfg = Release|Any CPU
		{F3E0A294-D35E-46D4-8F0D-2877873D715B}.Ad-Hoc|ARM.Build.0 = Release|Any CPU
		{F3E0A294-D35E-46D4-8F0D-2877873D715B}.Ad-Hoc|iPhone.ActiveCfg = Release|Any CPU
		{F3E0A294-D35E-46D4-8F0D-2877873D715B}.Ad-Hoc|iPhone.Build.0 = Release|Any CPU
		{F3E0A294-D35E-46D4-8F0D-2877873D715B}.Ad-Hoc|iPhoneSimulator.ActiveCfg = Release|Any CPU
		{F3E0A294-D35E-46D4-8F0D-2877873D715B}.Ad-Hoc|iPhoneSimulator.Build.0 = Release|Any CPU
		{F3E0A294-D35E-46D4-8F0D-2877873D715B}.Ad-Hoc|x64.ActiveCfg = Release|Any CPU
		{F3E0A294-D35E-46D4-8F0D-2877873D715B}.Ad-Hoc|x64.Build.0 = Release|Any CPU
		{F3E0A294-D35E-46D4-8F0D-2877873D715B}.Ad-Hoc|x86.ActiveCfg = Release|Any CPU
		{F3E0A294-D35E-46D4-8F0D-2877873D715B}.Ad-Hoc|x86.Build.0 = Release|Any CPU
		{F3E0A294-D35E-46D4-8F0D-2877873D715B}.AppStore|Any CPU.ActiveCfg = Release|Any CPU
		{F3E0A294-D35E-46D4-8F0D-2877873D715B}.AppStore|Any CPU.Build.0 = Release|Any CPU
		{F3E0A294-D35E-46D4-8F0D-2877873D715B}.AppStore|ARM.ActiveCfg = Release|Any CPU
		{F3E0A294-D35E-46D4-8F0D-2877873D715B}.AppStore|ARM.Build.0 = Release|Any CPU
		{F3E0A294-D35E-46D4-8F0D-2877873D715B}.AppStore|iPhone.ActiveCfg = Release|Any CPU
		{F3E0A294-D35E-46D4-8F0D-2877873D715B}.AppStore|iPhone.Build.0 = Release|Any CPU
		{F3E0A294-D35E-46D4-8F0D-2877873D715B}.AppStore|iPhoneSimulator.ActiveCfg = Release|Any CPU
		{F3E0A294-D35E-46D4-8F0D-2877873D715B}.AppStore|iPhoneSimulator.Build.0 = Release|Any CPU
		{F3E0A294-D35E-46D4-8F0D-2877873D715B}.AppStore|x64.ActiveCfg = Release|Any CPU
		{F3E0A294-D35E-46D4-8F0D-2877873D715B}.AppStore|x64.Build.0 = Release|Any CPU
		{F3E0A294-D35E-46D4-8F0D-2877873D715B}.AppStore|x86.ActiveCfg = Release|Any CPU
		{F3E0A294-D35E-46D4-8F0D-2877873D715B}.AppStore|x86.Build.0 = Release|Any CPU
		{F3E0A294-D35E-46D4-8F0D-2877873D715B}.Debug|Any CPU.ActiveCfg = Debug|Any CPU
		{F3E0A294-D35E-46D4-8F0D-2877873D715B}.Debug|Any CPU.Build.0 = Debug|Any CPU
		{F3E0A294-D35E-46D4-8F0D-2877873D715B}.Debug|ARM.ActiveCfg = Debug|Any CPU
		{F3E0A294-D35E-46D4-8F0D-2877873D715B}.Debug|ARM.Build.0 = Debug|Any CPU
		{F3E0A294-D35E-46D4-8F0D-2877873D715B}.Debug|iPhone.ActiveCfg = Debug|Any CPU
		{F3E0A294-D35E-46D4-8F0D-2877873D715B}.Debug|iPhone.Build.0 = Debug|Any CPU
		{F3E0A294-D35E-46D4-8F0D-2877873D715B}.Debug|iPhoneSimulator.ActiveCfg = Debug|Any CPU
		{F3E0A294-D35E-46D4-8F0D-2877873D715B}.Debug|iPhoneSimulator.Build.0 = Debug|Any CPU
		{F3E0A294-D35E-46D4-8F0D-2877873D715B}.Debug|x64.ActiveCfg = Debug|Any CPU
		{F3E0A294-D35E-46D4-8F0D-2877873D715B}.Debug|x64.Build.0 = Debug|Any CPU
		{F3E0A294-D35E-46D4-8F0D-2877873D715B}.Debug|x86.ActiveCfg = Debug|Any CPU
		{F3E0A294-D35E-46D4-8F0D-2877873D715B}.Debug|x86.Build.0 = Debug|Any CPU
		{F3E0A294-D35E-46D4-8F0D-2877873D715B}.Release|Any CPU.ActiveCfg = Release|Any CPU
		{F3E0A294-D35E-46D4-8F0D-2877873D715B}.Release|Any CPU.Build.0 = Release|Any CPU
		{F3E0A294-D35E-46D4-8F0D-2877873D715B}.Release|ARM.ActiveCfg = Release|Any CPU
		{F3E0A294-D35E-46D4-8F0D-2877873D715B}.Release|ARM.Build.0 = Release|Any CPU
		{F3E0A294-D35E-46D4-8F0D-2877873D715B}.Release|iPhone.ActiveCfg = Release|Any CPU
		{F3E0A294-D35E-46D4-8F0D-2877873D715B}.Release|iPhone.Build.0 = Release|Any CPU
		{F3E0A294-D35E-46D4-8F0D-2877873D715B}.Release|iPhoneSimulator.ActiveCfg = Release|Any CPU
		{F3E0A294-D35E-46D4-8F0D-2877873D715B}.Release|iPhoneSimulator.Build.0 = Release|Any CPU
		{F3E0A294-D35E-46D4-8F0D-2877873D715B}.Release|x64.ActiveCfg = Release|Any CPU
		{F3E0A294-D35E-46D4-8F0D-2877873D715B}.Release|x64.Build.0 = Release|Any CPU
		{F3E0A294-D35E-46D4-8F0D-2877873D715B}.Release|x86.ActiveCfg = Release|Any CPU
		{F3E0A294-D35E-46D4-8F0D-2877873D715B}.Release|x86.Build.0 = Release|Any CPU
		{EBA9240B-E4BC-478C-819E-4DED3C5F786C}.Ad-Hoc|Any CPU.ActiveCfg = Release|Any CPU
		{EBA9240B-E4BC-478C-819E-4DED3C5F786C}.Ad-Hoc|Any CPU.Build.0 = Release|Any CPU
		{EBA9240B-E4BC-478C-819E-4DED3C5F786C}.Ad-Hoc|ARM.ActiveCfg = Release|Any CPU
		{EBA9240B-E4BC-478C-819E-4DED3C5F786C}.Ad-Hoc|ARM.Build.0 = Release|Any CPU
		{EBA9240B-E4BC-478C-819E-4DED3C5F786C}.Ad-Hoc|iPhone.ActiveCfg = Release|Any CPU
		{EBA9240B-E4BC-478C-819E-4DED3C5F786C}.Ad-Hoc|iPhone.Build.0 = Release|Any CPU
		{EBA9240B-E4BC-478C-819E-4DED3C5F786C}.Ad-Hoc|iPhoneSimulator.ActiveCfg = Release|Any CPU
		{EBA9240B-E4BC-478C-819E-4DED3C5F786C}.Ad-Hoc|iPhoneSimulator.Build.0 = Release|Any CPU
		{EBA9240B-E4BC-478C-819E-4DED3C5F786C}.Ad-Hoc|x64.ActiveCfg = Release|Any CPU
		{EBA9240B-E4BC-478C-819E-4DED3C5F786C}.Ad-Hoc|x64.Build.0 = Release|Any CPU
		{EBA9240B-E4BC-478C-819E-4DED3C5F786C}.Ad-Hoc|x86.ActiveCfg = Release|Any CPU
		{EBA9240B-E4BC-478C-819E-4DED3C5F786C}.Ad-Hoc|x86.Build.0 = Release|Any CPU
		{EBA9240B-E4BC-478C-819E-4DED3C5F786C}.AppStore|Any CPU.ActiveCfg = Release|Any CPU
		{EBA9240B-E4BC-478C-819E-4DED3C5F786C}.AppStore|Any CPU.Build.0 = Release|Any CPU
		{EBA9240B-E4BC-478C-819E-4DED3C5F786C}.AppStore|ARM.ActiveCfg = Release|Any CPU
		{EBA9240B-E4BC-478C-819E-4DED3C5F786C}.AppStore|ARM.Build.0 = Release|Any CPU
		{EBA9240B-E4BC-478C-819E-4DED3C5F786C}.AppStore|iPhone.ActiveCfg = Release|Any CPU
		{EBA9240B-E4BC-478C-819E-4DED3C5F786C}.AppStore|iPhone.Build.0 = Release|Any CPU
		{EBA9240B-E4BC-478C-819E-4DED3C5F786C}.AppStore|iPhoneSimulator.ActiveCfg = Release|Any CPU
		{EBA9240B-E4BC-478C-819E-4DED3C5F786C}.AppStore|iPhoneSimulator.Build.0 = Release|Any CPU
		{EBA9240B-E4BC-478C-819E-4DED3C5F786C}.AppStore|x64.ActiveCfg = Release|Any CPU
		{EBA9240B-E4BC-478C-819E-4DED3C5F786C}.AppStore|x64.Build.0 = Release|Any CPU
		{EBA9240B-E4BC-478C-819E-4DED3C5F786C}.AppStore|x86.ActiveCfg = Release|Any CPU
		{EBA9240B-E4BC-478C-819E-4DED3C5F786C}.AppStore|x86.Build.0 = Release|Any CPU
		{EBA9240B-E4BC-478C-819E-4DED3C5F786C}.Debug|Any CPU.ActiveCfg = Debug|Any CPU
		{EBA9240B-E4BC-478C-819E-4DED3C5F786C}.Debug|Any CPU.Build.0 = Debug|Any CPU
		{EBA9240B-E4BC-478C-819E-4DED3C5F786C}.Debug|Any CPU.Deploy.0 = Debug|Any CPU
		{EBA9240B-E4BC-478C-819E-4DED3C5F786C}.Debug|ARM.ActiveCfg = Debug|Any CPU
		{EBA9240B-E4BC-478C-819E-4DED3C5F786C}.Debug|ARM.Build.0 = Debug|Any CPU
		{EBA9240B-E4BC-478C-819E-4DED3C5F786C}.Debug|iPhone.ActiveCfg = Debug|Any CPU
		{EBA9240B-E4BC-478C-819E-4DED3C5F786C}.Debug|iPhone.Build.0 = Debug|Any CPU
		{EBA9240B-E4BC-478C-819E-4DED3C5F786C}.Debug|iPhoneSimulator.ActiveCfg = Debug|Any CPU
		{EBA9240B-E4BC-478C-819E-4DED3C5F786C}.Debug|iPhoneSimulator.Build.0 = Debug|Any CPU
		{EBA9240B-E4BC-478C-819E-4DED3C5F786C}.Debug|x64.ActiveCfg = Debug|Any CPU
		{EBA9240B-E4BC-478C-819E-4DED3C5F786C}.Debug|x64.Build.0 = Debug|Any CPU
		{EBA9240B-E4BC-478C-819E-4DED3C5F786C}.Debug|x86.ActiveCfg = Debug|Any CPU
		{EBA9240B-E4BC-478C-819E-4DED3C5F786C}.Debug|x86.Build.0 = Debug|Any CPU
		{EBA9240B-E4BC-478C-819E-4DED3C5F786C}.Release|Any CPU.ActiveCfg = Release|Any CPU
		{EBA9240B-E4BC-478C-819E-4DED3C5F786C}.Release|Any CPU.Build.0 = Release|Any CPU
		{EBA9240B-E4BC-478C-819E-4DED3C5F786C}.Release|Any CPU.Deploy.0 = Release|Any CPU
		{EBA9240B-E4BC-478C-819E-4DED3C5F786C}.Release|ARM.ActiveCfg = Release|Any CPU
		{EBA9240B-E4BC-478C-819E-4DED3C5F786C}.Release|ARM.Build.0 = Release|Any CPU
		{EBA9240B-E4BC-478C-819E-4DED3C5F786C}.Release|iPhone.ActiveCfg = Release|Any CPU
		{EBA9240B-E4BC-478C-819E-4DED3C5F786C}.Release|iPhone.Build.0 = Release|Any CPU
		{EBA9240B-E4BC-478C-819E-4DED3C5F786C}.Release|iPhoneSimulator.ActiveCfg = Release|Any CPU
		{EBA9240B-E4BC-478C-819E-4DED3C5F786C}.Release|iPhoneSimulator.Build.0 = Release|Any CPU
		{EBA9240B-E4BC-478C-819E-4DED3C5F786C}.Release|x64.ActiveCfg = Release|Any CPU
		{EBA9240B-E4BC-478C-819E-4DED3C5F786C}.Release|x64.Build.0 = Release|Any CPU
		{EBA9240B-E4BC-478C-819E-4DED3C5F786C}.Release|x86.ActiveCfg = Release|Any CPU
		{EBA9240B-E4BC-478C-819E-4DED3C5F786C}.Release|x86.Build.0 = Release|Any CPU
		{E330F1BB-15C2-47E1-9C43-C5D9EC6D80CC}.Ad-Hoc|Any CPU.ActiveCfg = Release|Any CPU
		{E330F1BB-15C2-47E1-9C43-C5D9EC6D80CC}.Ad-Hoc|Any CPU.Build.0 = Release|Any CPU
		{E330F1BB-15C2-47E1-9C43-C5D9EC6D80CC}.Ad-Hoc|ARM.ActiveCfg = Release|Any CPU
		{E330F1BB-15C2-47E1-9C43-C5D9EC6D80CC}.Ad-Hoc|ARM.Build.0 = Release|Any CPU
		{E330F1BB-15C2-47E1-9C43-C5D9EC6D80CC}.Ad-Hoc|iPhone.ActiveCfg = Release|Any CPU
		{E330F1BB-15C2-47E1-9C43-C5D9EC6D80CC}.Ad-Hoc|iPhone.Build.0 = Release|Any CPU
		{E330F1BB-15C2-47E1-9C43-C5D9EC6D80CC}.Ad-Hoc|iPhoneSimulator.ActiveCfg = Release|Any CPU
		{E330F1BB-15C2-47E1-9C43-C5D9EC6D80CC}.Ad-Hoc|iPhoneSimulator.Build.0 = Release|Any CPU
		{E330F1BB-15C2-47E1-9C43-C5D9EC6D80CC}.Ad-Hoc|x64.ActiveCfg = Release|Any CPU
		{E330F1BB-15C2-47E1-9C43-C5D9EC6D80CC}.Ad-Hoc|x64.Build.0 = Release|Any CPU
		{E330F1BB-15C2-47E1-9C43-C5D9EC6D80CC}.Ad-Hoc|x86.ActiveCfg = Release|Any CPU
		{E330F1BB-15C2-47E1-9C43-C5D9EC6D80CC}.Ad-Hoc|x86.Build.0 = Release|Any CPU
		{E330F1BB-15C2-47E1-9C43-C5D9EC6D80CC}.AppStore|Any CPU.ActiveCfg = Release|Any CPU
		{E330F1BB-15C2-47E1-9C43-C5D9EC6D80CC}.AppStore|Any CPU.Build.0 = Release|Any CPU
		{E330F1BB-15C2-47E1-9C43-C5D9EC6D80CC}.AppStore|ARM.ActiveCfg = Release|Any CPU
		{E330F1BB-15C2-47E1-9C43-C5D9EC6D80CC}.AppStore|ARM.Build.0 = Release|Any CPU
		{E330F1BB-15C2-47E1-9C43-C5D9EC6D80CC}.AppStore|iPhone.ActiveCfg = Release|Any CPU
		{E330F1BB-15C2-47E1-9C43-C5D9EC6D80CC}.AppStore|iPhone.Build.0 = Release|Any CPU
		{E330F1BB-15C2-47E1-9C43-C5D9EC6D80CC}.AppStore|iPhoneSimulator.ActiveCfg = Release|Any CPU
		{E330F1BB-15C2-47E1-9C43-C5D9EC6D80CC}.AppStore|iPhoneSimulator.Build.0 = Release|Any CPU
		{E330F1BB-15C2-47E1-9C43-C5D9EC6D80CC}.AppStore|x64.ActiveCfg = Release|Any CPU
		{E330F1BB-15C2-47E1-9C43-C5D9EC6D80CC}.AppStore|x64.Build.0 = Release|Any CPU
		{E330F1BB-15C2-47E1-9C43-C5D9EC6D80CC}.AppStore|x86.ActiveCfg = Release|Any CPU
		{E330F1BB-15C2-47E1-9C43-C5D9EC6D80CC}.AppStore|x86.Build.0 = Release|Any CPU
		{E330F1BB-15C2-47E1-9C43-C5D9EC6D80CC}.Debug|Any CPU.ActiveCfg = Debug|Any CPU
		{E330F1BB-15C2-47E1-9C43-C5D9EC6D80CC}.Debug|Any CPU.Build.0 = Debug|Any CPU
		{E330F1BB-15C2-47E1-9C43-C5D9EC6D80CC}.Debug|ARM.ActiveCfg = Debug|Any CPU
		{E330F1BB-15C2-47E1-9C43-C5D9EC6D80CC}.Debug|ARM.Build.0 = Debug|Any CPU
		{E330F1BB-15C2-47E1-9C43-C5D9EC6D80CC}.Debug|iPhone.ActiveCfg = Debug|Any CPU
		{E330F1BB-15C2-47E1-9C43-C5D9EC6D80CC}.Debug|iPhone.Build.0 = Debug|Any CPU
		{E330F1BB-15C2-47E1-9C43-C5D9EC6D80CC}.Debug|iPhoneSimulator.ActiveCfg = Debug|Any CPU
		{E330F1BB-15C2-47E1-9C43-C5D9EC6D80CC}.Debug|iPhoneSimulator.Build.0 = Debug|Any CPU
		{E330F1BB-15C2-47E1-9C43-C5D9EC6D80CC}.Debug|x64.ActiveCfg = Debug|Any CPU
		{E330F1BB-15C2-47E1-9C43-C5D9EC6D80CC}.Debug|x64.Build.0 = Debug|Any CPU
		{E330F1BB-15C2-47E1-9C43-C5D9EC6D80CC}.Debug|x86.ActiveCfg = Debug|Any CPU
		{E330F1BB-15C2-47E1-9C43-C5D9EC6D80CC}.Debug|x86.Build.0 = Debug|Any CPU
		{E330F1BB-15C2-47E1-9C43-C5D9EC6D80CC}.Release|Any CPU.ActiveCfg = Release|Any CPU
		{E330F1BB-15C2-47E1-9C43-C5D9EC6D80CC}.Release|Any CPU.Build.0 = Release|Any CPU
		{E330F1BB-15C2-47E1-9C43-C5D9EC6D80CC}.Release|ARM.ActiveCfg = Release|Any CPU
		{E330F1BB-15C2-47E1-9C43-C5D9EC6D80CC}.Release|ARM.Build.0 = Release|Any CPU
		{E330F1BB-15C2-47E1-9C43-C5D9EC6D80CC}.Release|iPhone.ActiveCfg = Release|Any CPU
		{E330F1BB-15C2-47E1-9C43-C5D9EC6D80CC}.Release|iPhone.Build.0 = Release|Any CPU
		{E330F1BB-15C2-47E1-9C43-C5D9EC6D80CC}.Release|iPhoneSimulator.ActiveCfg = Release|Any CPU
		{E330F1BB-15C2-47E1-9C43-C5D9EC6D80CC}.Release|iPhoneSimulator.Build.0 = Release|Any CPU
		{E330F1BB-15C2-47E1-9C43-C5D9EC6D80CC}.Release|x64.ActiveCfg = Release|Any CPU
		{E330F1BB-15C2-47E1-9C43-C5D9EC6D80CC}.Release|x64.Build.0 = Release|Any CPU
		{E330F1BB-15C2-47E1-9C43-C5D9EC6D80CC}.Release|x86.ActiveCfg = Release|Any CPU
		{E330F1BB-15C2-47E1-9C43-C5D9EC6D80CC}.Release|x86.Build.0 = Release|Any CPU
		{DA2CA59F-40DD-498C-9D17-7CDF81B9D6E8}.Ad-Hoc|Any CPU.ActiveCfg = Release|x64
		{DA2CA59F-40DD-498C-9D17-7CDF81B9D6E8}.Ad-Hoc|Any CPU.Build.0 = Release|x64
		{DA2CA59F-40DD-498C-9D17-7CDF81B9D6E8}.Ad-Hoc|Any CPU.Deploy.0 = Release|x64
		{DA2CA59F-40DD-498C-9D17-7CDF81B9D6E8}.Ad-Hoc|ARM.ActiveCfg = Release|ARM
		{DA2CA59F-40DD-498C-9D17-7CDF81B9D6E8}.Ad-Hoc|ARM.Build.0 = Release|ARM
		{DA2CA59F-40DD-498C-9D17-7CDF81B9D6E8}.Ad-Hoc|ARM.Deploy.0 = Release|ARM
		{DA2CA59F-40DD-498C-9D17-7CDF81B9D6E8}.Ad-Hoc|ARM64.ActiveCfg = Release|ARM64
		{DA2CA59F-40DD-498C-9D17-7CDF81B9D6E8}.Ad-Hoc|ARM64.Build.0 = Release|ARM64
		{DA2CA59F-40DD-498C-9D17-7CDF81B9D6E8}.Ad-Hoc|ARM64.Deploy.0 = Release|ARM64
		{DA2CA59F-40DD-498C-9D17-7CDF81B9D6E8}.Ad-Hoc|iPhone.ActiveCfg = Release|x64
		{DA2CA59F-40DD-498C-9D17-7CDF81B9D6E8}.Ad-Hoc|iPhone.Build.0 = Release|x64
		{DA2CA59F-40DD-498C-9D17-7CDF81B9D6E8}.Ad-Hoc|iPhone.Deploy.0 = Release|x64
		{DA2CA59F-40DD-498C-9D17-7CDF81B9D6E8}.Ad-Hoc|iPhoneSimulator.ActiveCfg = Release|x64
		{DA2CA59F-40DD-498C-9D17-7CDF81B9D6E8}.Ad-Hoc|iPhoneSimulator.Build.0 = Release|x64
		{DA2CA59F-40DD-498C-9D17-7CDF81B9D6E8}.Ad-Hoc|iPhoneSimulator.Deploy.0 = Release|x64
		{DA2CA59F-40DD-498C-9D17-7CDF81B9D6E8}.Ad-Hoc|x64.ActiveCfg = Release|x64
		{DA2CA59F-40DD-498C-9D17-7CDF81B9D6E8}.Ad-Hoc|x64.Build.0 = Release|x64
		{DA2CA59F-40DD-498C-9D17-7CDF81B9D6E8}.Ad-Hoc|x64.Deploy.0 = Release|x64
		{DA2CA59F-40DD-498C-9D17-7CDF81B9D6E8}.Ad-Hoc|x86.ActiveCfg = Release|x86
		{DA2CA59F-40DD-498C-9D17-7CDF81B9D6E8}.Ad-Hoc|x86.Build.0 = Release|x86
		{DA2CA59F-40DD-498C-9D17-7CDF81B9D6E8}.Ad-Hoc|x86.Deploy.0 = Release|x86
		{DA2CA59F-40DD-498C-9D17-7CDF81B9D6E8}.AppStore|Any CPU.ActiveCfg = Release|x64
		{DA2CA59F-40DD-498C-9D17-7CDF81B9D6E8}.AppStore|Any CPU.Build.0 = Release|x64
		{DA2CA59F-40DD-498C-9D17-7CDF81B9D6E8}.AppStore|Any CPU.Deploy.0 = Release|x64
		{DA2CA59F-40DD-498C-9D17-7CDF81B9D6E8}.AppStore|ARM.ActiveCfg = Release|ARM
		{DA2CA59F-40DD-498C-9D17-7CDF81B9D6E8}.AppStore|ARM.Build.0 = Release|ARM
		{DA2CA59F-40DD-498C-9D17-7CDF81B9D6E8}.AppStore|ARM.Deploy.0 = Release|ARM
		{DA2CA59F-40DD-498C-9D17-7CDF81B9D6E8}.AppStore|ARM64.ActiveCfg = Release|ARM64
		{DA2CA59F-40DD-498C-9D17-7CDF81B9D6E8}.AppStore|ARM64.Build.0 = Release|ARM64
		{DA2CA59F-40DD-498C-9D17-7CDF81B9D6E8}.AppStore|ARM64.Deploy.0 = Release|ARM64
		{DA2CA59F-40DD-498C-9D17-7CDF81B9D6E8}.AppStore|iPhone.ActiveCfg = Release|x64
		{DA2CA59F-40DD-498C-9D17-7CDF81B9D6E8}.AppStore|iPhone.Build.0 = Release|x64
		{DA2CA59F-40DD-498C-9D17-7CDF81B9D6E8}.AppStore|iPhone.Deploy.0 = Release|x64
		{DA2CA59F-40DD-498C-9D17-7CDF81B9D6E8}.AppStore|iPhoneSimulator.ActiveCfg = Release|x64
		{DA2CA59F-40DD-498C-9D17-7CDF81B9D6E8}.AppStore|iPhoneSimulator.Build.0 = Release|x64
		{DA2CA59F-40DD-498C-9D17-7CDF81B9D6E8}.AppStore|iPhoneSimulator.Deploy.0 = Release|x64
		{DA2CA59F-40DD-498C-9D17-7CDF81B9D6E8}.AppStore|x64.ActiveCfg = Release|x64
		{DA2CA59F-40DD-498C-9D17-7CDF81B9D6E8}.AppStore|x64.Build.0 = Release|x64
		{DA2CA59F-40DD-498C-9D17-7CDF81B9D6E8}.AppStore|x64.Deploy.0 = Release|x64
		{DA2CA59F-40DD-498C-9D17-7CDF81B9D6E8}.AppStore|x86.ActiveCfg = Release|x86
		{DA2CA59F-40DD-498C-9D17-7CDF81B9D6E8}.AppStore|x86.Build.0 = Release|x86
		{DA2CA59F-40DD-498C-9D17-7CDF81B9D6E8}.AppStore|x86.Deploy.0 = Release|x86
		{DA2CA59F-40DD-498C-9D17-7CDF81B9D6E8}.Debug|Any CPU.ActiveCfg = Debug|x86
		{DA2CA59F-40DD-498C-9D17-7CDF81B9D6E8}.Debug|ARM.ActiveCfg = Debug|ARM
		{DA2CA59F-40DD-498C-9D17-7CDF81B9D6E8}.Debug|ARM.Build.0 = Debug|ARM
		{DA2CA59F-40DD-498C-9D17-7CDF81B9D6E8}.Debug|ARM.Deploy.0 = Debug|ARM
		{DA2CA59F-40DD-498C-9D17-7CDF81B9D6E8}.Debug|ARM64.ActiveCfg = Debug|ARM64
		{DA2CA59F-40DD-498C-9D17-7CDF81B9D6E8}.Debug|ARM64.Build.0 = Debug|ARM64
		{DA2CA59F-40DD-498C-9D17-7CDF81B9D6E8}.Debug|ARM64.Deploy.0 = Debug|ARM64
		{DA2CA59F-40DD-498C-9D17-7CDF81B9D6E8}.Debug|iPhone.ActiveCfg = Debug|x86
		{DA2CA59F-40DD-498C-9D17-7CDF81B9D6E8}.Debug|iPhoneSimulator.ActiveCfg = Debug|x86
		{DA2CA59F-40DD-498C-9D17-7CDF81B9D6E8}.Debug|x64.ActiveCfg = Debug|x64
		{DA2CA59F-40DD-498C-9D17-7CDF81B9D6E8}.Debug|x64.Build.0 = Debug|x64
		{DA2CA59F-40DD-498C-9D17-7CDF81B9D6E8}.Debug|x64.Deploy.0 = Debug|x64
		{DA2CA59F-40DD-498C-9D17-7CDF81B9D6E8}.Debug|x86.ActiveCfg = Debug|x86
		{DA2CA59F-40DD-498C-9D17-7CDF81B9D6E8}.Debug|x86.Build.0 = Debug|x86
		{DA2CA59F-40DD-498C-9D17-7CDF81B9D6E8}.Debug|x86.Deploy.0 = Debug|x86
		{DA2CA59F-40DD-498C-9D17-7CDF81B9D6E8}.Release|Any CPU.ActiveCfg = Release|x86
		{DA2CA59F-40DD-498C-9D17-7CDF81B9D6E8}.Release|ARM.ActiveCfg = Release|ARM
		{DA2CA59F-40DD-498C-9D17-7CDF81B9D6E8}.Release|ARM.Build.0 = Release|ARM
		{DA2CA59F-40DD-498C-9D17-7CDF81B9D6E8}.Release|ARM.Deploy.0 = Release|ARM
		{DA2CA59F-40DD-498C-9D17-7CDF81B9D6E8}.Release|ARM64.ActiveCfg = Release|ARM64
		{DA2CA59F-40DD-498C-9D17-7CDF81B9D6E8}.Release|ARM64.Build.0 = Release|ARM64
		{DA2CA59F-40DD-498C-9D17-7CDF81B9D6E8}.Release|ARM64.Deploy.0 = Release|ARM64
		{DA2CA59F-40DD-498C-9D17-7CDF81B9D6E8}.Release|iPhone.ActiveCfg = Release|x86
		{DA2CA59F-40DD-498C-9D17-7CDF81B9D6E8}.Release|iPhoneSimulator.ActiveCfg = Release|x86
		{DA2CA59F-40DD-498C-9D17-7CDF81B9D6E8}.Release|x64.ActiveCfg = Release|x64
		{DA2CA59F-40DD-498C-9D17-7CDF81B9D6E8}.Release|x64.Build.0 = Release|x64
		{DA2CA59F-40DD-498C-9D17-7CDF81B9D6E8}.Release|x64.Deploy.0 = Release|x64
		{DA2CA59F-40DD-498C-9D17-7CDF81B9D6E8}.Release|x86.ActiveCfg = Release|x86
		{DA2CA59F-40DD-498C-9D17-7CDF81B9D6E8}.Release|x86.Build.0 = Release|x86
		{DA2CA59F-40DD-498C-9D17-7CDF81B9D6E8}.Release|x86.Deploy.0 = Release|x86
	EndGlobalSection
	GlobalSection(SolutionProperties) = preSolution
		HideSolutionNode = FALSE
	EndGlobalSection
	GlobalSection(ExtensibilityGlobals) = postSolution
		SolutionGuid = {F6D05029-56B8-4E45-AF2D-0E76295DDBA2}
	EndGlobalSection
EndGlobal
